<?xml version="1.0" encoding="utf-8"?>
<Project ToolsVersion="4.0" xmlns="http://schemas.microsoft.com/developer/msbuild/2003">
  <ItemGroup>
    <Filter Include="Test Scripts">
      <UniqueIdentifier>{c0f52631-8f99-42f0-8d94-07ddeba87436}</UniqueIdentifier>
      <Extensions>py</Extensions>
    </Filter>
    <Filter Include="Source Files">
      <UniqueIdentifier>{fdf90df9-299e-4772-9987-80b460bd2573}</UniqueIdentifier>
    </Filter>
    <Filter Include="Match Files">
      <UniqueIdentifier>{7782ecac-f1e4-49cb-b06c-0fc343dd3a97}</UniqueIdentifier>
      <Extensions>match</Extensions>
    </Filter>
  </ItemGroup>
  <ItemGroup>
    <ClCompile Include="obj_heap_reopen.c">
      <Filter>Source Files</Filter>
    </ClCompile>
  </ItemGroup>
  <ItemGroup>
    <None Include="TESTS.py">
      <Filter>Test Scripts</Filter>
    </None>
  </ItemGroup>
</Project>