<?xml version="1.0" encoding="utf-8"?>
<Project ToolsVersion="4.0" xmlns="http://schemas.microsoft.com/developer/msbuild/2003">
  <ItemGroup>
    <Filter Include="Source Files">
      <UniqueIdentifier>{4FC737F1-C7A5-4376-A066-2A32D752A2FF}</UniqueIdentifier>
      <Extensions>cpp;c;cc;cxx;def;odl;idl;hpj;bat;asm;asmx</Extensions>
    </Filter>
    <Filter Include="Header Files">
      <UniqueIdentifier>{93995380-89BD-4b04-88EB-625FBE52EBFB}</UniqueIdentifier>
      <Extensions>h;hh;hpp;hxx;hm;inl;inc;xsd</Extensions>
    </Filter>
  </ItemGroup>
  <ItemGroup>
    <ClInclude Include="Ball.hpp">
      <Filter>Header Files</Filter>
    </ClInclude>
    <ClInclude Include="GameConstants.hpp">
      <Filter>Header Files</Filter>
    </ClInclude>
    <ClInclude Include="GameController.hpp">
      <Filter>Header Files</Filter>
    </ClInclude>
    <ClInclude Include="GameOverView.hpp">
      <Filter>Header Files</Filter>
    </ClInclude>
    <ClInclude Include="GameView.hpp">
      <Filter>Header Files</Filter>
    </ClInclude>
    <ClInclude Include="MenuView.hpp">
      <Filter>Header Files</Filter>
    </ClInclude>
    <ClInclude Include="Paddle.hpp">
      <Filter>Header Files</Filter>
    </ClInclude>
    <ClInclude Include="PongGameStatus.hpp">
      <Filter>Header Files</Filter>
    </ClInclude>
    <ClInclude Include="Pool.hpp">
      <Filter>Header Files</Filter>
    </ClInclude>
    <ClInclude Include="View.hpp">
      <Filter>Header Files</Filter>
    </ClInclude>
  </ItemGroup>
  <ItemGroup>
    <ClCompile Include="Ball.cpp">
      <Filter>Source Files</Filter>
    </ClCompile>
    <ClCompile Include="GameController.cpp">
      <Filter>Source Files</Filter>
    </ClCompile>
    <ClCompile Include="GameOverView.cpp">
      <Filter>Source Files</Filter>
    </ClCompile>
    <ClCompile Include="GameView.cpp">
      <Filter>Source Files</Filter>
    </ClCompile>
    <ClCompile Include="MainGame.cpp">
      <Filter>Source Files</Filter>
    </ClCompile>
    <ClCompile Include="MenuView.cpp">
      <Filter>Source Files</Filter>
    </ClCompile>
    <ClCompile Include="Paddle.cpp">
      <Filter>Source Files</Filter>
    </ClCompile>
    <ClCompile Include="PongGameStatus.cpp">
      <Filter>Source Files</Filter>
    </ClCompile>
    <ClCompile Include="Pool.cpp">
      <Filter>Source Files</Filter>
    </ClCompile>
  </ItemGroup>
</Project>