<?xml version="1.0" encoding="utf-8"?>
<Project ToolsVersion="4.0" xmlns="http://schemas.microsoft.com/developer/msbuild/2003">
  <ItemGroup>
    <Filter Include="Source Files">
      <UniqueIdentifier>{4a1447c8-630b-4665-98c5-87ccd215b237}</UniqueIdentifier>
    </Filter>
  </ItemGroup>
  <ItemGroup>
    <ClCompile Include="obj_atomic_base_include.c">
      <Filter>Source Files</Filter>
    </ClCompile>
    <ClCompile Include="obj_atomic_include.c">
      <Filter>Source Files</Filter>
    </ClCompile>
    <ClCompile Include="obj_base_include.c">
      <Filter>Source Files</Filter>
    </ClCompile>
    <ClCompile Include="obj_iterator_base_include.c">
      <Filter>Source Files</Filter>
    </ClCompile>
    <ClCompile Include="obj_iterator_include.c">
      <Filter>Source Files</Filter>
    </ClCompile>
    <ClCompile Include="obj_lists_atomic_base_include.c">
      <Filter>Source Files</Filter>
    </ClCompile>
    <ClCompile Include="obj_lists_atomic_include.c">
      <Filter>Source Files</Filter>
    </ClCompile>
    <ClCompile Include="obj_pool_base_include.c">
      <Filter>Source Files</Filter>
    </ClCompile>
    <ClCompile Include="obj_pool_include.c">
      <Filter>Source Files</Filter>
    </ClCompile>
    <ClCompile Include="obj_thread_include.c">
      <Filter>Source Files</Filter>
    </ClCompile>
    <ClCompile Include="obj_tx_base_include.c">
      <Filter>Source Files</Filter>
    </ClCompile>
    <ClCompile Include="obj_tx_include.c">
      <Filter>Source Files</Filter>
    </ClCompile>
    <ClCompile Include="obj_types_include.c">
      <Filter>Source Files</Filter>
    </ClCompile>
  </ItemGroup>
</Project>