<?xml version="1.0" encoding="utf-8"?>
<Project ToolsVersion="4.0" xmlns="http://schemas.microsoft.com/developer/msbuild/2003">
  <ItemGroup>
    <Filter Include="Source Files">
      <UniqueIdentifier>{4FC737F1-C7A5-4376-A066-2A32D752A2FF}</UniqueIdentifier>
      <Extensions>cpp;c;cc;cxx;def;odl;idl;hpj;bat;asm;asmx</Extensions>
    </Filter>
    <Filter Include="Test scripts">
      <UniqueIdentifier>{52c95dc7-9258-461d-a2c9-874597559824}</UniqueIdentifier>
    </Filter>
    <Filter Include="Match Files">
      <UniqueIdentifier>{01cd29b6-3b2f-478a-8b4a-5d86582653d8}</UniqueIdentifier>
    </Filter>
  </ItemGroup>
  <ItemGroup>
    <ClCompile Include="traces_pmem.c">
      <Filter>Source Files</Filter>
    </ClCompile>
  </ItemGroup>
  <ItemGroup>
    <None Include="TEST0.PS1">
      <Filter>Test scripts</Filter>
    </None>
    <None Include="trace_pmem0.log.match">
      <Filter>Match Files</Filter>
    </None>
    <None Include="trace_pmemblk0.log.match">
      <Filter>Match Files</Filter>
    </None>
    <None Include="trace_pmemlog0.log.match">
      <Filter>Match Files</Filter>
    </None>
    <None Include="trace_pmemobj0.log.match">
      <Filter>Match Files</Filter>
    </None>
    <None Include="trace_pmemcto0.log.match">
      <Filter>Match Files</Filter>
    </None>
  </ItemGroup>
</Project>