<?xml version="1.0" encoding="utf-8"?>
<Project ToolsVersion="4.0" xmlns="http://schemas.microsoft.com/developer/msbuild/2003">
  <ItemGroup>
    <Filter Include="Source Files">
      <UniqueIdentifier>{4FC737F1-C7A5-4376-A066-2A32D752A2FF}</UniqueIdentifier>
      <Extensions>cpp;c;cc;cxx;def;odl;idl;hpj;bat;asm;asmx</Extensions>
    </Filter>
    <Filter Include="Test Scripts">
      <UniqueIdentifier>{8904faf0-3f37-47b8-9ebf-b65cc577765d}</UniqueIdentifier>
      <Extensions>PS1</Extensions>
    </Filter>
    <Filter Include="Match Files">
      <UniqueIdentifier>{8eef4b94-3227-4e2c-9d2c-57b15b596c47}</UniqueIdentifier>
      <Extensions>match</Extensions>
    </Filter>
  </ItemGroup>
  <ItemGroup>
    <ClCompile Include="obj_tx_add_range_direct.c">
      <Filter>Source Files</Filter>
    </ClCompile>
  </ItemGroup>
  <ItemGroup>
    <None Include="TEST0.PS1">
      <Filter>Test Scripts</Filter>
    </None>
    <None Include="TEST1.PS1">
      <Filter>Test Scripts</Filter>
    </None>
    <None Include="out0.log.match">
      <Filter>Match Files</Filter>
    </None>
    <None Include="err0.log.match">
      <Filter>Match Files</Filter>
    </None>
    <None Include="err1.log.match">
      <Filter>Match Files</Filter>
    </None>
    <None Include="out1w.log.match">
      <Filter>Match Files</Filter>
    </None>
  </ItemGroup>
</Project>