<?xml version="1.0" encoding="utf-8"?>
<Project ToolsVersion="4.0" xmlns="http://schemas.microsoft.com/developer/msbuild/2003">
  <ItemGroup>
    <Filter Include="Source Files">
      <UniqueIdentifier>{4FC737F1-C7A5-4376-A066-2A32D752A2FF}</UniqueIdentifier>
      <Extensions>cpp;c;cc;cxx;def;odl;idl;hpj;bat;asm;asmx</Extensions>
    </Filter>
    <Filter Include="Test Scripts">
      <UniqueIdentifier>{b94ffedf-6586-4a6f-9776-10034cce5db9}</UniqueIdentifier>
      <Extensions>PS1</Extensions>
    </Filter>
  </ItemGroup>
  <ItemGroup>
    <ClCompile Include="obj_tx_add_range.c">
      <Filter>Source Files</Filter>
    </ClCompile>
  </ItemGroup>
  <ItemGroup>
    <None Include="TEST0.PS1">
      <Filter>Test Scripts</Filter>
    </None>
    <None Include="TEST2.PS1">
      <Filter>Test Scripts</Filter>
    </None>
  </ItemGroup>
</Project>