<?xml version="1.0" encoding="utf-8"?>
<Project ToolsVersion="4.0" xmlns="http://schemas.microsoft.com/developer/msbuild/2003">
  <ItemGroup>
    <Filter Include="Source Files">
      <UniqueIdentifier>{8e615e81-25ad-4c2a-a3c6-bf218e0a061d}</UniqueIdentifier>
      <Extensions>cpp;c;cc;cxx;def;odl;idl;hpj;bat;asm;asmx</Extensions>
    </Filter>
    <Filter Include="Header Files">
      <UniqueIdentifier>{20f46654-0d24-490d-b218-796e96870756}</UniqueIdentifier>
      <Extensions>h;hh;hpp;hxx;hm;inl;inc;xsd</Extensions>
    </Filter>
    <Filter Include="Test Scripts">
      <UniqueIdentifier>{bd82aadd-ffea-4758-b76b-076667552825}</UniqueIdentifier>
    </Filter>
  </ItemGroup>
  <ItemGroup>
    <ClCompile Include="pmem2_vm_reservation.c">
      <Filter>Source Files</Filter>
    </ClCompile>
    <ClCompile Include="..\unittest\ut_pmem2_utils.c">
      <Filter>Source Files</Filter>
    </ClCompile>
    <ClCompile Include="..\..\libpmem2\pmem2_utils.c">
      <Filter>Source Files</Filter>
    </ClCompile>
    <ClCompile Include="..\..\libpmem2\errormsg.c">
      <Filter>Source Files</Filter>
    </ClCompile>
    <ClCompile Include="..\..\libpmem2\config.c">
      <Filter>Source Files</Filter>
    </ClCompile>
    <ClCompile Include="..\..\libpmem2\map.c">
      <Filter>Source Files</Filter>
    </ClCompile>
    <ClCompile Include="..\..\libpmem2\map_windows.c">
      <Filter>Source Files</Filter>
    </ClCompile>
    <ClCompile Include="..\..\libpmem2\libpmem2.c">
      <Filter>Source Files</Filter>
    </ClCompile>
    <ClCompile Include="..\..\libpmem2\persist.c">
      <Filter>Source Files</Filter>
    </ClCompile>
    <ClCompile Include="..\..\libpmem2\persist_windows.c">
      <Filter>Source Files</Filter>
    </ClCompile>
    <ClCompile Include="..\..\libpmem2\x86_64\cpu.c">
      <Filter>Source Files</Filter>
    </ClCompile>
    <ClCompile Include="..\..\libpmem2\x86_64\init.c">
      <Filter>Source Files</Filter>
    </ClCompile>
    <ClCompile Include="..\..\libpmem2\memops_generic.c">
      <Filter>Source Files</Filter>
    </ClCompile>
    <ClCompile Include="..\unittest\ut_pmem2_source.c">
      <Filter>Source Files</Filter>
    </ClCompile>
    <ClCompile Include="..\..\libpmem2\deep_flush_windows.c">
      <Filter>Source Files</Filter>
    </ClCompile>
    <ClCompile Include="..\unittest\ut_pmem2_setup.c">
      <Filter>Source Files</Filter>
    </ClCompile>
    <ClCompile Include="..\..\libpmem2\vm_reservation_windows.c">
      <Filter>Source Files</Filter>
    </ClCompile>
    <ClCompile Include="..\..\libpmem2\vm_reservation.c">
      <Filter>Source Files</Filter>
    </ClCompile>
    <ClCompile Include="..\..\core\ravl.c">
      <Filter>Source Files</Filter>
    </ClCompile>
    <ClCompile Include="..\..\core\ravl_interval.c">
      <Filter>Source Files</Filter>
    </ClCompile>
    <ClCompile Include="..\..\libpmem2\mover.c">
      <Filter>Source Files</Filter>
    </ClCompile>
    <ClCompile Include="..\..\core\membuf.c">
      <Filter>Source Files</Filter>
    </ClCompile>
  </ItemGroup>
  <ItemGroup>
    <ClInclude Include="..\..\libpmem2\config.h">
      <Filter>Header Files</Filter>
    </ClInclude>
    <ClInclude Include="..\..\libpmem2\pmem2_utils.h">
      <Filter>Header Files</Filter>
    </ClInclude>
    <ClInclude Include="..\..\libpmem2\map.h">
      <Filter>Header Files</Filter>
    </ClInclude>
    <ClInclude Include="..\..\libpmem2\pmem2.h">
      <Filter>Header Files</Filter>
    </ClInclude>
    <ClInclude Include="..\unittest\ut_pmem2.h">
      <Filter>Header Files</Filter>
    </ClInclude>
    <ClInclude Include="..\..\libpmem2\vm_reservation.h">
      <Filter>Header Files</Filter>
    </ClInclude>
    <ClInclude Include="..\..\core\ravl_interval.h">
      <Filter>Header Files</Filter>
    </ClInclude>
    <ClInclude Include="..\..\core\membuf.h">
      <Filter>Header Files</Filter>
    </ClInclude>
  </ItemGroup>
  <ItemGroup>
    <None Include="TESTS.py">
      <Filter>Test Scripts</Filter>
    </None>
  </ItemGroup>
</Project>