<?xml version="1.0" encoding="utf-8"?>
<Project ToolsVersion="4.0" xmlns="http://schemas.microsoft.com/developer/msbuild/2003">
  <ItemGroup>
    <Filter Include="Source Files">
      <UniqueIdentifier>{4FC737F1-C7A5-4376-A066-2A32D752A2FF}</UniqueIdentifier>
      <Extensions>cpp;c;cc;cxx;def;odl;idl;hpj;bat;asm;asmx</Extensions>
    </Filter>
    <Filter Include="Test Scripts">
      <UniqueIdentifier>{9cef02dc-bf93-4bcc-88fd-82b274dbbf71}</UniqueIdentifier>
      <Extensions>py</Extensions>
    </Filter>
    <Filter Include="Match Files">
      <UniqueIdentifier>{5ed3a714-4184-4abe-92cb-ce881168ad0c}</UniqueIdentifier>
      <Extensions>match</Extensions>
    </Filter>
  </ItemGroup>
  <ItemGroup>
    <ClCompile Include="obj_ulog_size.c">
      <Filter>Source Files</Filter>
    </ClCompile>
  </ItemGroup>
  <ItemGroup>
    <None Include="TESTS.py">
      <Filter>Test Scripts</Filter>
    </None>
    <None Include="out0.log.match">
      <Filter>Match Files</Filter>
    </None>
  </ItemGroup>
</Project>