<?xml version="1.0" encoding="utf-8"?>
<Project ToolsVersion="4.0" xmlns="http://schemas.microsoft.com/developer/msbuild/2003">
  <ItemGroup>
    <ClCompile Include="..\..\src\libpmemobj\bucket.c">
      <Filter>Source Files</Filter>
    </ClCompile>
    <ClCompile Include="..\..\src\libpmemobj\ctree.c">
      <Filter>Source Files</Filter>
    </ClCompile>
    <ClCompile Include="..\..\src\libpmemobj\cuckoo.c">
      <Filter>Source Files</Filter>
    </ClCompile>
    <ClCompile Include="..\..\src\libpmemobj\heap.c">
      <Filter>Source Files</Filter>
    </ClCompile>
    <ClCompile Include="..\..\src\libpmemobj\lane.c">
      <Filter>Source Files</Filter>
    </ClCompile>
    <ClCompile Include="..\..\src\libpmemobj\libpmemobj.c">
      <Filter>Source Files</Filter>
    </ClCompile>
    <ClCompile Include="libpmemobj_main.c">
      <Filter>Source Files</Filter>
    </ClCompile>
    <ClCompile Include="..\..\src\libpmemobj\list.c">
      <Filter>Source Files</Filter>
    </ClCompile>
    <ClCompile Include="..\..\src\libpmemobj\obj.c">
      <Filter>Source Files</Filter>
    </ClCompile>
    <ClCompile Include="..\..\src\common\out.c">
      <Filter>Source Files</Filter>
    </ClCompile>
    <ClCompile Include="..\..\src\libpmemobj\pmalloc.c">
      <Filter>Source Files</Filter>
    </ClCompile>
    <ClCompile Include="..\..\src\libpmemobj\redo.c">
      <Filter>Source Files</Filter>
    </ClCompile>
    <ClCompile Include="..\..\src\common\set.c">
      <Filter>Source Files</Filter>
    </ClCompile>
    <ClCompile Include="..\..\src\libpmemobj\sync.c">
      <Filter>Source Files</Filter>
    </ClCompile>
    <ClCompile Include="..\..\src\libpmemobj\tx.c">
      <Filter>Source Files</Filter>
    </ClCompile>
    <ClCompile Include="..\..\src\common\util.c">
      <Filter>Source Files</Filter>
    </ClCompile>
    <ClCompile Include="..\..\src\libpmemobj\memops.c">
      <Filter>Source Files</Filter>
    </ClCompile>
    <ClCompile Include="..\..\src\common\util_windows.c">
      <Filter>Source Files</Filter>
    </ClCompile>
    <ClCompile Include="..\..\src\common\set_windows.c">
      <Filter>Source Files</Filter>
    </ClCompile>
    <ClCompile Include="..\common\file_windows.c">
      <Filter>Source Files</Filter>
    </ClCompile>
    <ClCompile Include="..\common\mmap_windows.c">
      <Filter>Source Files</Filter>
    </ClCompile>
    <ClCompile Include="..\common\pthread_windows.c">
      <Filter>Source Files</Filter>
    </ClCompile>
    <ClCompile Include="memblock.c">
      <Filter>Source Files</Filter>
    </ClCompile>
    <ClCompile Include="pvector.c">
      <Filter>Source Files</Filter>
    </ClCompile>
  </ItemGroup>
  <ItemGroup>
    <ClInclude Include="..\..\src\libpmemobj\heap_layout.h">
      <Filter>Header Files</Filter>
    </ClInclude>
    <ClInclude Include="..\..\src\libpmemobj\cuckoo.h">
      <Filter>Header Files</Filter>
    </ClInclude>
    <ClInclude Include="..\..\src\libpmemobj\bucket.h">
      <Filter>Header Files</Filter>
    </ClInclude>
    <ClInclude Include="..\..\src\libpmemobj\ctree.h">
      <Filter>Header Files</Filter>
    </ClInclude>
    <ClInclude Include="..\..\src\libpmemobj\heap.h">
      <Filter>Header Files</Filter>
    </ClInclude>
    <ClInclude Include="..\..\src\libpmemobj\lane.h">
      <Filter>Header Files</Filter>
    </ClInclude>
    <ClInclude Include="..\..\src\libpmemobj\list.h">
      <Filter>Header Files</Filter>
    </ClInclude>
    <ClInclude Include="..\..\src\libpmemobj\obj.h">
      <Filter>Header Files</Filter>
    </ClInclude>
    <ClInclude Include="..\..\src\common\out.h">
      <Filter>Header Files</Filter>
    </ClInclude>
    <ClInclude Include="..\..\src\libpmemobj\pmalloc.h">
      <Filter>Header Files</Filter>
    </ClInclude>
    <ClInclude Include="..\..\src\libpmemobj\redo.h">
      <Filter>Header Files</Filter>
    </ClInclude>
    <ClInclude Include="..\..\src\common\util.h">
      <Filter>Header Files</Filter>
    </ClInclude>
    <ClInclude Include="..\..\src\common\valgrind_internal.h">
      <Filter>Header Files</Filter>
    </ClInclude>
    <ClInclude Include="..\..\src\include\libpmemobj.h">
      <Filter>Header Files</Filter>
    </ClInclude>
    <ClInclude Include="..\..\src\libpmemobj\memops.h">
      <Filter>Header Files</Filter>
    </ClInclude>
    <ClInclude Include="memblock.h">
      <Filter>Header Files</Filter>
    </ClInclude>
    <ClInclude Include="pvector.h">
      <Filter>Header Files</Filter>
    </ClInclude>
  </ItemGroup>
  <ItemGroup>
    <Filter Include="Header Files">
      <UniqueIdentifier>{73806be6-053a-4dfd-92de-956b0480b5d9}</UniqueIdentifier>
      <Extensions>h</Extensions>
    </Filter>
    <Filter Include="Source Files">
      <UniqueIdentifier>{60288a68-9214-4faa-b5c4-bf33b1020120}</UniqueIdentifier>
      <Extensions>c;def</Extensions>
    </Filter>
  </ItemGroup>
  <ItemGroup>
    <None Include="libpmemobj.def">
      <Filter>Source Files</Filter>
    </None>
  </ItemGroup>
</Project>