<?xml version="1.0" encoding="utf-8"?>
<Project ToolsVersion="14.0" xmlns="http://schemas.microsoft.com/developer/msbuild/2003">
  <ItemGroup>
    <Filter Include="Header Files">
      <UniqueIdentifier>{16473205-8f12-4d4c-b1e9-e14ea3013e70}</UniqueIdentifier>
      <Extensions>h</Extensions>
    </Filter>
    <Filter Include="Source Files">
      <UniqueIdentifier>{17275273-f923-45ff-9b7e-b2ea76561168}</UniqueIdentifier>
      <Extensions>c;def</Extensions>
    </Filter>
    <Filter Include="Source Files\common">
      <UniqueIdentifier>{6c8580b3-4650-42ca-9589-ec45a8f4278c}</UniqueIdentifier>
    </Filter>
  </ItemGroup>
  <ItemGroup>
    <ClCompile Include="..\core\alloc.c">
      <Filter>Source Files\common</Filter>
    </ClCompile>
    <ClCompile Include="..\core\util.c">
      <Filter>Source Files\common</Filter>
    </ClCompile>
    <ClCompile Include="..\core\util_windows.c">
      <Filter>Source Files\common</Filter>
    </ClCompile>
    <ClCompile Include="..\core\out.c">
      <Filter>Source Files\common</Filter>
    </ClCompile>
    <ClCompile Include="..\core\os_windows.c">
      <Filter>Source Files\common</Filter>
    </ClCompile>
    <ClCompile Include="..\core\os_thread_windows.c">
      <Filter>Source Files\common</Filter>
    </ClCompile>
    <ClCompile Include="libpmemset.c">
      <Filter>Source Files</Filter>
    </ClCompile>
    <ClCompile Include="libpmemset_main.c">
      <Filter>Source Files</Filter>
    </ClCompile>
    <ClCompile Include="config.c">
      <Filter>Source Files</Filter>
    </ClCompile>
    <ClCompile Include="part.c">
      <Filter>Source Files</Filter>
    </ClCompile>
    <ClCompile Include="pmemset.c">
      <Filter>Source Files</Filter>
    </ClCompile>
    <ClCompile Include="source.c">
      <Filter>Source Files</Filter>
    </ClCompile>
    <ClCompile Include="errormsg.c">
      <Filter>Source Files</Filter>
    </ClCompile>
    <ClCompile Include="pmemset_utils.c">
      <Filter>Source Files</Filter>
    </ClCompile>
    <ClCompile Include="..\core\ravl.c">
      <Filter>Source Files</Filter>
    </ClCompile>
    <ClCompile Include="..\core\ravl_interval.c">
      <Filter>Source Files</Filter>
    </ClCompile>
    <ClCompile Include="file.c">
      <Filter>Source Files</Filter>
    </ClCompile>
    <ClCompile Include="file_windows.c">
      <Filter>Source Files</Filter>
    </ClCompile>
    <ClCompile Include="map_config.c">
      <Filter>Source Files</Filter>
    </ClCompile>
    <ClCompile Include="sds.c">
      <Filter>Source Files</Filter>
    </ClCompile>
    <ClCompile Include="badblock.c">
      <Filter>Source Files</Filter>
    </ClCompile>
  </ItemGroup>
  <ItemGroup>
    <None Include="libpmemset.def">
      <Filter>Source Files</Filter>
    </None>
  </ItemGroup>
  <ItemGroup>
    <ClInclude Include="pmemset.h">
      <Filter>Header Files</Filter>
    </ClInclude>
    <ClInclude Include="..\include\libpmemset.h">
      <Filter>Header Files</Filter>
    </ClInclude>
    <ClInclude Include="config.h">
      <Filter>Header Files</Filter>
    </ClInclude>
    <ClInclude Include="part.h">
      <Filter>Header Files</Filter>
    </ClInclude>
    <ClInclude Include="source.h">
      <Filter>Header Files</Filter>
    </ClInclude>
    <ClInclude Include="pmemset_utils.h">
      <Filter>Header Files</Filter>
    </ClInclude>
    <ClInclude Include="file.h">
      <Filter>Header Files</Filter>
    </ClInclude>
    <ClInclude Include="sds.h">
      <Filter>Header Files</Filter>
    </ClInclude>
  </ItemGroup>
</Project>