<?xml version="1.0" encoding="utf-8"?>
<Project ToolsVersion="4.0" xmlns="http://schemas.microsoft.com/developer/msbuild/2003">
  <ItemGroup>
    <Filter Include="Source Files">
      <UniqueIdentifier>{4FC737F1-C7A5-4376-A066-2A32D752A2FF}</UniqueIdentifier>
      <Extensions>cpp;c;cc;cxx;def;odl;idl;hpj;bat;asm;asmx</Extensions>
    </Filter>
    <Filter Include="Test Scripts">
      <UniqueIdentifier>{2d237952-c50b-4d8c-a83f-e28a96d88887}</UniqueIdentifier>
    </Filter>
    <Filter Include="Header Files">
      <UniqueIdentifier>{dd5ab98c-405a-4d74-8bd8-70d914146b8d}</UniqueIdentifier>
    </Filter>
  </ItemGroup>
  <ItemGroup>
    <ClCompile Include="..\unittest\ut_pmemset_utils.c">
      <Filter>Source Files</Filter>
    </ClCompile>
    <ClCompile Include="pmemset_memcpy.c">
      <Filter>Source Files</Filter>
    </ClCompile>
    <ClCompile Include="..\pmem2_memcpy\memcpy_common.c">
      <Filter>Source Files</Filter>
    </ClCompile>
  </ItemGroup>
  <ItemGroup>
    <None Include="TESTS.py">
      <Filter>Test Scripts</Filter>
    </None>
  </ItemGroup>
  <ItemGroup>
    <ClInclude Include="..\unittest\ut_pmemset_utils.h">
      <Filter>Header Files</Filter>
    </ClInclude>
    <ClInclude Include="..\pmem2_memcpy\memcpy_common.h">
      <Filter>Header Files</Filter>
    </ClInclude>
  </ItemGroup>
</Project>