<?xml version="1.0" encoding="utf-8"?>
<Project ToolsVersion="14.0" xmlns="http://schemas.microsoft.com/developer/msbuild/2003">
  <ItemGroup>
    <Filter Include="Header Files">
      <UniqueIdentifier>{5f4b56cf-a674-4f35-abfa-d867d9d91f68}</UniqueIdentifier>
    </Filter>
    <Filter Include="Source Files">
      <UniqueIdentifier>{dee0ff57-9af8-485a-888b-0087d6e11cf8}</UniqueIdentifier>
    </Filter>
  </ItemGroup>
  <ItemGroup>
    <ClCompile Include="..\..\src\libpmemblk\blk.c">
      <Filter>Source Files</Filter>
    </ClCompile>
    <ClCompile Include="..\..\src\libpmemblk\btt.c">
      <Filter>Source Files</Filter>
    </ClCompile>
    <ClCompile Include="..\..\src\libpmemblk\libpmemblk.c">
      <Filter>Source Files</Filter>
    </ClCompile>
    <ClCompile Include="libpmemblk_main.c">
      <Filter>Source Files</Filter>
    </ClCompile>
    <ClCompile Include="..\common\uuid_windows.c">
      <Filter>Source Files</Filter>
    </ClCompile>
    <ClCompile Include="..\common\uuid.c">
      <Filter>Source Files</Filter>
    </ClCompile>
    <ClCompile Include="..\core\util_windows.c">
      <Filter>Source Files</Filter>
    </ClCompile>
    <ClCompile Include="..\core\util.c">
      <Filter>Source Files</Filter>
    </ClCompile>
    <ClCompile Include="..\common\set.c">
      <Filter>Source Files</Filter>
    </ClCompile>
    <ClCompile Include="..\common\pool_hdr.c">
      <Filter>Source Files</Filter>
    </ClCompile>
    <ClCompile Include="..\core\out.c">
      <Filter>Source Files</Filter>
    </ClCompile>
    <ClCompile Include="..\common\mmap_windows.c">
      <Filter>Source Files</Filter>
    </ClCompile>
    <ClCompile Include="..\core\fs_windows.c">
      <Filter>Source Files</Filter>
    </ClCompile>
    <ClCompile Include="..\common\mmap.c">
      <Filter>Source Files</Filter>
    </ClCompile>
    <ClCompile Include="..\common\file_windows.c">
      <Filter>Source Files</Filter>
    </ClCompile>
    <ClCompile Include="..\common\file.c">
      <Filter>Source Files</Filter>
    </ClCompile>
    <ClCompile Include="..\core\os_windows.c">
      <Filter>Source Files</Filter>
    </ClCompile>
    <ClCompile Include="..\core\os_thread_windows.c">
      <Filter>Source Files</Filter>
    </ClCompile>
    <ClCompile Include="..\common\shutdown_state.c">
      <Filter>Source Files</Filter>
    </ClCompile>
    <ClCompile Include="..\common\os_deep_windows.c">
      <Filter>Source Files</Filter>
    </ClCompile>
    <ClCompile Include="..\common\set_badblocks.c">
      <Filter>Source Files</Filter>
    </ClCompile>
    <ClCompile Include="..\common\bad_blocks.c">
      <Filter>Source Files</Filter>
    </ClCompile>
    <ClCompile Include="..\common\ctl.c">
      <Filter>Source Files</Filter>
    </ClCompile>
    <ClCompile Include="..\common\ctl_prefault.c">
      <Filter>Source Files</Filter>
    </ClCompile>
    <ClCompile Include="..\common\ctl_fallocate.c">
      <Filter>Source Files</Filter>
    </ClCompile>
    <ClCompile Include="..\common\ctl_sds.c">
      <Filter>Source Files</Filter>
    </ClCompile>
    <ClCompile Include="..\core\alloc.c">
      <Filter>Source Files</Filter>
    </ClCompile>
    <ClCompile Include="..\common\ctl_cow.c">
      <Filter>Source Files</Filter>
    </ClCompile>
    <ClCompile Include="..\libpmem2\auto_flush_windows.c">
      <Filter>Source Files</Filter>
    </ClCompile>
    <ClCompile Include="..\libpmem2\config.c">
      <Filter>Source Files</Filter>
    </ClCompile>
    <ClCompile Include="..\libpmem2\badblocks.c">
      <Filter>Source Files</Filter>
    </ClCompile>
    <ClCompile Include="..\libpmem2\badblocks_none.c">
      <Filter>Source Files</Filter>
    </ClCompile>
    <ClCompile Include="..\libpmem2\source.c">
      <Filter>Source Files</Filter>
    </ClCompile>
    <ClCompile Include="..\libpmem2\source_windows.c">
      <Filter>Source Files</Filter>
    </ClCompile>
    <ClCompile Include="..\libpmem2\pmem2_utils.c">
      <Filter>Source Files</Filter>
    </ClCompile>
    <ClCompile Include="..\libpmem2\pmem2_utils_other.c">
      <Filter>Source Files</Filter>
    </ClCompile>
    <ClCompile Include="..\libpmem2\usc_windows.c">
      <Filter>Source Files</Filter>
    </ClCompile>
  </ItemGroup>
  <ItemGroup>
    <ClInclude Include="..\..\src\include\libpmemblk.h">
      <Filter>Header Files</Filter>
    </ClInclude>
    <ClInclude Include="..\..\src\libpmemblk\blk.h">
      <Filter>Header Files</Filter>
    </ClInclude>
    <ClInclude Include="..\..\src\libpmemblk\btt.h">
      <Filter>Header Files</Filter>
    </ClInclude>
    <ClInclude Include="..\..\src\libpmemblk\btt_layout.h">
      <Filter>Header Files</Filter>
    </ClInclude>
    <ClInclude Include="..\..\src\core\out.h">
      <Filter>Header Files</Filter>
    </ClInclude>
    <ClInclude Include="..\..\src\core\util.h">
      <Filter>Header Files</Filter>
    </ClInclude>
    <ClInclude Include="..\..\src\common\valgrind_internal.h">
      <Filter>Header Files</Filter>
    </ClInclude>
    <ClInclude Include="..\common\uuid.h">
      <Filter>Header Files</Filter>
    </ClInclude>
    <ClInclude Include="..\common\sys_util.h">
      <Filter>Header Files</Filter>
    </ClInclude>
    <ClInclude Include="..\common\set.h">
      <Filter>Header Files</Filter>
    </ClInclude>
    <ClInclude Include="..\common\pool_hdr.h">
      <Filter>Header Files</Filter>
    </ClInclude>
    <ClInclude Include="..\common\pmemcommon.h">
      <Filter>Header Files</Filter>
    </ClInclude>
    <ClInclude Include="..\common\mmap.h">
      <Filter>Header Files</Filter>
    </ClInclude>
    <ClInclude Include="..\common\file.h">
      <Filter>Header Files</Filter>
    </ClInclude>
    <ClInclude Include="..\common\dlsym.h">
      <Filter>Header Files</Filter>
    </ClInclude>
    <ClInclude Include="..\core\fs.h">
      <Filter>Header Files</Filter>
    </ClInclude>
    <ClInclude Include="..\core\os.h">
      <Filter>Header Files</Filter>
    </ClInclude>
    <ClInclude Include="..\core\os_thread.h">
      <Filter>Header Files</Filter>
    </ClInclude>
    <ClInclude Include="..\common\os_deep.h">
      <Filter>Header Files</Filter>
    </ClInclude>
    <ClInclude Include="..\common\ctl_global.h">
      <Filter>Header Files</Filter>
    </ClInclude>
    <ClInclude Include="..\common\ctl.h">
      <Filter>Header Files</Filter>
    </ClInclude>
    <ClInclude Include="..\core\alloc.h">
      <Filter>Header Files</Filter>
    </ClInclude>
    <ClInclude Include="..\core\fault_injection.h">
      <Filter>Header Files</Filter>
    </ClInclude>
    <ClInclude Include="..\libpmem2\auto_flush.h">
      <Filter>Header Files</Filter>
    </ClInclude>
    <ClInclude Include="..\libpmem2\auto_flush_windows.h">
      <Filter>Header Files</Filter>
    </ClInclude>
    <ClInclude Include="..\libpmem2\config.h">
      <Filter>Header Files</Filter>
    </ClInclude>
    <ClInclude Include="..\libpmem2\pmem2_utils.h">
      <Filter>Header Files</Filter>
    </ClInclude>
  </ItemGroup>
  <ItemGroup>
    <None Include="libpmemblk.def">
      <Filter>Source Files</Filter>
    </None>
  </ItemGroup>
  <ItemGroup>
    <ResourceCompile Include="libpmemblk.rc">
      <Filter>Source Files</Filter>
    </ResourceCompile>
  </ItemGroup>
</Project>