<?xml version="1.0" encoding="utf-8"?>
<Project ToolsVersion="4.0" xmlns="http://schemas.microsoft.com/developer/msbuild/2003">
  <ItemGroup>
    <Filter Include="Source Files">
      <UniqueIdentifier>{b80fb68c-bae8-4552-93e3-9e3b52ccf381}</UniqueIdentifier>
    </Filter>
    <Filter Include="Test Scripts">
      <UniqueIdentifier>{0ac97c68-4204-4fac-b810-2708c5111c30}</UniqueIdentifier>
    </Filter>
  </ItemGroup>
  <ItemGroup>
    <ClCompile Include="set_funcs.c">
      <Filter>Source Files</Filter>
    </ClCompile>
  </ItemGroup>
  <ItemGroup>
    <None Include="TEST0.PS1">
      <Filter>Test Scripts</Filter>
    </None>
  </ItemGroup>
</Project>