<?xml version="1.0" encoding="utf-8"?>
<Project ToolsVersion="4.0" xmlns="http://schemas.microsoft.com/developer/msbuild/2003">
  <ItemGroup>
    <Filter Include="Match Files">
      <UniqueIdentifier>{f75855c4-915b-477a-a6ef-d6e89c61cf93}</UniqueIdentifier>
    </Filter>
    <Filter Include="Test Scripts">
      <UniqueIdentifier>{83997a01-c24d-41c0-8bd6-c87344c1023f}</UniqueIdentifier>
    </Filter>
  </ItemGroup>
  <ItemGroup>
    <None Include="out7.log.match">
      <Filter>Match Files</Filter>
    </None>
    <None Include="out8.log.match">
      <Filter>Match Files</Filter>
    </None>
    <None Include="out9.log.match">
      <Filter>Match Files</Filter>
    </None>
    <None Include="out10.log.match">
      <Filter>Match Files</Filter>
    </None>
    <None Include="out11.log.match">
      <Filter>Match Files</Filter>
    </None>
    <None Include="out12.log.match">
      <Filter>Match Files</Filter>
    </None>
    <None Include="TESTS.py">
      <Filter>Test Scripts</Filter>
    </None>
    <None Include="out14.log.match">
      <Filter>Match Files</Filter>
    </None>
    <None Include="out16.log.match">
      <Filter>Match Files</Filter>
    </None>
  </ItemGroup>
</Project>