<?xml version="1.0" encoding="utf-8"?>
<Project ToolsVersion="4.0" xmlns="http://schemas.microsoft.com/developer/msbuild/2003">
  <ItemGroup>
    <Filter Include="Test Scripts">
      <UniqueIdentifier>{dac6c718-f0f8-43a0-ba38-bd72ab98e456}</UniqueIdentifier>
      <Extensions>ps1</Extensions>
    </Filter>
    <Filter Include="Match Files">
      <UniqueIdentifier>{822d02f2-ed7a-4f61-9773-b579384486f5}</UniqueIdentifier>
      <Extensions>match</Extensions>
    </Filter>
  </ItemGroup>
  <ItemGroup>
    <None Include="TEST0.PS1">
      <Filter>Test Scripts</Filter>
    </None>
    <None Include="TEST1.PS1">
      <Filter>Test Scripts</Filter>
    </None>
    <None Include="TEST2.PS1">
      <Filter>Test Scripts</Filter>
    </None>
    <None Include="TEST3.PS1">
      <Filter>Test Scripts</Filter>
    </None>
    <None Include="TEST4.PS1">
      <Filter>Test Scripts</Filter>
    </None>
    <None Include="TEST5.PS1">
      <Filter>Test Scripts</Filter>
    </None>
    <None Include="TEST6.PS1">
      <Filter>Test Scripts</Filter>
    </None>
    <None Include="out0w.log.match">
      <Filter>Match Files</Filter>
    </None>
    <None Include="out1w.log.match">
      <Filter>Match Files</Filter>
    </None>
    <None Include="out2w.log.match">
      <Filter>Match Files</Filter>
    </None>
    <None Include="out3w.log.match">
      <Filter>Match Files</Filter>
    </None>
    <None Include="out4w.log.match">
      <Filter>Match Files</Filter>
    </None>
    <None Include="out5w.log.match">
      <Filter>Match Files</Filter>
    </None>
    <None Include="out6w.log.match">
      <Filter>Match Files</Filter>
    </None>
    <None Include="TEST7.PS1">
      <Filter>Test Scripts</Filter>
    </None>
  </ItemGroup>
</Project>