<?xml version="1.0" encoding="utf-8"?>
<Project ToolsVersion="4.0" xmlns="http://schemas.microsoft.com/developer/msbuild/2003">
  <ItemGroup>
    <Filter Include="Source Files">
      <UniqueIdentifier>{4FC737F1-C7A5-4376-A066-2A32D752A2FF}</UniqueIdentifier>
      <Extensions>cpp;c;cc;cxx;def;odl;idl;hpj;bat;asm;asmx</Extensions>
    </Filter>
    <Filter Include="Test scripts">
      <UniqueIdentifier>{c1e5339d-4634-448b-aefc-9b1f077f111e}</UniqueIdentifier>
    </Filter>
    <Filter Include="Header Files">
      <UniqueIdentifier>{7a11237b-94e7-4ee9-beba-b5b9ab50f43e}</UniqueIdentifier>
    </Filter>
  </ItemGroup>
  <ItemGroup>
    <ClCompile Include="pmem_memset.c">
      <Filter>Source Files</Filter>
    </ClCompile>
    <ClCompile Include="..\pmem2_memset\memset_common.c">
      <Filter>Source Files</Filter>
    </ClCompile>
  </ItemGroup>
  <ItemGroup>
    <None Include="TEST0.PS1">
      <Filter>Test scripts</Filter>
    </None>
  </ItemGroup>
  <ItemGroup>
    <ClInclude Include="..\pmem2_memset\memset_common.h">
      <Filter>Header Files</Filter>
    </ClInclude>
  </ItemGroup>
</Project>