<?xml version="1.0" encoding="utf-8"?>
<Project ToolsVersion="4.0" xmlns="http://schemas.microsoft.com/developer/msbuild/2003">
  <ItemGroup>
    <Filter Include="Source Files">
      <UniqueIdentifier>{4FC737F1-C7A5-4376-A066-2A32D752A2FF}</UniqueIdentifier>
      <Extensions>cpp;c;cc;cxx;def;odl;idl;hpj;bat;asm;asmx</Extensions>
    </Filter>
    <Filter Include="Test Scripts">
      <UniqueIdentifier>{3e13102a-da5c-4b4b-8adb-1d0cc202a313}</UniqueIdentifier>
      <Extensions>ps1</Extensions>
    </Filter>
  </ItemGroup>
  <ItemGroup>
    <ClCompile Include="..\..\..\src\test\obj_memops\obj_memops.c">
      <Filter>Source Files</Filter>
    </ClCompile>
    <ClCompile Include="..\..\common\ravl.c">
      <Filter>Source Files</Filter>
    </ClCompile>
    <ClCompile Include="..\..\libpmemobj\recycler.c">
      <Filter>Source Files</Filter>
    </ClCompile>
    <ClCompile Include="..\..\libpmemobj\stats.c">
      <Filter>Source Files</Filter>
    </ClCompile>
    <ClCompile Include="..\..\libpmemobj\sync.c">
      <Filter>Source Files</Filter>
    </ClCompile>
    <ClCompile Include="..\..\libpmemobj\tx.c">
      <Filter>Source Files</Filter>
    </ClCompile>
    <ClCompile Include="..\..\libpmemobj\alloc_class.c">
      <Filter>Source Files</Filter>
    </ClCompile>
    <ClCompile Include="..\..\libpmemobj\bucket.c">
      <Filter>Source Files</Filter>
    </ClCompile>
    <ClCompile Include="..\..\libpmemobj\container_ravl.c">
      <Filter>Source Files</Filter>
    </ClCompile>
    <ClCompile Include="..\..\libpmemobj\container_seglists.c">
      <Filter>Source Files</Filter>
    </ClCompile>
    <ClCompile Include="..\..\libpmemobj\ctl_debug.c">
      <Filter>Source Files</Filter>
    </ClCompile>
    <ClCompile Include="..\..\libpmemobj\critnib.c">
      <Filter>Source Files</Filter>
    </ClCompile>
    <ClCompile Include="..\..\libpmemobj\heap.c">
      <Filter>Source Files</Filter>
    </ClCompile>
    <ClCompile Include="..\..\libpmemobj\arenas.c">
      <Filter>Source Files</Filter>
    </ClCompile>
    <ClCompile Include="..\..\libpmemobj\lane.c">
      <Filter>Source Files</Filter>
    </ClCompile>
    <ClCompile Include="..\..\libpmemobj\libpmemobj.c">
      <Filter>Source Files</Filter>
    </ClCompile>
    <ClCompile Include="..\..\libpmemobj\libpmemobj_main.c">
      <Filter>Source Files</Filter>
    </ClCompile>
    <ClCompile Include="..\..\libpmemobj\list.c">
      <Filter>Source Files</Filter>
    </ClCompile>
    <ClCompile Include="..\..\libpmemobj\memblock.c">
      <Filter>Source Files</Filter>
    </ClCompile>
    <ClCompile Include="..\..\libpmemobj\memops.c">
      <Filter>Source Files</Filter>
    </ClCompile>
    <ClCompile Include="..\..\libpmemobj\obj.c">
      <Filter>Source Files</Filter>
    </ClCompile>
    <ClCompile Include="..\..\libpmemobj\palloc.c">
      <Filter>Source Files</Filter>
    </ClCompile>
    <ClCompile Include="..\..\libpmemobj\pmalloc.c">
      <Filter>Source Files</Filter>
    </ClCompile>
    <ClCompile Include="..\..\libpmemobj\ulog.c">
      <Filter>Source Files</Filter>
    </ClCompile>
  </ItemGroup>
  <ItemGroup>
    <None Include="TEST0.PS1">
      <Filter>Test Scripts</Filter>
    </None>
  </ItemGroup>
</Project>