<?xml version="1.0" encoding="utf-8"?>
<Project ToolsVersion="4.0" xmlns="http://schemas.microsoft.com/developer/msbuild/2003">
  <ItemGroup>
    <Filter Include="Source Files">
      <UniqueIdentifier>{4FC737F1-C7A5-4376-A066-2A32D752A2FF}</UniqueIdentifier>
      <Extensions>cpp;c;cc;cxx;def;odl;idl;hpj;bat;asm;asmx</Extensions>
    </Filter>
    <Filter Include="Header Files">
      <UniqueIdentifier>{18a24826-3f5b-411c-b4a1-fa378e9b84e4}</UniqueIdentifier>
    </Filter>
    <Filter Include="Source Files\pmem2">
      <UniqueIdentifier>{bc5d0076-9158-46f8-a4b3-a8660f5331f3}</UniqueIdentifier>
    </Filter>
    <Filter Include="Source Files\pmem2\x86_64">
      <UniqueIdentifier>{c6f26e3f-f5a7-4697-ac20-6fc3f501f78d}</UniqueIdentifier>
    </Filter>
  </ItemGroup>
  <ItemGroup>
    <ClCompile Include="util_sds.c">
      <Filter>Source Files</Filter>
    </ClCompile>
    <ClCompile Include="..\..\common\shutdown_state.c">
      <Filter>Source Files</Filter>
    </ClCompile>
    <ClCompile Include="..\unittest\ut_pmem2_config.c">
      <Filter>Source Files</Filter>
    </ClCompile>
    <ClCompile Include="..\unittest\ut_pmem2_utils.c">
      <Filter>Source Files</Filter>
    </ClCompile>
    <ClCompile Include="..\..\libpmem2\source_windows.c">
      <Filter>Source Files\pmem2</Filter>
    </ClCompile>
    <ClCompile Include="..\..\libpmem2\libpmem2_main.c">
      <Filter>Source Files\pmem2</Filter>
    </ClCompile>
    <ClCompile Include="..\..\libpmem2\map.c">
      <Filter>Source Files\pmem2</Filter>
    </ClCompile>
    <ClCompile Include="..\..\libpmem2\map_windows.c">
      <Filter>Source Files\pmem2</Filter>
    </ClCompile>
    <ClCompile Include="..\..\libpmem2\memops_generic.c">
      <Filter>Source Files\pmem2</Filter>
    </ClCompile>
    <ClCompile Include="..\..\libpmem2\persist.c">
      <Filter>Source Files\pmem2</Filter>
    </ClCompile>
    <ClCompile Include="..\..\libpmem2\persist_windows.c">
      <Filter>Source Files\pmem2</Filter>
    </ClCompile>
    <ClCompile Include="..\..\libpmem2\pmem2_utils.c">
      <Filter>Source Files\pmem2</Filter>
    </ClCompile>
    <ClCompile Include="..\..\libpmem2\usc_windows.c">
      <Filter>Source Files\pmem2</Filter>
    </ClCompile>
    <ClCompile Include="..\..\libpmem2\source.c">
      <Filter>Source Files\pmem2</Filter>
    </ClCompile>
    <ClCompile Include="..\..\libpmem2\libpmem2.c">
      <Filter>Source Files\pmem2</Filter>
    </ClCompile>
    <ClCompile Include="..\..\libpmem2\errormsg.c">
      <Filter>Source Files\pmem2</Filter>
    </ClCompile>
    <ClCompile Include="..\..\libpmem2\config.c">
      <Filter>Source Files\pmem2</Filter>
    </ClCompile>
    <ClCompile Include="..\..\libpmem2\auto_flush_windows.c">
      <Filter>Source Files\pmem2</Filter>
    </ClCompile>
    <ClCompile Include="..\..\libpmem2\x86_64\cpu.c">
      <Filter>Source Files\pmem2\x86_64</Filter>
    </ClCompile>
    <ClCompile Include="..\..\libpmem2\x86_64\init.c">
      <Filter>Source Files\pmem2\x86_64</Filter>
    </ClCompile>
    <ClCompile Include="..\..\libpmem2\x86_64\memcpy\memcpy_nt_sse2.c">
      <Filter>Source Files\pmem2\x86_64</Filter>
    </ClCompile>
    <ClCompile Include="..\..\libpmem2\x86_64\memcpy\memcpy_nt_avx.c">
      <Filter>Source Files\pmem2\x86_64</Filter>
    </ClCompile>
    <ClCompile Include="..\..\libpmem2\x86_64\memcpy\memcpy_t_sse2.c">
      <Filter>Source Files\pmem2\x86_64</Filter>
    </ClCompile>
    <ClCompile Include="..\..\libpmem2\x86_64\memcpy\memcpy_t_avx.c">
      <Filter>Source Files\pmem2\x86_64</Filter>
    </ClCompile>
    <ClCompile Include="..\..\libpmem2\x86_64\memset\memset_nt_sse2.c">
      <Filter>Source Files\pmem2\x86_64</Filter>
    </ClCompile>
    <ClCompile Include="..\..\libpmem2\x86_64\memset\memset_nt_avx.c">
      <Filter>Source Files\pmem2\x86_64</Filter>
    </ClCompile>
    <ClCompile Include="..\..\libpmem2\x86_64\memset\memset_t_sse2.c">
      <Filter>Source Files\pmem2\x86_64</Filter>
    </ClCompile>
    <ClCompile Include="..\..\libpmem2\x86_64\memset\memset_t_avx.c">
      <Filter>Source Files\pmem2\x86_64</Filter>
    </ClCompile>
    <ClCompile Include="..\..\common\ravl.c">
      <Filter>Source Files\pmem2</Filter>
    </ClCompile>
    <ClCompile Include="..\unittest\ut_pmem2_source.c">
      <Filter>Source Files</Filter>
    </ClCompile>
    <ClCompile Include="..\..\libpmem2\deep_flush_windows.c">
      <Filter>Source Files</Filter>
    </ClCompile>
    <ClCompile Include="..\..\libpmem2\ravl_interval.c">
      <Filter>Source Files\pmem2</Filter>
    </ClCompile>
  </ItemGroup>
  <ItemGroup>
    <ClInclude Include="mocks_windows.h">
      <Filter>Header Files</Filter>
    </ClInclude>
    <ClInclude Include="..\unittest\ut_pmem2.h">
      <Filter>Header Files</Filter>
    </ClInclude>
  </ItemGroup>
</Project>