<?xml version="1.0" encoding="utf-8"?>
<Project ToolsVersion="4.0" xmlns="http://schemas.microsoft.com/developer/msbuild/2003">
  <ItemGroup>
    <Filter Include="Source Files">
      <UniqueIdentifier>{189d0bf0-2f10-40d2-9a97-1c627dede493}</UniqueIdentifier>
    </Filter>
    <Filter Include="Test Scripts">
      <UniqueIdentifier>{c775678f-276b-4eef-a23a-1e2e5e70e6f2}</UniqueIdentifier>
    </Filter>
    <Filter Include="Match Files">
      <UniqueIdentifier>{1c3585e0-7b64-4460-86ee-dd837e30fecd}</UniqueIdentifier>
    </Filter>
    <Filter Include="Header Files">
      <UniqueIdentifier>{d5932343-5e43-4cca-82a3-cde9c0443952}</UniqueIdentifier>
    </Filter>
  </ItemGroup>
  <ItemGroup>
    <ClCompile Include="..\..\common\ctl.c">
      <Filter>Source Files</Filter>
    </ClCompile>
    <ClCompile Include="..\..\common\file.c">
      <Filter>Source Files</Filter>
    </ClCompile>
    <ClCompile Include="..\..\common\file_windows.c">
      <Filter>Source Files</Filter>
    </ClCompile>
    <ClCompile Include="..\..\core\fs_windows.c">
      <Filter>Source Files</Filter>
    </ClCompile>
    <ClCompile Include="..\..\common\mmap.c">
      <Filter>Source Files</Filter>
    </ClCompile>
    <ClCompile Include="..\..\common\mmap_windows.c">
      <Filter>Source Files</Filter>
    </ClCompile>
    <ClCompile Include="..\..\common\os_deep_windows.c" />
    <ClCompile Include="..\..\core\os_thread_windows.c">
      <Filter>Source Files</Filter>
    </ClCompile>
    <ClCompile Include="..\..\core\os_windows.c">
      <Filter>Source Files</Filter>
    </ClCompile>
    <ClCompile Include="..\..\core\out.c">
      <Filter>Source Files</Filter>
    </ClCompile>
    <ClCompile Include="..\..\common\pool_hdr.c">
      <Filter>Source Files</Filter>
    </ClCompile>
    <ClCompile Include="..\..\common\set.c">
      <Filter>Source Files</Filter>
    </ClCompile>
    <ClCompile Include="..\..\common\shutdown_state.c">
      <Filter>Source Files</Filter>
    </ClCompile>
    <ClCompile Include="..\..\core\util.c">
      <Filter>Source Files</Filter>
    </ClCompile>
    <ClCompile Include="..\..\core\util_windows.c">
      <Filter>Source Files</Filter>
    </ClCompile>
    <ClCompile Include="..\..\common\uuid.c">
      <Filter>Source Files</Filter>
    </ClCompile>
    <ClCompile Include="..\..\common\uuid_windows.c">
      <Filter>Source Files</Filter>
    </ClCompile>
    <ClCompile Include="..\..\libpmemobj\alloc_class.c">
      <Filter>Source Files</Filter>
    </ClCompile>
    <ClCompile Include="..\..\libpmemobj\bucket.c">
      <Filter>Source Files</Filter>
    </ClCompile>
    <ClCompile Include="..\..\libpmemobj\container_ravl.c">
      <Filter>Source Files</Filter>
    </ClCompile>
    <ClCompile Include="..\..\libpmemobj\container_seglists.c">
      <Filter>Source Files</Filter>
    </ClCompile>
    <ClCompile Include="..\..\libpmemobj\ctl_debug.c">
      <Filter>Source Files</Filter>
    </ClCompile>
    <ClCompile Include="..\..\libpmemobj\critnib.c">
      <Filter>Source Files</Filter>
    </ClCompile>
    <ClCompile Include="..\..\libpmemobj\heap.c">
      <Filter>Source Files</Filter>
    </ClCompile>
    <ClCompile Include="..\..\libpmemobj\lane.c">
      <Filter>Source Files</Filter>
    </ClCompile>
    <ClCompile Include="..\..\libpmemobj\libpmemobj.c">
      <Filter>Source Files</Filter>
    </ClCompile>
    <ClCompile Include="..\..\libpmemobj\list.c">
      <Filter>Source Files</Filter>
    </ClCompile>
    <ClCompile Include="..\..\libpmemobj\memblock.c">
      <Filter>Source Files</Filter>
    </ClCompile>
    <ClCompile Include="..\..\libpmemobj\memops.c">
      <Filter>Source Files</Filter>
    </ClCompile>
    <ClCompile Include="..\..\libpmemobj\obj.c">
      <Filter>Source Files</Filter>
    </ClCompile>
    <ClCompile Include="..\..\libpmemobj\palloc.c">
      <Filter>Source Files</Filter>
    </ClCompile>
    <ClCompile Include="..\..\libpmemobj\pmalloc.c">
      <Filter>Source Files</Filter>
    </ClCompile>
    <ClCompile Include="..\..\common\ravl.c">
      <Filter>Source Files</Filter>
    </ClCompile>
    <ClCompile Include="..\..\libpmemobj\recycler.c">
      <Filter>Source Files</Filter>
    </ClCompile>
    <ClCompile Include="..\..\libpmemobj\ulog.c">
      <Filter>Source Files</Filter>
    </ClCompile>
    <ClCompile Include="..\..\libpmemobj\stats.c">
      <Filter>Source Files</Filter>
    </ClCompile>
    <ClCompile Include="..\..\libpmemobj\sync.c">
      <Filter>Source Files</Filter>
    </ClCompile>
    <ClCompile Include="..\..\libpmemobj\tx.c">
      <Filter>Source Files</Filter>
    </ClCompile>
    <ClCompile Include="obj_persist_count.c">
      <Filter>Source Files</Filter>
    </ClCompile>
    <ClCompile Include="..\..\libpmem2\badblocks_none.c" />
    <ClCompile Include="..\..\common\ctl_prefault.c">
      <Filter>Source Files</Filter>
    </ClCompile>
    <ClCompile Include="..\..\common\ctl_sds.c">
      <Filter>Source Files</Filter>
    </ClCompile>
    <ClCompile Include="..\..\common\ctl_fallocate.c">
      <Filter>Source Files</Filter>
    </ClCompile>
  </ItemGroup>
  <ItemGroup>
    <None Include="out0.log.match">
      <Filter>Match Files</Filter>
    </None>
    <None Include="out1.log.match">
      <Filter>Match Files</Filter>
    </None>
    <None Include="TEST0.PS1">
      <Filter>Test Scripts</Filter>
    </None>
    <None Include="TEST1.PS1">
      <Filter>Test Scripts</Filter>
    </None>
  </ItemGroup>
  <ItemGroup>
    <ClInclude Include="mocks_windows.h">
      <Filter>Header Files</Filter>
    </ClInclude>
  </ItemGroup>
</Project>
