<?xml version="1.0" encoding="utf-8"?>
<Project ToolsVersion="4.0" xmlns="http://schemas.microsoft.com/developer/msbuild/2003">
  <ItemGroup>
    <Filter Include="Source Files">
      <UniqueIdentifier>{4FC737F1-C7A5-4376-A066-2A32D752A2FF}</UniqueIdentifier>
      <Extensions>cpp;c;cc;cxx;def;odl;idl;hpj;bat;asm;asmx</Extensions>
    </Filter>
    <Filter Include="Match Files">
      <UniqueIdentifier>{05f2a8a8-59fc-4969-8e86-6ee33c321153}</UniqueIdentifier>
    </Filter>
    <Filter Include="Test scripts">
      <UniqueIdentifier>{881544fe-d25d-4cf8-8468-86eeb68ab91e}</UniqueIdentifier>
    </Filter>
  </ItemGroup>
  <ItemGroup>
    <ClCompile Include="..\..\..\src\test\blk_pool\blk_pool.c">
      <Filter>Source Files</Filter>
    </ClCompile>
  </ItemGroup>
  <ItemGroup>
    <None Include="out0.log.match">
      <Filter>Match Files</Filter>
    </None>
    <None Include="out1.log.match">
      <Filter>Match Files</Filter>
    </None>
    <None Include="out2.log.match">
      <Filter>Match Files</Filter>
    </None>
    <None Include="out3.log.match">
      <Filter>Match Files</Filter>
    </None>
    <None Include="out4.log.match">
      <Filter>Match Files</Filter>
    </None>
    <None Include="out5.log.match">
      <Filter>Match Files</Filter>
    </None>
    <None Include="out6.log.match">
      <Filter>Match Files</Filter>
    </None>
    <None Include="out7.log.match">
      <Filter>Match Files</Filter>
    </None>
    <None Include="out8.log.match">
      <Filter>Match Files</Filter>
    </None>
    <None Include="out9.log.match">
      <Filter>Match Files</Filter>
    </None>
    <None Include="out10.log.match">
      <Filter>Match Files</Filter>
    </None>
    <None Include="out11.log.match">
      <Filter>Match Files</Filter>
    </None>
    <None Include="out12.log.match">
      <Filter>Match Files</Filter>
    </None>
    <None Include="out13.log.match">
      <Filter>Match Files</Filter>
    </None>
    <None Include="out14.log.match">
      <Filter>Match Files</Filter>
    </None>
    <None Include="out15.log.match">
      <Filter>Match Files</Filter>
    </None>
    <None Include="out15w.log.match">
      <Filter>Match Files</Filter>
    </None>
    <None Include="out16.log.match">
      <Filter>Match Files</Filter>
    </None>
    <None Include="out16w.log.match">
      <Filter>Match Files</Filter>
    </None>
    <None Include="out20.log.match">
      <Filter>Match Files</Filter>
    </None>
    <None Include="out21.log.match">
      <Filter>Match Files</Filter>
    </None>
    <None Include="out22.log.match">
      <Filter>Match Files</Filter>
    </None>
    <None Include="out23.log.match">
      <Filter>Match Files</Filter>
    </None>
    <None Include="out24.log.match">
      <Filter>Match Files</Filter>
    </None>
    <None Include="out25.log.match">
      <Filter>Match Files</Filter>
    </None>
    <None Include="out26.log.match">
      <Filter>Match Files</Filter>
    </None>
    <None Include="out27.log.match">
      <Filter>Match Files</Filter>
    </None>
    <None Include="out28.log.match">
      <Filter>Match Files</Filter>
    </None>
    <None Include="out29.log.match">
      <Filter>Match Files</Filter>
    </None>
    <None Include="out29w.log.match">
      <Filter>Match Files</Filter>
    </None>
    <None Include="out30.log.match">
      <Filter>Match Files</Filter>
    </None>
    <None Include="out30w.log.match">
      <Filter>Match Files</Filter>
    </None>
    <None Include="README" />
    <None Include="TEST0.PS1">
      <Filter>Test scripts</Filter>
    </None>
    <None Include="TEST1.PS1">
      <Filter>Test scripts</Filter>
    </None>
    <None Include="TEST2.PS1">
      <Filter>Test scripts</Filter>
    </None>
    <None Include="TEST3.PS1">
      <Filter>Test scripts</Filter>
    </None>
    <None Include="TEST4.PS1">
      <Filter>Test scripts</Filter>
    </None>
    <None Include="TEST5.PS1">
      <Filter>Test scripts</Filter>
    </None>
    <None Include="TEST6.PS1">
      <Filter>Test scripts</Filter>
    </None>
    <None Include="TEST7.PS1">
      <Filter>Test scripts</Filter>
    </None>
    <None Include="TEST8.PS1">
      <Filter>Test scripts</Filter>
    </None>
    <None Include="TEST9.PS1">
      <Filter>Test scripts</Filter>
    </None>
    <None Include="TEST10.PS1">
      <Filter>Test scripts</Filter>
    </None>
    <None Include="TEST11.PS1">
      <Filter>Test scripts</Filter>
    </None>
    <None Include="TEST12.PS1">
      <Filter>Test scripts</Filter>
    </None>
    <None Include="TEST13.PS1">
      <Filter>Test scripts</Filter>
    </None>
    <None Include="TEST14.PS1">
      <Filter>Test scripts</Filter>
    </None>
    <None Include="TEST15w.PS1">
      <Filter>Test scripts</Filter>
    </None>
    <None Include="TEST16w.PS1">
      <Filter>Test scripts</Filter>
    </None>
    <None Include="TEST20.PS1">
      <Filter>Test scripts</Filter>
    </None>
    <None Include="TEST21.PS1">
      <Filter>Test scripts</Filter>
    </None>
    <None Include="TEST22.PS1">
      <Filter>Test scripts</Filter>
    </None>
    <None Include="TEST23.PS1">
      <Filter>Test scripts</Filter>
    </None>
    <None Include="TEST24.PS1">
      <Filter>Test scripts</Filter>
    </None>
    <None Include="TEST25.PS1">
      <Filter>Test scripts</Filter>
    </None>
    <None Include="TEST26.PS1">
      <Filter>Test scripts</Filter>
    </None>
    <None Include="TEST27.PS1">
      <Filter>Test scripts</Filter>
    </None>
    <None Include="TEST28.PS1">
      <Filter>Test scripts</Filter>
    </None>
    <None Include="TEST29w.PS1">
      <Filter>Test scripts</Filter>
    </None>
    <None Include="TEST30w.PS1">
      <Filter>Test scripts</Filter>
    </None>
  </ItemGroup>
</Project>