<?xml version="1.0" encoding="utf-8"?>
<Project ToolsVersion="4.0" xmlns="http://schemas.microsoft.com/developer/msbuild/2003">
  <ItemGroup>
    <Filter Include="Test Scripts">
      <UniqueIdentifier>{b7d9fc2e-949d-4e29-840a-977c514a3ace}</UniqueIdentifier>
    </Filter>
    <Filter Include="Match Files">
      <UniqueIdentifier>{69c8e99a-d0b9-4288-a418-1b2674e8fa5d}</UniqueIdentifier>
    </Filter>
  </ItemGroup>
  <ItemGroup>
    <None Include="TEST2w.PS1">
      <Filter>Test Scripts</Filter>
    </None>
    <None Include="README" />
    <None Include="TEST0.PS1">
      <Filter>Test Scripts</Filter>
    </None>
    <None Include="out0.log.match">
      <Filter>Match Files</Filter>
    </None>
    <None Include="out2w.log.match">
      <Filter>Match Files</Filter>
    </None>
    <None Include="TEST1.PS1">
      <Filter>Test Scripts</Filter>
    </None>
    <None Include="out1.log.match">
      <Filter>Match Files</Filter>
    </None>
    <None Include="TEST7.PS1">
      <Filter>Test Scripts</Filter>
    </None>
  </ItemGroup>
</Project>