<?xml version="1.0" encoding="utf-8"?>
<Project ToolsVersion="4.0" xmlns="http://schemas.microsoft.com/developer/msbuild/2003">
  <ItemGroup>
    <Filter Include="Source Files">
      <UniqueIdentifier>{43b4e772-5caf-4b85-9dbb-0aa45671fc94}</UniqueIdentifier>
    </Filter>
  </ItemGroup>
  <ItemGroup>
    <ClCompile Include="obj_pmemlog_macros.c">
      <Filter>Source Files</Filter>
    </ClCompile>
  </ItemGroup>
</Project>