<?xml version="1.0" encoding="utf-8"?>
<Project ToolsVersion="4.0" xmlns="http://schemas.microsoft.com/developer/msbuild/2003">
  <ItemGroup>
    <Filter Include="Source Files">
      <UniqueIdentifier>{4FC737F1-C7A5-4376-A066-2A32D752A2FF}</UniqueIdentifier>
      <Extensions>cpp;c;cc;cxx;def;odl;idl;hpj;bat;asm;asmx</Extensions>
    </Filter>
    <Filter Include="Header Files">
      <UniqueIdentifier>{93995380-89BD-4b04-88EB-625FBE52EBFB}</UniqueIdentifier>
      <Extensions>h;hh;hpp;hxx;hm;inl;inc;xsd</Extensions>
    </Filter>
    <Filter Include="Test Scripts">
      <UniqueIdentifier>{63b52744-5704-42f4-84ef-4c888e892158}</UniqueIdentifier>
      <Extensions>PS1</Extensions>
    </Filter>
    <Filter Include="Match Files">
      <UniqueIdentifier>{dbb30ab2-6c7b-4d25-b385-2e4412e65a08}</UniqueIdentifier>
    </Filter>
  </ItemGroup>
  <ItemGroup>
    <ClCompile Include="obj_sync.c">
      <Filter>Source Files</Filter>
    </ClCompile>
    <ClCompile Include="..\..\libpmemobj\sync.c">
      <Filter>Source Files</Filter>
    </ClCompile>
    <ClCompile Include="mocks_windows.c">
      <Filter>Source Files</Filter>
    </ClCompile>
  </ItemGroup>
  <ItemGroup>
    <None Include="TEST4.PS1">
      <Filter>Test Scripts</Filter>
    </None>
    <None Include="TEST5.PS1">
      <Filter>Test Scripts</Filter>
    </None>
    <None Include="TEST6.PS1">
      <Filter>Test Scripts</Filter>
    </None>
    <None Include="TEST7.PS1">
      <Filter>Test Scripts</Filter>
    </None>
    <None Include="TEST0.PS1">
      <Filter>Test Scripts</Filter>
    </None>
    <None Include="TEST1.PS1">
      <Filter>Test Scripts</Filter>
    </None>
    <None Include="TEST2.PS1">
      <Filter>Test Scripts</Filter>
    </None>
    <None Include="TEST3.PS1">
      <Filter>Test Scripts</Filter>
    </None>
    <None Include="out2.log.match">
      <Filter>Match Files</Filter>
    </None>
    <None Include="out3.log.match">
      <Filter>Match Files</Filter>
    </None>
    <None Include="out4.log.match">
      <Filter>Match Files</Filter>
    </None>
    <None Include="out5.log.match">
      <Filter>Match Files</Filter>
    </None>
    <None Include="out6.log.match">
      <Filter>Match Files</Filter>
    </None>
    <None Include="out7.log.match">
      <Filter>Match Files</Filter>
    </None>
    <None Include="out0.log.match">
      <Filter>Match Files</Filter>
    </None>
    <None Include="out1.log.match">
      <Filter>Match Files</Filter>
    </None>
    <None Include="err3.log.match">
      <Filter>Match Files</Filter>
    </None>
    <None Include="err4.log.match">
      <Filter>Match Files</Filter>
    </None>
    <None Include="err5.log.match">
      <Filter>Match Files</Filter>
    </None>
    <None Include="err6.log.match">
      <Filter>Match Files</Filter>
    </None>
    <None Include="err0.log.match">
      <Filter>Match Files</Filter>
    </None>
    <None Include="err1.log.match">
      <Filter>Match Files</Filter>
    </None>
    <None Include="err2.log.match">
      <Filter>Match Files</Filter>
    </None>
  </ItemGroup>
  <ItemGroup>
    <ClInclude Include="mocks_windows.h">
      <Filter>Header Files</Filter>
    </ClInclude>
  </ItemGroup>
</Project>