<?xml version="1.0" encoding="utf-8"?>
<Project ToolsVersion="4.0" xmlns="http://schemas.microsoft.com/developer/msbuild/2003">
  <ItemGroup>
    <None Include="out0.log.match" />
    <None Include="README" />
    <None Include="TEST0.PS1" />
  </ItemGroup>
  <ItemGroup>
    <Filter Include="Source Files">
      <UniqueIdentifier>{caee23d7-527e-4e84-aa29-faa9cc501476}</UniqueIdentifier>
      <Extensions>cpp;c;cc;cxx;def;odl;idl;hpj;bat;asm;asmx</Extensions>
    </Filter>
  </ItemGroup>
  <ItemGroup>
    <ClCompile Include="libpmempool_check_version.c">
      <Filter>Source Files</Filter>
    </ClCompile>
  </ItemGroup>
</Project>
