<?xml version="1.0" encoding="utf-8"?>
<Project ToolsVersion="4.0" xmlns="http://schemas.microsoft.com/developer/msbuild/2003">
  <ItemGroup>
    <None Include="README" />
    <None Include="TESTS.py">
      <Filter>Test Scripts</Filter>
    </None>
  </ItemGroup>
  <ItemGroup>
    <Filter Include="Source Files">
      <UniqueIdentifier>{06b70714-04ff-4d74-8f1d-eb33a3318a3c}</UniqueIdentifier>
    </Filter>
    <Filter Include="Header Files">
      <UniqueIdentifier>{06b70714-04ff-4d74-8f1d-eb33a3318a3c}</UniqueIdentifier>
    </Filter>
    <Filter Include="Test Scripts">
      <UniqueIdentifier>{f6970093-c229-475a-a462-7718dc17b32e}</UniqueIdentifier>
    </Filter>
  </ItemGroup>
  <ItemGroup>
    <ClCompile Include="obj_defrag_advanced.c">
      <Filter>Source Files</Filter>
    </ClCompile>
    <ClCompile Include="pgraph.c">
      <Filter>Source Files</Filter>
    </ClCompile>
    <ClCompile Include="vgraph.c">
      <Filter>Source Files</Filter>
    </ClCompile>
    <ClCompile Include="..\..\common\rand.c">
      <Filter>Source Files</Filter>
    </ClCompile>
    <ClCompile Include="..\..\core\os_thread_windows.c">
      <Filter>Source Files</Filter>
    </ClCompile>
  </ItemGroup>
  <ItemGroup>
    <ClInclude Include="pgraph.h">
      <Filter>Header Files</Filter>
    </ClInclude>
    <ClInclude Include="vgraph.h">
      <Filter>Header Files</Filter>
    </ClInclude>
    <ClInclude Include="..\..\core\os_thread.h">
      <Filter>Header Files</Filter>
    </ClInclude>
    <ClInclude Include="..\..\common\rand.h">
      <Filter>Header Files</Filter>
    </ClInclude>
    <ClInclude Include="..\unittest\unittest.h">
      <Filter>Header Files</Filter>
    </ClInclude>
  </ItemGroup>
</Project>