<?xml version="1.0" encoding="utf-8"?>
<Project ToolsVersion="4.0" xmlns="http://schemas.microsoft.com/developer/msbuild/2003">
  <ItemGroup>
    <ClCompile Include="..\..\src\libpmemlog\libpmemlog.c">
      <Filter>Source Files</Filter>
    </ClCompile>
    <ClCompile Include="libpmemlog_main.c">
      <Filter>Source Files</Filter>
    </ClCompile>
    <ClCompile Include="..\..\src\libpmemlog\log.c">
      <Filter>Source Files</Filter>
    </ClCompile>
    <ClCompile Include="..\common\uuid_windows.c">
      <Filter>Source Files</Filter>
    </ClCompile>
    <ClCompile Include="..\common\uuid.c">
      <Filter>Source Files</Filter>
    </ClCompile>
    <ClCompile Include="..\common\util_windows.c">
      <Filter>Source Files</Filter>
    </ClCompile>
    <ClCompile Include="..\common\util.c">
      <Filter>Source Files</Filter>
    </ClCompile>
    <ClCompile Include="..\common\set.c">
      <Filter>Source Files</Filter>
    </ClCompile>
    <ClCompile Include="..\common\pool_hdr.c">
      <Filter>Source Files</Filter>
    </ClCompile>
    <ClCompile Include="..\common\out.c">
      <Filter>Source Files</Filter>
    </ClCompile>
    <ClCompile Include="..\common\mmap_windows.c">
      <Filter>Source Files</Filter>
    </ClCompile>
    <ClCompile Include="..\common\fs_windows.c">
      <Filter>Source Files</Filter>
    </ClCompile>
    <ClCompile Include="..\common\mmap.c">
      <Filter>Source Files</Filter>
    </ClCompile>
    <ClCompile Include="..\common\file_windows.c">
      <Filter>Source Files</Filter>
    </ClCompile>
    <ClCompile Include="..\common\file.c">
      <Filter>Source Files</Filter>
    </ClCompile>
    <ClCompile Include="..\common\os_windows.c">
      <Filter>Source Files</Filter>
    </ClCompile>
    <ClCompile Include="..\common\os_thread_windows.c">
      <Filter>Source Files</Filter>
    </ClCompile>
    <ClCompile Include="..\common\shutdown_state.c">
      <Filter>Source Files</Filter>
    </ClCompile>
    <ClCompile Include="..\common\os_dimm_windows.c">
      <Filter>Source Files</Filter>
    </ClCompile>
    <ClCompile Include="..\common\os_deep_windows.c">
      <Filter>Source Files</Filter>
    </ClCompile>
    <ClCompile Include="..\common\os_auto_flush_windows.c">
      <Filter>Source Files</Filter>
    </ClCompile>
    <ClCompile Include="..\common\badblock.c">
      <Filter>Source Files</Filter>
    </ClCompile>
    <ClCompile Include="..\common\badblock_none.c">
      <Filter>Source Files</Filter>
    </ClCompile>
    <ClCompile Include="..\common\ctl.c">
      <Filter>Source Files</Filter>
    </ClCompile>
    <ClCompile Include="..\common\ctl_prefault.c">
      <Filter>Source Files</Filter>
    </ClCompile>
    <ClCompile Include="..\common\ctl_sds.c">
      <Filter>Source Files</Filter>
    </ClCompile>
    <ClCompile Include="..\common\alloc.c">
      <Filter>Source Files</Filter>
    </ClCompile>
    <ClCompile Include="..\common\ctl_fallocate.c">
      <Filter>Source Files</Filter>
    </ClCompile>
    <ClCompile Include="..\common\ctl_cow.c">
      <Filter>Source Files</Filter>
    </ClCompile>
  </ItemGroup>
  <ItemGroup>
    <ClInclude Include="..\..\src\common\out.h" />
    <ClInclude Include="..\..\src\common\util.h" />
    <ClInclude Include="..\..\src\common\valgrind_internal.h" />
    <ClInclude Include="..\..\src\include\libpmemlog.h" />
    <ClInclude Include="..\..\src\libpmemlog\log.h" />
    <ClInclude Include="..\common\alloc.h" />
    <ClInclude Include="..\common\ctl.h" />
    <ClInclude Include="..\common\ctl_global.h" />
    <ClInclude Include="..\common\dlsym.h" />
    <ClInclude Include="..\common\fault_injection.h" />
    <ClInclude Include="..\common\file.h" />
    <ClInclude Include="..\common\fs.h" />
    <ClInclude Include="..\common\mmap.h" />
    <ClInclude Include="..\common\os.h" />
    <ClInclude Include="..\common\os_auto_flush.h" />
    <ClInclude Include="..\common\os_deep.h" />
    <ClInclude Include="..\common\os_thread.h" />
    <ClInclude Include="..\common\pmemcommon.h" />
    <ClInclude Include="..\common\pool_hdr.h" />
    <ClInclude Include="..\common\set.h" />
    <ClInclude Include="..\common\sys_util.h" />
    <ClInclude Include="..\common\uuid.h" />
  </ItemGroup>
  <ItemGroup>
    <ResourceCompile Include="libpmemlog.rc" />
  </ItemGroup>
  <ItemGroup>
    <None Include="libpmemlog.def" />
  </ItemGroup>
</Project>
