<?xml version="1.0" encoding="utf-8"?>
<Project ToolsVersion="4.0" xmlns="http://schemas.microsoft.com/developer/msbuild/2003">
  <ItemGroup>
    <Filter Include="Source Files">
      <UniqueIdentifier>{4FC737F1-C7A5-4376-A066-2A32D752A2FF}</UniqueIdentifier>
      <Extensions>cpp;c;cc;cxx;def;odl;idl;hpj;bat;asm;asmx</Extensions>
    </Filter>
    <Filter Include="Match Files">
      <UniqueIdentifier>{03a993fe-2752-49fc-976d-478a44151416}</UniqueIdentifier>
      <Extensions>match</Extensions>
    </Filter>
    <Filter Include="Test Scripts">
      <UniqueIdentifier>{6b3b8be1-eb30-4beb-8e5b-e5e7acbfdd8d}</UniqueIdentifier>
      <Extensions>ps1</Extensions>
    </Filter>
    <Filter Include="Pool Set Files">
      <UniqueIdentifier>{68c74d6a-bdc3-4715-a9f6-1de0a5f71852}</UniqueIdentifier>
      <Extensions>set</Extensions>
    </Filter>
  </ItemGroup>
  <ItemGroup>
    <ClCompile Include="util_poolset_parse.c">
      <Filter>Source Files</Filter>
    </ClCompile>
  </ItemGroup>
  <ItemGroup>
    <None Include="pool0w.set">
      <Filter>Pool Set Files</Filter>
    </None>
    <None Include="pool1w.set">
      <Filter>Pool Set Files</Filter>
    </None>
    <None Include="pool2w.set">
      <Filter>Pool Set Files</Filter>
    </None>
    <None Include="pool3w.set">
      <Filter>Pool Set Files</Filter>
    </None>
    <None Include="pool4w.set">
      <Filter>Pool Set Files</Filter>
    </None>
    <None Include="pool5w.set">
      <Filter>Pool Set Files</Filter>
    </None>
    <None Include="pool6w.set">
      <Filter>Pool Set Files</Filter>
    </None>
    <None Include="pool7w.set">
      <Filter>Pool Set Files</Filter>
    </None>
    <None Include="pool8w.set">
      <Filter>Pool Set Files</Filter>
    </None>
    <None Include="pool9w.set">
      <Filter>Pool Set Files</Filter>
    </None>
    <None Include="pool10w.set">
      <Filter>Pool Set Files</Filter>
    </None>
    <None Include="pool11w.set">
      <Filter>Pool Set Files</Filter>
    </None>
    <None Include="pool12w.set">
      <Filter>Pool Set Files</Filter>
    </None>
    <None Include="pool13w.set">
      <Filter>Pool Set Files</Filter>
    </None>
    <None Include="pool14w.set">
      <Filter>Pool Set Files</Filter>
    </None>
    <None Include="pool15w.set">
      <Filter>Pool Set Files</Filter>
    </None>
    <None Include="pool16w.set">
      <Filter>Pool Set Files</Filter>
    </None>
    <None Include="pool17w.set">
      <Filter>Pool Set Files</Filter>
    </None>
    <None Include="pool18w.set">
      <Filter>Pool Set Files</Filter>
    </None>
    <None Include="pool19w.set">
      <Filter>Pool Set Files</Filter>
    </None>
    <None Include="pool20w.set">
      <Filter>Pool Set Files</Filter>
    </None>
    <None Include="pool21w.set">
      <Filter>Pool Set Files</Filter>
    </None>
    <None Include="pool22w.set">
      <Filter>Pool Set Files</Filter>
    </None>
    <None Include="pool23w.set">
      <Filter>Pool Set Files</Filter>
    </None>
    <None Include="pool24w.set">
      <Filter>Pool Set Files</Filter>
    </None>
    <None Include="pool25w.set">
      <Filter>Pool Set Files</Filter>
    </None>
    <None Include="pool26w.set">
      <Filter>Pool Set Files</Filter>
    </None>
    <None Include="pool27w.set">
      <Filter>Pool Set Files</Filter>
    </None>
    <None Include="pool28w.set">
      <Filter>Pool Set Files</Filter>
    </None>
    <None Include="pool29w.set">
      <Filter>Pool Set Files</Filter>
    </None>
    <None Include="pool30w.set">
      <Filter>Pool Set Files</Filter>
    </None>
    <None Include="pool31w.set">
      <Filter>Pool Set Files</Filter>
    </None>
    <None Include="pool32w.set">
      <Filter>Pool Set Files</Filter>
    </None>
    <None Include="pool33w.set">
      <Filter>Pool Set Files</Filter>
    </None>
    <None Include="pool34w.set">
      <Filter>Pool Set Files</Filter>
    </None>
    <None Include="pool35w.set">
      <Filter>Pool Set Files</Filter>
    </None>
    <None Include="pool36w.set">
      <Filter>Pool Set Files</Filter>
    </None>
    <None Include="pool37w.set">
      <Filter>Pool Set Files</Filter>
    </None>
    <None Include="pool38w.set">
      <Filter>Pool Set Files</Filter>
    </None>
    <None Include="pool39w.set">
      <Filter>Pool Set Files</Filter>
    </None>
    <None Include="pool40w.set">
      <Filter>Pool Set Files</Filter>
    </None>
    <None Include="pool41w.set">
      <Filter>Pool Set Files</Filter>
    </None>
    <None Include="pool42w.set">
      <Filter>Pool Set Files</Filter>
    </None>
    <None Include="pool43w.set">
      <Filter>Pool Set Files</Filter>
    </None>
    <None Include="pool44w.set">
      <Filter>Pool Set Files</Filter>
    </None>
    <None Include="pool45w.set">
      <Filter>Pool Set Files</Filter>
    </None>
    <None Include="pool46w.set">
      <Filter>Pool Set Files</Filter>
    </None>
    <None Include="pool47w.set">
      <Filter>Pool Set Files</Filter>
    </None>
    <None Include="pool48w.set">
      <Filter>Pool Set Files</Filter>
    </None>
    <None Include="pool49w.set">
      <Filter>Pool Set Files</Filter>
    </None>
    <None Include="pool50w.set">
      <Filter>Pool Set Files</Filter>
    </None>
    <None Include="pool51w.set">
      <Filter>Pool Set Files</Filter>
    </None>
    <None Include="pool52w.set">
      <Filter>Pool Set Files</Filter>
    </None>
    <None Include="grep0w.log.match">
      <Filter>Match Files</Filter>
    </None>
    <None Include="TEST0w.PS1">
      <Filter>Test Scripts</Filter>
    </None>
  </ItemGroup>
</Project>