<?xml version="1.0" encoding="utf-8"?>
<Project ToolsVersion="4.0" xmlns="http://schemas.microsoft.com/developer/msbuild/2003">
  <ItemGroup>
    <ClCompile Include="util_parse_size.c">
      <Filter>Source Files</Filter>
    </ClCompile>
    <ClCompile Include="..\..\core\util.c">
      <Filter>Source Files</Filter>
    </ClCompile>
    <ClCompile Include="util_parse_size.c">
      <Filter>Source Files</Filter>
    </ClCompile>
  </ItemGroup>
  <ItemGroup>
    <None Include="TEST0.PS1">
      <Filter>Test Scripts</Filter>
    </None>
    <None Include="out0.log.match">
      <Filter>Match Files</Filter>
    </None>
  </ItemGroup>
  <ItemGroup>
    <None Include="TEST0.PS1">
      <Filter>Test Scripts</Filter>
    </None>
    <None Include="out0.log.match">
      <Filter>Match Files</Filter>
    </None>
  </ItemGroup>
  <ItemGroup>
    <Filter Include="Source Files">
      <UniqueIdentifier>{123c699c-29a6-434e-8584-36f216dcc624}</UniqueIdentifier>
      <Extensions>cpp;c;cc;cxx;def;odl;idl;hpj;bat;asm;asmx</Extensions>
    </Filter>
    <Filter Include="Match Files">
      <UniqueIdentifier>{3bb361b7-844f-4234-9a67-39f6ae260599}</UniqueIdentifier>
      <Extensions>match</Extensions>
    </Filter>
    <Filter Include="Test Scripts">
      <UniqueIdentifier>{2f14a64d-7d7c-4617-ae54-6ec929e6b689}</UniqueIdentifier>
      <Extensions>ps1</Extensions>
    </Filter>
  </ItemGroup>
</Project>
