<?xml version="1.0" encoding="utf-8"?>
<Project ToolsVersion="4.0" xmlns="http://schemas.microsoft.com/developer/msbuild/2003">
  <ItemGroup>
    <Filter Include="Header Files">
      <UniqueIdentifier>{b263d2a8-4e00-4310-ae46-f24fc6aa8f4f}</UniqueIdentifier>
    </Filter>
    <Filter Include="Source Files">
      <UniqueIdentifier>{f7a2eae5-3cc9-452a-801d-73ca2d879931}</UniqueIdentifier>
    </Filter>
  </ItemGroup>
  <ItemGroup>
    <ClInclude Include="map_skiplist.h">
      <Filter>Header Files</Filter>
    </ClInclude>
    <ClInclude Include="map_rbtree.h">
      <Filter>Header Files</Filter>
    </ClInclude>
    <ClInclude Include="map_hashmap_tx.h">
      <Filter>Header Files</Filter>
    </ClInclude>
    <ClInclude Include="map_hashmap_atomic.h">
      <Filter>Header Files</Filter>
    </ClInclude>
    <ClInclude Include="map_ctree.h">
      <Filter>Header Files</Filter>
    </ClInclude>
    <ClInclude Include="map_btree.h">
      <Filter>Header Files</Filter>
    </ClInclude>
    <ClInclude Include="map.h">
      <Filter>Header Files</Filter>
    </ClInclude>
  </ItemGroup>
  <ItemGroup>
    <ClCompile Include="map_skiplist.c">
      <Filter>Source Files</Filter>
    </ClCompile>
    <ClCompile Include="map_rbtree.c">
      <Filter>Source Files</Filter>
    </ClCompile>
    <ClCompile Include="map_hashmap_tx.c">
      <Filter>Source Files</Filter>
    </ClCompile>
    <ClCompile Include="map_hashmap_atomic.c">
      <Filter>Source Files</Filter>
    </ClCompile>
    <ClCompile Include="map_ctree.c">
      <Filter>Source Files</Filter>
    </ClCompile>
    <ClCompile Include="map_btree.c">
      <Filter>Source Files</Filter>
    </ClCompile>
    <ClCompile Include="map.c">
      <Filter>Source Files</Filter>
    </ClCompile>
    <ClCompile Include="map_rtree.c">
      <Filter>Source Files</Filter>
    </ClCompile>
  </ItemGroup>
</Project>