<?xml version="1.0" encoding="utf-8"?>
<Project ToolsVersion="4.0" xmlns="http://schemas.microsoft.com/developer/msbuild/2003">
  <ItemGroup>
    <Filter Include="Source Files">
      <UniqueIdentifier>{06c9800c-75d9-4122-8dc3-e4018acb43fd}</UniqueIdentifier>
    </Filter>
  </ItemGroup>
  <ItemGroup>
    <ClCompile Include="pmemobjcli.c">
      <Filter>Source Files</Filter>
    </ClCompile>
  </ItemGroup>
</Project>