<?xml version="1.0" encoding="utf-8"?>
<Project ToolsVersion="4.0" xmlns="http://schemas.microsoft.com/developer/msbuild/2003">
  <ItemGroup>
    <Filter Include="Source Files">
      <UniqueIdentifier>{c2b89085-7edf-4ec6-ba39-4feedfe85a92}</UniqueIdentifier>
    </Filter>
    <Filter Include="Tests Scripts">
      <UniqueIdentifier>{30272684-6afe-496f-ad02-c05307e4aac0}</UniqueIdentifier>
    </Filter>
  </ItemGroup>
  <ItemGroup>
    <None Include="TEST0.PS1">
      <Filter>Tests Scripts</Filter>
    </None>
    <None Include="TEST1.PS1">
      <Filter>Tests Scripts</Filter>
    </None>
  </ItemGroup>
  <ItemGroup>
    <ClCompile Include="vmem_calloc.c">
      <Filter>Source Files</Filter>
    </ClCompile>
  </ItemGroup>
</Project>