<?xml version="1.0" encoding="utf-8"?>
<Project ToolsVersion="14.0" xmlns="http://schemas.microsoft.com/developer/msbuild/2003">
  <ItemGroup>
    <Filter Include="Header Files">
      <UniqueIdentifier>{16473205-8f12-4d4c-b1e9-e14ea3013e70}</UniqueIdentifier>
      <Extensions>h</Extensions>
    </Filter>
    <Filter Include="Source Files">
      <UniqueIdentifier>{17275273-f923-45ff-9b7e-b2ea76561168}</UniqueIdentifier>
      <Extensions>c;def</Extensions>
    </Filter>
  </ItemGroup>
  <ItemGroup>
    <ClCompile Include="..\libpmem2\libpmem2.c">
      <Filter>Source Files</Filter>
    </ClCompile>
    <ClCompile Include="..\libpmem2\pmem2.c">
      <Filter>Source Files</Filter>
    </ClCompile>
    <ClCompile Include="..\libpmem2\libpmem2_main.c">
      <Filter>Source Files</Filter>
    </ClCompile>
    <ClCompile Include="..\common\alloc.c">
      <Filter>Source Files</Filter>
    </ClCompile>
    <ClCompile Include="..\common\os_thread_windows.c">
      <Filter>Source Files</Filter>
    </ClCompile>
    <ClCompile Include="..\common\out.c">
      <Filter>Source Files</Filter>
    </ClCompile>
    <ClCompile Include="..\common\util.c">
      <Filter>Source Files</Filter>
    </ClCompile>
    <ClCompile Include="..\common\util_windows.c">
      <Filter>Source Files</Filter>
    </ClCompile>
    <ClCompile Include="..\common\os_windows.c">
      <Filter>Source Files</Filter>
    </ClCompile>
  </ItemGroup>
  <ItemGroup>
    <ClInclude Include="..\libpmem2\pmem2.h">
      <Filter>Header Files</Filter>
    </ClInclude>
    <ClInclude Include="..\include\libpmem2.h">
      <Filter>Header Files</Filter>
    </ClInclude>
    <ClInclude Include="..\common\os_thread.h">
      <Filter>Source Files</Filter>
    </ClInclude>
  </ItemGroup>
  <ItemGroup>
    <None Include="libpmem2.def">
      <Filter>Source Files</Filter>
    </None>
  </ItemGroup>
  <ItemGroup>
    <ResourceCompile Include="libpmem2.rc">
      <Filter>Source Files</Filter>
    </ResourceCompile>
  </ItemGroup>
</Project>