<?xml version="1.0" encoding="utf-8"?>
<Project ToolsVersion="14.0" xmlns="http://schemas.microsoft.com/developer/msbuild/2003">
  <ItemGroup>
    <Filter Include="Header Files">
      <UniqueIdentifier>{16473205-8f12-4d4c-b1e9-e14ea3013e70}</UniqueIdentifier>
      <Extensions>h</Extensions>
    </Filter>
    <Filter Include="Source Files">
      <UniqueIdentifier>{17275273-f923-45ff-9b7e-b2ea76561168}</UniqueIdentifier>
      <Extensions>c;def</Extensions>
    </Filter>
  </ItemGroup>
  <ItemGroup>
    <ClCompile Include="..\..\src\libpmem\libpmem.c">
      <Filter>Source Files</Filter>
    </ClCompile>
    <ClCompile Include="..\libpmem\libpmem_main.c">
      <Filter>Source Files</Filter>
    </ClCompile>
    <ClCompile Include="..\..\src\libpmem\pmem.c">
      <Filter>Source Files</Filter>
    </ClCompile>
    <ClCompile Include="..\..\src\libpmem2\x86_64\cpu.c">
      <Filter>Source Files</Filter>
    </ClCompile>
    <ClCompile Include="..\..\src\libpmem2\x86_64\init.c">
      <Filter>Source Files</Filter>
    </ClCompile>
    <ClCompile Include="..\windows\win_mmap.c">
      <Filter>Source Files</Filter>
    </ClCompile>
    <ClCompile Include="pmem_windows.c">
      <Filter>Source Files</Filter>
    </ClCompile>
    <ClCompile Include="..\common\file.c">
      <Filter>Source Files</Filter>
    </ClCompile>
    <ClCompile Include="..\common\file_windows.c">
      <Filter>Source Files</Filter>
    </ClCompile>
    <ClCompile Include="..\common\mmap.c">
      <Filter>Source Files</Filter>
    </ClCompile>
    <ClCompile Include="..\common\mmap_windows.c">
      <Filter>Source Files</Filter>
    </ClCompile>
    <ClCompile Include="..\core\fs_windows.c">
      <Filter>Source Files</Filter>
    </ClCompile>
    <ClCompile Include="..\core\out.c">
      <Filter>Source Files</Filter>
    </ClCompile>
    <ClCompile Include="..\common\pool_hdr.c">
      <Filter>Source Files</Filter>
    </ClCompile>
    <ClCompile Include="..\core\util.c">
      <Filter>Source Files</Filter>
    </ClCompile>
    <ClCompile Include="..\core\util_windows.c">
      <Filter>Source Files</Filter>
    </ClCompile>
    <ClCompile Include="..\common\uuid_windows.c">
      <Filter>Source Files</Filter>
    </ClCompile>
    <ClCompile Include="..\core\os_windows.c">
      <Filter>Source Files</Filter>
    </ClCompile>
    <ClCompile Include="..\core\os_thread_windows.c">
      <Filter>Source Files</Filter>
    </ClCompile>
    <ClCompile Include="..\common\os_dimm_windows.c">
      <Filter>Source Files</Filter>
    </ClCompile>
    <ClCompile Include="..\common\os_deep_windows.c">
      <Filter>Source Files</Filter>
    </ClCompile>
    <ClCompile Include="..\..\src\libpmem2\x86_64\memcpy\memcpy_nt_sse2_clflush.c">
      <Filter>Source Files</Filter>
    </ClCompile>
    <ClCompile Include="..\..\src\libpmem2\x86_64\memcpy\memcpy_nt_sse2_clflushopt.c">
      <Filter>Source Files</Filter>
    </ClCompile>
    <ClCompile Include="..\..\src\libpmem2\x86_64\memcpy\memcpy_nt_sse2_clwb.c">
      <Filter>Source Files</Filter>
    </ClCompile>
    <ClCompile Include="..\..\src\libpmem2\x86_64\memcpy\memcpy_nt_sse2_empty.c">
      <Filter>Source Files</Filter>
    </ClCompile>
    <ClCompile Include="..\..\src\libpmem2\x86_64\memcpy\memcpy_nt_sse2_noflush.c">
      <Filter>Source Files</Filter>
    </ClCompile>
    <ClCompile Include="..\..\src\libpmem2\x86_64\memcpy\memcpy_nt_avx_clflush.c">
      <Filter>Source Files</Filter>
    </ClCompile>
    <ClCompile Include="..\..\src\libpmem2\x86_64\memcpy\memcpy_nt_avx_clflushopt.c">
      <Filter>Source Files</Filter>
    </ClCompile>
    <ClCompile Include="..\..\src\libpmem2\x86_64\memcpy\memcpy_nt_avx_clwb.c">
      <Filter>Source Files</Filter>
    </ClCompile>
    <ClCompile Include="..\..\src\libpmem2\x86_64\memcpy\memcpy_nt_avx_empty.c">
      <Filter>Source Files</Filter>
    </ClCompile>
    <ClCompile Include="..\..\src\libpmem2\x86_64\memcpy\memcpy_nt_avx_noflush.c">
      <Filter>Source Files</Filter>
    </ClCompile>
    <ClCompile Include="..\..\src\libpmem2\x86_64\memcpy\memcpy_t_sse2_clflush.c">
      <Filter>Source Files</Filter>
    </ClCompile>
    <ClCompile Include="..\..\src\libpmem2\x86_64\memcpy\memcpy_t_sse2_clflushopt.c">
      <Filter>Source Files</Filter>
    </ClCompile>
    <ClCompile Include="..\..\src\libpmem2\x86_64\memcpy\memcpy_t_sse2_clwb.c">
      <Filter>Source Files</Filter>
    </ClCompile>
    <ClCompile Include="..\..\src\libpmem2\x86_64\memcpy\memcpy_t_sse2_empty.c">
      <Filter>Source Files</Filter>
    </ClCompile>
    <ClCompile Include="..\..\src\libpmem2\x86_64\memcpy\memcpy_t_sse2_noflush.c">
      <Filter>Source Files</Filter>
    </ClCompile>
    <ClCompile Include="..\..\src\libpmem2\x86_64\memcpy\memcpy_t_avx_clflush.c">
      <Filter>Source Files</Filter>
    </ClCompile>
    <ClCompile Include="..\..\src\libpmem2\x86_64\memcpy\memcpy_t_avx_clflushopt.c">
      <Filter>Source Files</Filter>
    </ClCompile>
    <ClCompile Include="..\..\src\libpmem2\x86_64\memcpy\memcpy_t_avx_clwb.c">
      <Filter>Source Files</Filter>
    </ClCompile>
    <ClCompile Include="..\..\src\libpmem2\x86_64\memcpy\memcpy_t_avx_empty.c">
      <Filter>Source Files</Filter>
    </ClCompile>
    <ClCompile Include="..\..\src\libpmem2\x86_64\memcpy\memcpy_t_avx_noflush.c">
      <Filter>Source Files</Filter>
    </ClCompile>
    <ClCompile Include="..\..\src\libpmem2\x86_64\memset\memset_nt_sse2_clflush.c">
      <Filter>Source Files</Filter>
    </ClCompile>
    <ClCompile Include="..\..\src\libpmem2\x86_64\memset\memset_nt_sse2_clflushopt.c">
      <Filter>Source Files</Filter>
    </ClCompile>
    <ClCompile Include="..\..\src\libpmem2\x86_64\memset\memset_nt_sse2_clwb.c">
      <Filter>Source Files</Filter>
    </ClCompile>
    <ClCompile Include="..\..\src\libpmem2\x86_64\memset\memset_nt_sse2_empty.c">
      <Filter>Source Files</Filter>
    </ClCompile>
    <ClCompile Include="..\..\src\libpmem2\x86_64\memset\memset_nt_sse2_noflush.c">
      <Filter>Source Files</Filter>
    </ClCompile>
    <ClCompile Include="..\..\src\libpmem2\x86_64\memset\memset_nt_avx_clflush.c">
      <Filter>Source Files</Filter>
    </ClCompile>
    <ClCompile Include="..\..\src\libpmem2\x86_64\memset\memset_nt_avx_clflushopt.c">
      <Filter>Source Files</Filter>
    </ClCompile>
    <ClCompile Include="..\..\src\libpmem2\x86_64\memset\memset_nt_avx_clwb.c">
      <Filter>Source Files</Filter>
    </ClCompile>
    <ClCompile Include="..\..\src\libpmem2\x86_64\memset\memset_nt_avx_empty.c">
      <Filter>Source Files</Filter>
    </ClCompile>
    <ClCompile Include="..\..\src\libpmem2\x86_64\memset\memset_nt_avx_noflush.c">
      <Filter>Source Files</Filter>
    </ClCompile>
    <ClCompile Include="..\..\src\libpmem2\x86_64\memset\memset_t_sse2_clflush.c">
      <Filter>Source Files</Filter>
    </ClCompile>
    <ClCompile Include="..\..\src\libpmem2\x86_64\memset\memset_t_sse2_clflushopt.c">
      <Filter>Source Files</Filter>
    </ClCompile>
    <ClCompile Include="..\..\src\libpmem2\x86_64\memset\memset_t_sse2_clwb.c">
      <Filter>Source Files</Filter>
    </ClCompile>
    <ClCompile Include="..\..\src\libpmem2\x86_64\memset\memset_t_sse2_empty.c">
      <Filter>Source Files</Filter>
    </ClCompile>
    <ClCompile Include="..\..\src\libpmem2\x86_64\memset\memset_t_sse2_noflush.c">
      <Filter>Source Files</Filter>
    </ClCompile>
    <ClCompile Include="..\..\src\libpmem2\x86_64\memset\memset_t_avx_clflush.c">
      <Filter>Source Files</Filter>
    </ClCompile>
    <ClCompile Include="..\..\src\libpmem2\x86_64\memset\memset_t_avx_clflushopt.c">
      <Filter>Source Files</Filter>
    </ClCompile>
    <ClCompile Include="..\..\src\libpmem2\x86_64\memset\memset_t_avx_clwb.c">
      <Filter>Source Files</Filter>
    </ClCompile>
    <ClCompile Include="..\..\src\libpmem2\x86_64\memset\memset_t_avx_empty.c">
      <Filter>Source Files</Filter>
    </ClCompile>
    <ClCompile Include="..\..\src\libpmem2\x86_64\memset\memset_t_avx_noflush.c">
      <Filter>Source Files</Filter>
    </ClCompile>
    <ClCompile Include="..\libpmem2\memops_generic.c">
      <Filter>Source Files</Filter>
    </ClCompile>
    <ClCompile Include="..\core\alloc.c">
      <Filter>Source Files</Filter>
    </ClCompile>
    <ClCompile Include="..\libpmem2\config.c">
      <Filter>Source Files</Filter>
    </ClCompile>
    <ClCompile Include="..\libpmem2\source.c">
      <Filter>Source Files</Filter>
    </ClCompile>
    <ClCompile Include="..\libpmem2\source_windows.c">
      <Filter>Source Files</Filter>
    </ClCompile>
    <ClCompile Include="..\libpmem2\pmem2_utils.c">
      <Filter>Source Files</Filter>
    </ClCompile>
    <ClCompile Include="..\libpmem2\pmem2_utils_other.c">
      <Filter>Source Files</Filter>
    </ClCompile>
    <ClCompile Include="..\libpmem2\auto_flush_windows.c">
      <Filter>Source Files</Filter>
    </ClCompile>
  </ItemGroup>
  <ItemGroup>
    <ClInclude Include="..\..\src\core\out.h">
      <Filter>Header Files</Filter>
    </ClInclude>
    <ClInclude Include="..\..\src\libpmem\pmem.h">
      <Filter>Header Files</Filter>
    </ClInclude>
    <ClInclude Include="..\..\src\core\util.h">
      <Filter>Header Files</Filter>
    </ClInclude>
    <ClInclude Include="..\..\src\common\valgrind_internal.h">
      <Filter>Header Files</Filter>
    </ClInclude>
    <ClInclude Include="..\..\src\include\libpmem.h">
      <Filter>Header Files</Filter>
    </ClInclude>
    <ClInclude Include="..\common\file.h">
      <Filter>Header Files</Filter>
    </ClInclude>
    <ClInclude Include="..\windows\include\win_mmap.h">
      <Filter>Header Files</Filter>
    </ClInclude>
    <ClInclude Include="..\common\dlsym.h">
      <Filter>Header Files</Filter>
    </ClInclude>
    <ClInclude Include="..\common\mmap.h">
      <Filter>Header Files</Filter>
    </ClInclude>
    <ClInclude Include="..\common\pool_hdr.h">
      <Filter>Header Files</Filter>
    </ClInclude>
    <ClInclude Include="..\common\set.h">
      <Filter>Header Files</Filter>
    </ClInclude>
    <ClInclude Include="..\common\sys_util.h">
      <Filter>Header Files</Filter>
    </ClInclude>
    <ClInclude Include="..\common\uuid.h">
      <Filter>Header Files</Filter>
    </ClInclude>
    <ClInclude Include="..\core\fs.h">
      <Filter>Header Files</Filter>
    </ClInclude>
    <ClInclude Include="..\core\os.h">
      <Filter>Header Files</Filter>
    </ClInclude>
    <ClInclude Include="..\common\os_deep.h">
      <Filter>Header Files</Filter>
    </ClInclude>
    <ClInclude Include="..\core\os_thread.h">
      <Filter>Header Files</Filter>
    </ClInclude>
    <ClInclude Include="..\libpmem2\x86_64\memcpy\memcpy_avx512f.h">
      <Filter>Header Files</Filter>
    </ClInclude>
    <ClInclude Include="..\libpmem2\x86_64\memcpy\memcpy_nt_avx.h">
      <Filter>Header Files</Filter>
    </ClInclude>
    <ClInclude Include="..\libpmem2\x86_64\memcpy\memcpy_nt_avx512f.h">
      <Filter>Header Files</Filter>
    </ClInclude>
    <ClInclude Include="..\libpmem2\x86_64\memcpy\memcpy_nt_sse2.h">
      <Filter>Header Files</Filter>
    </ClInclude>
    <ClInclude Include="..\libpmem2\x86_64\memcpy\memcpy_t_avx.h">
      <Filter>Header Files</Filter>
    </ClInclude>
    <ClInclude Include="..\libpmem2\x86_64\memcpy\memcpy_t_avx512f.h">
      <Filter>Header Files</Filter>
    </ClInclude>
    <ClInclude Include="..\libpmem2\x86_64\memcpy\memcpy_t_sse2.h">
      <Filter>Header Files</Filter>
    </ClInclude>
    <ClInclude Include="..\libpmem2\x86_64\memset\memset_avx512f.h">
      <Filter>Header Files</Filter>
    </ClInclude>
    <ClInclude Include="..\libpmem2\x86_64\memset\memset_nt_avx.h">
      <Filter>Header Files</Filter>
    </ClInclude>
    <ClInclude Include="..\libpmem2\x86_64\memset\memset_nt_avx512f.h">
      <Filter>Header Files</Filter>
    </ClInclude>
    <ClInclude Include="..\libpmem2\x86_64\memset\memset_nt_sse2.h">
      <Filter>Header Files</Filter>
    </ClInclude>
    <ClInclude Include="..\libpmem2\x86_64\memset\memset_t_avx.h">
      <Filter>Header Files</Filter>
    </ClInclude>
    <ClInclude Include="..\libpmem2\x86_64\memset\memset_t_avx512f.h">
      <Filter>Header Files</Filter>
    </ClInclude>
    <ClInclude Include="..\libpmem2\x86_64\memset\memset_t_sse2.h">
      <Filter>Header Files</Filter>
    </ClInclude>
    <ClInclude Include="..\libpmem2\x86_64\memset\memset_avx.h">
      <Filter>Header Files</Filter>
    </ClInclude>
    <ClInclude Include="..\libpmem2\x86_64\memset\memset_sse2.h">
      <Filter>Header Files</Filter>
    </ClInclude>
    <ClInclude Include="..\libpmem2\x86_64\memcpy\memcpy_avx.h">
      <Filter>Header Files</Filter>
    </ClInclude>
    <ClInclude Include="..\libpmem2\x86_64\memcpy\memcpy_sse2.h">
      <Filter>Header Files</Filter>
    </ClInclude>
    <ClInclude Include="..\libpmem2\x86_64\avx.h">
      <Filter>Header Files</Filter>
    </ClInclude>
    <ClInclude Include="..\libpmem2\x86_64\flush.h">
      <Filter>Header Files</Filter>
    </ClInclude>
    <ClInclude Include="..\libpmem2\x86_64\memcpy_memset.h">
      <Filter>Header Files</Filter>
    </ClInclude>
    <ClInclude Include="..\core\alloc.h">
      <Filter>Header Files</Filter>
    </ClInclude>
    <ClInclude Include="..\core\fault_injection.h">
      <Filter>Header Files</Filter>
    </ClInclude>
    <ClInclude Include="..\libpmem2\config.h">
      <Filter>Header Files</Filter>
    </ClInclude>
    <ClInclude Include="..\libpmem2\pmem2_utils.h">
      <Filter>Header Files</Filter>
    </ClInclude>
    <ClInclude Include="..\libpmem2\auto_flush.h">
      <Filter>Header Files</Filter>
    </ClInclude>
    <ClInclude Include="..\libpmem2\auto_flush_windows.h">
      <Filter>Header Files</Filter>
    </ClInclude>
    <ClInclude Include="..\libpmem2\pmem2_arch.h">
      <Filter>Header Files</Filter>
    </ClInclude>
    <ClInclude Include="..\libpmem2\x86_64\cpu.h">
      <Filter>Header Files</Filter>
    </ClInclude>
    <ClInclude Include="..\libpmem2\source.h">
      <Filter>Header Files</Filter>
    </ClInclude>
  </ItemGroup>
  <ItemGroup>
    <None Include="libpmem.def">
      <Filter>Source Files</Filter>
    </None>
  </ItemGroup>
  <ItemGroup>
    <ResourceCompile Include="libpmem.rc">
      <Filter>Source Files</Filter>
    </ResourceCompile>
  </ItemGroup>
</Project>