<?xml version="1.0" encoding="utf-8"?>
<Project ToolsVersion="4.0" xmlns="http://schemas.microsoft.com/developer/msbuild/2003">
  <ItemGroup>
    <Filter Include="Source Files">
      <UniqueIdentifier>{0f7bab61-c1ad-4a74-8663-fe40f393b2eb}</UniqueIdentifier>
    </Filter>
  </ItemGroup>
  <ItemGroup>
    <ClCompile Include="full_copy.c">
      <Filter>Source Files</Filter>
    </ClCompile>
  </ItemGroup>
</Project>