<?xml version="1.0" encoding="utf-8"?>
<Project ToolsVersion="4.0" xmlns="http://schemas.microsoft.com/developer/msbuild/2003">
  <ItemGroup>
    <Filter Include="Source Files">
      <UniqueIdentifier>{4FC737F1-C7A5-4376-A066-2A32D752A2FF}</UniqueIdentifier>
      <Extensions>cpp;c;cc;cxx;def;odl;idl;hpj;bat;asm;asmx</Extensions>
    </Filter>
    <Filter Include="Header Files">
      <UniqueIdentifier>{93995380-89BD-4b04-88EB-625FBE52EBFB}</UniqueIdentifier>
      <Extensions>h;hh;hpp;hxx;hm;inl;inc;xsd</Extensions>
    </Filter>
  </ItemGroup>
  <ItemGroup>
    <ClCompile Include="alloc.c">
      <Filter>Source Files</Filter>
    </ClCompile>
    <ClCompile Include="fs_windows.c">
      <Filter>Source Files</Filter>
    </ClCompile>
    <ClCompile Include="os_thread_windows.c">
      <Filter>Source Files</Filter>
    </ClCompile>
    <ClCompile Include="os_windows.c">
      <Filter>Source Files</Filter>
    </ClCompile>
    <ClCompile Include="out.c">
      <Filter>Source Files</Filter>
    </ClCompile>
    <ClCompile Include="util.c">
      <Filter>Source Files</Filter>
    </ClCompile>
    <ClCompile Include="util_windows.c">
      <Filter>Source Files</Filter>
    </ClCompile>
  </ItemGroup>
  <ItemGroup>
    <ClInclude Include="alloc.h">
      <Filter>Header Files</Filter>
    </ClInclude>
    <ClInclude Include="errno_freebsd.h">
      <Filter>Header Files</Filter>
    </ClInclude>
    <ClInclude Include="fault_injection.h">
      <Filter>Header Files</Filter>
    </ClInclude>
    <ClInclude Include="fs.h">
      <Filter>Header Files</Filter>
    </ClInclude>
    <ClInclude Include="os.h">
      <Filter>Header Files</Filter>
    </ClInclude>
    <ClInclude Include="os_thread.h">
      <Filter>Header Files</Filter>
    </ClInclude>
    <ClInclude Include="out.h">
      <Filter>Header Files</Filter>
    </ClInclude>
    <ClInclude Include="pmemcore.h">
      <Filter>Header Files</Filter>
    </ClInclude>
    <ClInclude Include="util.h">
      <Filter>Header Files</Filter>
    </ClInclude>
    <ClInclude Include="util_pmem.h">
      <Filter>Header Files</Filter>
    </ClInclude>
    <ClInclude Include="valgrind_internal.h">
      <Filter>Header Files</Filter>
    </ClInclude>
  </ItemGroup>
</Project>