<?xml version="1.0" encoding="utf-8"?>
<Project ToolsVersion="4.0" xmlns="http://schemas.microsoft.com/developer/msbuild/2003">
  <ItemGroup>
    <Filter Include="Source Files">
      <UniqueIdentifier>{8d8f2f00-0fff-43fb-a7ca-7ad92eac11a5}</UniqueIdentifier>
    </Filter>
    <Filter Include="Match Files">
      <UniqueIdentifier>{d018cf38-4041-4e05-9eb1-7a0a79a00b5a}</UniqueIdentifier>
    </Filter>
    <Filter Include="Test scripts">
      <UniqueIdentifier>{2f7a5125-095e-40ce-bcfa-e396fb8d62db}</UniqueIdentifier>
    </Filter>
  </ItemGroup>
  <ItemGroup>
    <ClCompile Include="win_lists.c">
      <Filter>Source Files</Filter>
    </ClCompile>
  </ItemGroup>
  <ItemGroup>
    <None Include="err0.log.match">
      <Filter>Match Files</Filter>
    </None>
    <None Include="out0.log.match">
      <Filter>Match Files</Filter>
    </None>
    <None Include="TEST0.ps1">
      <Filter>Test scripts</Filter>
    </None>
  </ItemGroup>
</Project>