<?xml version="1.0" encoding="utf-8"?>
<Project ToolsVersion="4.0" xmlns="http://schemas.microsoft.com/developer/msbuild/2003">
  <ItemGroup>
    <Filter Include="Source Files">
      <UniqueIdentifier>{4FC737F1-C7A5-4376-A066-2A32D752A2FF}</UniqueIdentifier>
      <Extensions>cpp;c;cc;cxx;def;odl;idl;hpj;bat;asm;asmx</Extensions>
    </Filter>
    <Filter Include="Match Files">
      <UniqueIdentifier>{536c2f4f-3c81-491f-ba02-693e90378819}</UniqueIdentifier>
      <Extensions>match</Extensions>
    </Filter>
    <Filter Include="Test Scripts">
      <UniqueIdentifier>{79cb81e3-cffe-4198-bbba-ab4956e04fa6}</UniqueIdentifier>
      <Extensions>ps1</Extensions>
    </Filter>
    <Filter Include="Header files">
      <UniqueIdentifier>{c02bbce0-b885-4fed-8edf-2d0688725bac}</UniqueIdentifier>
    </Filter>
  </ItemGroup>
  <ItemGroup>
    <ClCompile Include="..\..\libpmem\pmem_windows.c">
      <Filter>Source Files</Filter>
    </ClCompile>
    <ClCompile Include="pmem_is_pmem_windows.c">
      <Filter>Source Files</Filter>
    </ClCompile>
    <ClCompile Include="..\..\windows\win_mmap.c">
      <Filter>Source Files</Filter>
    </ClCompile>
    <ClCompile Include="..\..\libpmem2\x86_64\cpu.c">
      <Filter>Source Files</Filter>
    </ClCompile>
    <ClCompile Include="..\..\libpmem2\x86_64\init.c">
      <Filter>Source Files</Filter>
    </ClCompile>
    <ClCompile Include="..\..\libpmem\libpmem.c">
      <Filter>Source Files</Filter>
    </ClCompile>
    <ClCompile Include="..\..\libpmem2\memops_generic.c">
      <Filter>Source Files</Filter>
    </ClCompile>
    <ClCompile Include="..\..\libpmem\pmem.c">
      <Filter>Source Files</Filter>
    </ClCompile>
    <ClCompile Include="..\..\libpmem2\auto_flush_windows.c">
      <Filter>Source Files</Filter>
    </ClCompile>
  </ItemGroup>
  <ItemGroup>
    <None Include="TEST0.PS1">
      <Filter>Test Scripts</Filter>
    </None>
    <None Include="out0.log.match">
      <Filter>Match Files</Filter>
    </None>
    <None Include="TEST1.PS1">
      <Filter>Test Scripts</Filter>
    </None>
    <None Include="TEST2.PS1">
      <Filter>Test Scripts</Filter>
    </None>
    <None Include="TEST3.PS1">
      <Filter>Test Scripts</Filter>
    </None>
    <None Include="TEST4.PS1">
      <Filter>Test Scripts</Filter>
    </None>
    <None Include="TEST5.PS1">
      <Filter>Test Scripts</Filter>
    </None>
    <None Include="TEST6.PS1">
      <Filter>Test Scripts</Filter>
    </None>
    <None Include="out1.log.match">
      <Filter>Match Files</Filter>
    </None>
    <None Include="out2.log.match">
      <Filter>Match Files</Filter>
    </None>
    <None Include="out3.log.match">
      <Filter>Match Files</Filter>
    </None>
    <None Include="out4.log.match">
      <Filter>Match Files</Filter>
    </None>
    <None Include="out5.log.match">
      <Filter>Match Files</Filter>
    </None>
    <None Include="out6.log.match">
      <Filter>Match Files</Filter>
    </None>
    <None Include="README" />
  </ItemGroup>
  <ItemGroup>
    <ClInclude Include="..\..\libpmem2\auto_flush.h">
      <Filter>Header files</Filter>
    </ClInclude>
    <ClInclude Include="..\..\libpmem2\auto_flush_windows.h">
      <Filter>Header files</Filter>
    </ClInclude>
  </ItemGroup>
</Project>