<?xml version="1.0" encoding="utf-8"?>
<Project ToolsVersion="4.0" xmlns="http://schemas.microsoft.com/developer/msbuild/2003">
  <ItemGroup>
    <Filter Include="Source Files">
      <UniqueIdentifier>{4FC737F1-C7A5-4376-A066-2A32D752A2FF}</UniqueIdentifier>
      <Extensions>cpp;c;cc;cxx;def;odl;idl;hpj;bat;asm;asmx</Extensions>
    </Filter>
    <Filter Include="Match Files">
      <UniqueIdentifier>{ebe671a1-5994-4fb2-a32a-7d594157a7ed}</UniqueIdentifier>
    </Filter>
    <Filter Include="Test Scripts">
      <UniqueIdentifier>{d625cd8f-94b7-45c5-b123-7c0c730edbd9}</UniqueIdentifier>
    </Filter>
  </ItemGroup>
  <ItemGroup>
    <ClCompile Include="libpmempool_test_win.c">
      <Filter>Source Files</Filter>
    </ClCompile>
  </ItemGroup>
  <ItemGroup>
    <None Include="out0.log.match">
      <Filter>Match Files</Filter>
    </None>
    <None Include="out1.log.match">
      <Filter>Match Files</Filter>
    </None>
    <None Include="out2.log.match">
      <Filter>Match Files</Filter>
    </None>
    <None Include="out3.log.match">
      <Filter>Match Files</Filter>
    </None>
    <None Include="out4.log.match">
      <Filter>Match Files</Filter>
    </None>
    <None Include="out5.log.match">
      <Filter>Match Files</Filter>
    </None>
    <None Include="out6.log.match">
      <Filter>Match Files</Filter>
    </None>
    <None Include="out7.log.match">
      <Filter>Match Files</Filter>
    </None>
    <None Include="out8.log.match">
      <Filter>Match Files</Filter>
    </None>
    <None Include="out9.log.match">
      <Filter>Match Files</Filter>
    </None>
    <None Include="out10.log.match">
      <Filter>Match Files</Filter>
    </None>
    <None Include="out11.log.match">
      <Filter>Match Files</Filter>
    </None>
    <None Include="out12.log.match">
      <Filter>Match Files</Filter>
    </None>
    <None Include="out13.log.match">
      <Filter>Match Files</Filter>
    </None>
    <None Include="README" />
  </ItemGroup>
</Project>