<?xml version="1.0" encoding="utf-8"?>
<Project ToolsVersion="4.0" xmlns="http://schemas.microsoft.com/developer/msbuild/2003">
  <ItemGroup>
    <ClCompile Include="..\libpmemblk\btt.c">
      <Filter>Source Files</Filter>
    </ClCompile>
    <ClCompile Include="check.c">
      <Filter>Source Files</Filter>
    </ClCompile>
    <ClCompile Include="check_bad_blocks.c">
      <Filter>Source Files</Filter>
    </ClCompile>
    <ClCompile Include="check_backup.c">
      <Filter>Source Files</Filter>
    </ClCompile>
    <ClCompile Include="check_btt_info.c">
      <Filter>Source Files</Filter>
    </ClCompile>
    <ClCompile Include="check_btt_map_flog.c">
      <Filter>Source Files</Filter>
    </ClCompile>
    <ClCompile Include="check_pool_hdr.c">
      <Filter>Source Files</Filter>
    </ClCompile>
    <ClCompile Include="check_sds.c">
      <Filter>Source Files</Filter>
    </ClCompile>
    <ClCompile Include="check_util.c">
      <Filter>Source Files</Filter>
    </ClCompile>
    <ClCompile Include="check_write.c">
      <Filter>Source Files</Filter>
    </ClCompile>
    <ClCompile Include="..\common\file.c">
      <Filter>Source Files</Filter>
    </ClCompile>
    <ClCompile Include="..\common\file_windows.c">
      <Filter>Source Files</Filter>
    </ClCompile>
    <ClCompile Include="libpmempool.c">
      <Filter>Source Files</Filter>
    </ClCompile>
    <ClCompile Include="libpmempool_main.c">
      <Filter>Source Files</Filter>
    </ClCompile>
    <ClCompile Include="..\common\mmap.c">
      <Filter>Source Files</Filter>
    </ClCompile>
    <ClCompile Include="..\common\mmap_windows.c">
      <Filter>Source Files</Filter>
    </ClCompile>
    <ClCompile Include="..\core\fs_windows.c">
      <Filter>Source Files</Filter>
    </ClCompile>
    <ClCompile Include="..\core\out.c">
      <Filter>Source Files</Filter>
    </ClCompile>
    <ClCompile Include="pool.c">
      <Filter>Source Files</Filter>
    </ClCompile>
    <ClCompile Include="..\core\os_windows.c">
      <Filter>Source Files</Filter>
    </ClCompile>
    <ClCompile Include="..\common\pool_hdr.c">
      <Filter>Source Files</Filter>
    </ClCompile>
    <ClCompile Include="sync.c">
      <Filter>Source Files</Filter>
    </ClCompile>
    <ClCompile Include="..\common\set.c">
      <Filter>Source Files</Filter>
    </ClCompile>
    <ClCompile Include="rm.c">
      <Filter>Source Files</Filter>
    </ClCompile>
    <ClCompile Include="replica.c">
      <Filter>Source Files</Filter>
    </ClCompile>
    <ClCompile Include="..\common\uuid.c">
      <Filter>Source Files</Filter>
    </ClCompile>
    <ClCompile Include="..\core\util_windows.c">
      <Filter>Source Files</Filter>
    </ClCompile>
    <ClCompile Include="..\core\util.c">
      <Filter>Source Files</Filter>
    </ClCompile>
    <ClCompile Include="transform.c">
      <Filter>Source Files</Filter>
    </ClCompile>
    <ClCompile Include="..\common\uuid_windows.c">
      <Filter>Source Files</Filter>
    </ClCompile>
    <ClCompile Include="..\core\os_thread_windows.c">
      <Filter>Source Files</Filter>
    </ClCompile>
    <ClCompile Include="check_blk.c">
      <Filter>Source Files</Filter>
    </ClCompile>
    <ClCompile Include="check_log.c">
      <Filter>Source Files</Filter>
    </ClCompile>
    <ClCompile Include="feature.c">
      <Filter>Source Files</Filter>
    </ClCompile>
    <ClCompile Include="..\common\shutdown_state.c">
      <Filter>Source Files</Filter>
    </ClCompile>
    <ClCompile Include="..\common\os_dimm_windows.c">
      <Filter>Source Files</Filter>
    </ClCompile>
    <ClCompile Include="..\common\os_deep_windows.c">
      <Filter>Source Files</Filter>
    </ClCompile>
    <ClCompile Include="..\common\badblock.c">
      <Filter>Source Files</Filter>
    </ClCompile>
    <ClCompile Include="..\common\badblock_none.c">
      <Filter>Source Files</Filter>
    </ClCompile>
    <ClCompile Include="..\core\alloc.c">
      <Filter>Source Files</Filter>
    </ClCompile>
    <ClCompile Include="..\libpmem2\auto_flush_windows.c">
      <Filter>Source Files</Filter>
    </ClCompile>
    <ClCompile Include="..\libpmem2\config.c">
      <Filter>Source Files</Filter>
    </ClCompile>
    <ClCompile Include="..\libpmem2\config_windows.c">
      <Filter>Source Files</Filter>
    </ClCompile>
    <ClCompile Include="..\libpmem2\pmem2_utils.c">
      <Filter>Source Files</Filter>
    </ClCompile>
    <ClCompile Include="..\libpmem2\pmem2_utils_other.c">
      <Filter>Source Files</Filter>
    </ClCompile>
  </ItemGroup>
  <ItemGroup>
    <ClInclude Include="..\common\mmap.h">
      <Filter>Header Files</Filter>
    </ClInclude>
    <ClInclude Include="..\core\out.h">
      <Filter>Header Files</Filter>
    </ClInclude>
    <ClInclude Include="..\common\pmemcommon.h">
      <Filter>Header Files</Filter>
    </ClInclude>
    <ClInclude Include="pmempool.h">
      <Filter>Header Files</Filter>
    </ClInclude>
    <ClInclude Include="pool.h">
      <Filter>Header Files</Filter>
    </ClInclude>
    <ClInclude Include="..\common\pool_hdr.h">
      <Filter>Header Files</Filter>
    </ClInclude>
    <ClInclude Include="replica.h">
      <Filter>Header Files</Filter>
    </ClInclude>
    <ClInclude Include="..\common\set.h">
      <Filter>Header Files</Filter>
    </ClInclude>
    <ClInclude Include="check.h">
      <Filter>Header Files</Filter>
    </ClInclude>
    <ClInclude Include="check_util.h">
      <Filter>Header Files</Filter>
    </ClInclude>
    <ClInclude Include="..\common\dlsym.h">
      <Filter>Header Files</Filter>
    </ClInclude>
    <ClInclude Include="..\common\file.h">
      <Filter>Header Files</Filter>
    </ClInclude>
    <ClInclude Include="..\common\sys_util.h">
      <Filter>Header Files</Filter>
    </ClInclude>
    <ClInclude Include="..\core\util.h">
      <Filter>Header Files</Filter>
    </ClInclude>
    <ClInclude Include="..\common\uuid.h">
      <Filter>Header Files</Filter>
    </ClInclude>
    <ClInclude Include="..\common\valgrind_internal.h">
      <Filter>Header Files</Filter>
    </ClInclude>
    <ClInclude Include="..\include\libpmempool.h">
      <Filter>Header Files</Filter>
    </ClInclude>
    <ClInclude Include="..\libpmemblk\btt.h">
      <Filter>Header Files</Filter>
    </ClInclude>
    <ClInclude Include="..\core\fs.h">
      <Filter>Header Files</Filter>
    </ClInclude>
    <ClInclude Include="..\core\os.h">
      <Filter>Header Files</Filter>
    </ClInclude>
    <ClInclude Include="..\common\os_deep.h">
      <Filter>Header Files</Filter>
    </ClInclude>
    <ClInclude Include="..\core\alloc.h">
      <Filter>Header Files</Filter>
    </ClInclude>
    <ClInclude Include="..\core\fault_injection.h">
      <Filter>Header Files</Filter>
    </ClInclude>
    <ClInclude Include="..\libpmem2\auto_flush.h">
      <Filter>Header Files</Filter>
    </ClInclude>
    <ClInclude Include="..\libpmem2\auto_flush_windows.h">
      <Filter>Header Files</Filter>
    </ClInclude>
    <ClInclude Include="..\libpmem2\config.h">
      <Filter>Header Files</Filter>
    </ClInclude>
    <ClInclude Include="..\libpmem2\pmem2_utils.h">
      <Filter>Header Files</Filter>
    </ClInclude>
  </ItemGroup>
  <ItemGroup>
    <Filter Include="Source Files">
      <UniqueIdentifier>{cd079c79-5441-413e-b2ba-99fed2b0b779}</UniqueIdentifier>
    </Filter>
    <Filter Include="Header Files">
      <UniqueIdentifier>{9ad93d4f-a9d1-4e38-94a1-77e36acc268f}</UniqueIdentifier>
    </Filter>
  </ItemGroup>
  <ItemGroup>
    <None Include="libpmempool.def">
      <Filter>Source Files</Filter>
    </None>
  </ItemGroup>
  <ItemGroup>
    <ResourceCompile Include="libpmempool.rc">
      <Filter>Source Files</Filter>
    </ResourceCompile>
  </ItemGroup>
</Project>