<?xml version="1.0" encoding="utf-8"?>
<Project ToolsVersion="4.0" xmlns="http://schemas.microsoft.com/developer/msbuild/2003">
  <ItemGroup>
    <Filter Include="Source Files">
      <UniqueIdentifier>{79b0d319-a85d-43bf-94e5-87c457c1f05c}</UniqueIdentifier>
    </Filter>
    <Filter Include="Match Files">
      <UniqueIdentifier>{2d5753a4-85ac-4efb-8104-e5578b478c46}</UniqueIdentifier>
    </Filter>
    <Filter Include="Test Scripts">
      <UniqueIdentifier>{af1b7ef5-685c-4345-bf41-bc144fb30ef8}</UniqueIdentifier>
    </Filter>
  </ItemGroup>
  <ItemGroup>
    <None Include="README" />
    <None Include="TEST0.PS1">
      <Filter>Test Scripts</Filter>
    </None>
    <None Include="TEST1.PS1">
      <Filter>Test Scripts</Filter>
    </None>
    <None Include="TEST2.PS1">
      <Filter>Test Scripts</Filter>
    </None>
    <None Include="out0.log.match">
      <Filter>Match Files</Filter>
    </None>
    <None Include="out1.log.match">
      <Filter>Match Files</Filter>
    </None>
    <None Include="out2.log.match">
      <Filter>Match Files</Filter>
    </None>
  </ItemGroup>
  <ItemGroup>
    <ClCompile Include="libpmempool_transform_win.c">
      <Filter>Source Files</Filter>
    </ClCompile>
  </ItemGroup>
</Project>