<?xml version="1.0" encoding="utf-8"?>
<Project ToolsVersion="4.0" xmlns="http://schemas.microsoft.com/developer/msbuild/2003">
  <ItemGroup>
    <Filter Include="Source Files">
      <UniqueIdentifier>{4FC737F1-C7A5-4376-A066-2A32D752A2FF}</UniqueIdentifier>
      <Extensions>cpp;c;cc;cxx;def;odl;idl;hpj;bat;asm;asmx</Extensions>
    </Filter>
    <Filter Include="Match Files">
      <UniqueIdentifier>{aa2a2c2a-cd47-4f1a-841b-e3d019df7f13}</UniqueIdentifier>
    </Filter>
    <Filter Include="Test scripts">
      <UniqueIdentifier>{5c4a9c4d-89c3-4de4-9f98-2a940a42e2d4}</UniqueIdentifier>
    </Filter>
  </ItemGroup>
  <ItemGroup>
    <ClCompile Include="util_is_absolute.c">
      <Filter>Source Files</Filter>
    </ClCompile>
    <ClCompile Include="..\..\common\util_windows.c">
      <Filter>Source Files</Filter>
    </ClCompile>
    <ClCompile Include="..\..\common\out.c">
      <Filter>Source Files</Filter>
    </ClCompile>
    <ClCompile Include="..\..\common\pthread_windows.c">
      <Filter>Source Files</Filter>
    </ClCompile>
  </ItemGroup>
  <ItemGroup>
    <None Include="out1.log.match">
      <Filter>Match Files</Filter>
    </None>
    <None Include="TEST1.ps1">
      <Filter>Test scripts</Filter>
    </None>
  </ItemGroup>
</Project>