
Microsoft Visual Studio Solution File, Format Version 12.00
# Visual Studio 14
VisualStudioVersion = 14.0.23107.0
MinimumVisualStudioVersion = 10.0.40219.1
Project("{2150E333-8FDC-42A3-9474-1A3956D46DE8}") = "Solution Items", "Solution Items", "{853D45D8-980C-4991-B62A-DAC6FD245402}"
EndProject
Project("{8BC9CEB8-8B4A-11D0-8D11-00A0C91BC942}") = "objtest", "objtest\objtest.vcxproj", "{8A15AF29-0DDA-410A-B381-CEF9AE26CCF0}"
	ProjectSection(ProjectDependencies) = postProject
		{1BAA1617-93AE-4196-8A1A-BD492FB18AEF} = {1BAA1617-93AE-4196-8A1A-BD492FB18AEF}
		{9E9E3D25-2139-4A5D-9200-18148DDEAD45} = {9E9E3D25-2139-4A5D-9200-18148DDEAD45}
	EndProjectSection
EndProject
Project("{8BC9CEB8-8B4A-11D0-8D11-00A0C91BC942}") = "libpmem", "libpmem\libpmem.vcxproj", "{9E9E3D25-2139-4A5D-9200-18148DDEAD45}"
EndProject
Project("{8BC9CEB8-8B4A-11D0-8D11-00A0C91BC942}") = "libpmemobj", "libpmemobj\libpmemobj.vcxproj", "{1BAA1617-93AE-4196-8A1A-BD492FB18AEF}"
	ProjectSection(ProjectDependencies) = postProject
		{9E9E3D25-2139-4A5D-9200-18148DDEAD45} = {9E9E3D25-2139-4A5D-9200-18148DDEAD45}
	EndProjectSection
EndProject
Project("{8BC9CEB8-8B4A-11D0-8D11-00A0C91BC942}") = "objtest_cpp", "objtest_cpp\objtest_cpp.vcxproj", "{88C1D67C-996C-41E6-8119-2B18E61A0596}"
	ProjectSection(ProjectDependencies) = postProject
		{1BAA1617-93AE-4196-8A1A-BD492FB18AEF} = {1BAA1617-93AE-4196-8A1A-BD492FB18AEF}
		{9E9E3D25-2139-4A5D-9200-18148DDEAD45} = {9E9E3D25-2139-4A5D-9200-18148DDEAD45}
	EndProjectSection
EndProject
Project("{2150E333-8FDC-42A3-9474-1A3956D46DE8}") = "test", "test", "{77918E36-68AA-4F9B-ACD3-646E45C3AAB2}"
	ProjectSection(SolutionItems) = preProject
		test\test_run.bat = test\test_run.bat
	EndProjectSection
EndProject
Project("{8BC9CEB8-8B4A-11D0-8D11-00A0C91BC942}") = "obj_basic_integration", "test\obj_basic_integration\obj_basic_integration.vcxproj", "{254A69FE-81D1-4D6B-981F-E34BE0E4A3F2}"
	ProjectSection(ProjectDependencies) = postProject
		{1BAA1617-93AE-4196-8A1A-BD492FB18AEF} = {1BAA1617-93AE-4196-8A1A-BD492FB18AEF}
		{9E9E3D25-2139-4A5D-9200-18148DDEAD45} = {9E9E3D25-2139-4A5D-9200-18148DDEAD45}
	EndProjectSection
EndProject
Project("{8BC9CEB8-8B4A-11D0-8D11-00A0C91BC942}") = "obj_check", "test\obj_check\obj_check.vcxproj", "{71D182E0-345A-4375-B0FA-3536821B0EE3}"
	ProjectSection(ProjectDependencies) = postProject
		{1BAA1617-93AE-4196-8A1A-BD492FB18AEF} = {1BAA1617-93AE-4196-8A1A-BD492FB18AEF}
		{9E9E3D25-2139-4A5D-9200-18148DDEAD45} = {9E9E3D25-2139-4A5D-9200-18148DDEAD45}
	EndProjectSection
EndProject
Project("{8BC9CEB8-8B4A-11D0-8D11-00A0C91BC942}") = "obj_heap", "test\obj_heap\obj_heap.vcxproj", "{85D4076B-896B-4EBB-8F3A-8B44C24CD452}"
	ProjectSection(ProjectDependencies) = postProject
		{1BAA1617-93AE-4196-8A1A-BD492FB18AEF} = {1BAA1617-93AE-4196-8A1A-BD492FB18AEF}
		{9E9E3D25-2139-4A5D-9200-18148DDEAD45} = {9E9E3D25-2139-4A5D-9200-18148DDEAD45}
	EndProjectSection
EndProject
Project("{8BC9CEB8-8B4A-11D0-8D11-00A0C91BC942}") = "obj_heap_state", "test\obj_heap_state\obj_heap_state.vcxproj", "{86EE22CC-6D3C-4F81-ADC8-394946F0DA81}"
	ProjectSection(ProjectDependencies) = postProject
		{1BAA1617-93AE-4196-8A1A-BD492FB18AEF} = {1BAA1617-93AE-4196-8A1A-BD492FB18AEF}
		{9E9E3D25-2139-4A5D-9200-18148DDEAD45} = {9E9E3D25-2139-4A5D-9200-18148DDEAD45}
	EndProjectSection
EndProject
Project("{8BC9CEB8-8B4A-11D0-8D11-00A0C91BC942}") = "obj_many_size_allocs", "test\obj_many_size_allocs\obj_many_size_allocs.vcxproj", "{5D362DB7-D2BD-4907-AAD8-4B8627E72282}"
	ProjectSection(ProjectDependencies) = postProject
		{1BAA1617-93AE-4196-8A1A-BD492FB18AEF} = {1BAA1617-93AE-4196-8A1A-BD492FB18AEF}
		{9E9E3D25-2139-4A5D-9200-18148DDEAD45} = {9E9E3D25-2139-4A5D-9200-18148DDEAD45}
	EndProjectSection
EndProject
Project("{8BC9CEB8-8B4A-11D0-8D11-00A0C91BC942}") = "obj_out_of_memory", "test\obj_out_of_memory\obj_out_of_memory.vcxproj", "{70EE1D40-0C65-4985-8EFC-BD40EE3A89B2}"
	ProjectSection(ProjectDependencies) = postProject
		{1BAA1617-93AE-4196-8A1A-BD492FB18AEF} = {1BAA1617-93AE-4196-8A1A-BD492FB18AEF}
		{9E9E3D25-2139-4A5D-9200-18148DDEAD45} = {9E9E3D25-2139-4A5D-9200-18148DDEAD45}
	EndProjectSection
EndProject
Global
	GlobalSection(SolutionConfigurationPlatforms) = preSolution
		Debug|x64 = Debug|x64
		Debug|x86 = Debug|x86
		Release|x64 = Release|x64
		Release|x86 = Release|x86
		Static-Debug|x64 = Static-Debug|x64
		Static-Debug|x86 = Static-Debug|x86
	EndGlobalSection
	GlobalSection(ProjectConfigurationPlatforms) = postSolution
		{8A15AF29-0DDA-410A-B381-CEF9AE26CCF0}.Debug|x64.ActiveCfg = Debug|x64
		{8A15AF29-0DDA-410A-B381-CEF9AE26CCF0}.Debug|x64.Build.0 = Debug|x64
		{8A15AF29-0DDA-410A-B381-CEF9AE26CCF0}.Debug|x86.ActiveCfg = Debug|x64
		{8A15AF29-0DDA-410A-B381-CEF9AE26CCF0}.Release|x64.ActiveCfg = Release|x64
		{8A15AF29-0DDA-410A-B381-CEF9AE26CCF0}.Release|x64.Build.0 = Release|x64
		{8A15AF29-0DDA-410A-B381-CEF9AE26CCF0}.Release|x86.ActiveCfg = Release|x64
		{8A15AF29-0DDA-410A-B381-CEF9AE26CCF0}.Static-Debug|x64.ActiveCfg = Static-Debug|x64
		{8A15AF29-0DDA-410A-B381-CEF9AE26CCF0}.Static-Debug|x64.Build.0 = Static-Debug|x64
		{8A15AF29-0DDA-410A-B381-CEF9AE26CCF0}.Static-Debug|x86.ActiveCfg = Static-Debug|x64
		{9E9E3D25-2139-4A5D-9200-18148DDEAD45}.Debug|x64.ActiveCfg = Debug|x64
		{9E9E3D25-2139-4A5D-9200-18148DDEAD45}.Debug|x64.Build.0 = Debug|x64
		{9E9E3D25-2139-4A5D-9200-18148DDEAD45}.Debug|x86.ActiveCfg = Debug|x64
		{9E9E3D25-2139-4A5D-9200-18148DDEAD45}.Release|x64.ActiveCfg = Release|x64
		{9E9E3D25-2139-4A5D-9200-18148DDEAD45}.Release|x64.Build.0 = Release|x64
		{9E9E3D25-2139-4A5D-9200-18148DDEAD45}.Release|x86.ActiveCfg = Release|x64
		{9E9E3D25-2139-4A5D-9200-18148DDEAD45}.Static-Debug|x64.ActiveCfg = Static-Debug|x64
		{9E9E3D25-2139-4A5D-9200-18148DDEAD45}.Static-Debug|x64.Build.0 = Static-Debug|x64
		{9E9E3D25-2139-4A5D-9200-18148DDEAD45}.Static-Debug|x86.ActiveCfg = Static-Debug|x64
		{1BAA1617-93AE-4196-8A1A-BD492FB18AEF}.Debug|x64.ActiveCfg = Debug|x64
		{1BAA1617-93AE-4196-8A1A-BD492FB18AEF}.Debug|x64.Build.0 = Debug|x64
		{1BAA1617-93AE-4196-8A1A-BD492FB18AEF}.Debug|x86.ActiveCfg = Debug|x64
		{1BAA1617-93AE-4196-8A1A-BD492FB18AEF}.Release|x64.ActiveCfg = Release|x64
		{1BAA1617-93AE-4196-8A1A-BD492FB18AEF}.Release|x64.Build.0 = Release|x64
		{1BAA1617-93AE-4196-8A1A-BD492FB18AEF}.Release|x86.ActiveCfg = Release|x64
		{1BAA1617-93AE-4196-8A1A-BD492FB18AEF}.Static-Debug|x64.ActiveCfg = Static-Debug|x64
		{1BAA1617-93AE-4196-8A1A-BD492FB18AEF}.Static-Debug|x64.Build.0 = Static-Debug|x64
		{1BAA1617-93AE-4196-8A1A-BD492FB18AEF}.Static-Debug|x86.ActiveCfg = Static-Debug|x64
		{88C1D67C-996C-41E6-8119-2B18E61A0596}.Debug|x64.ActiveCfg = Debug|x64
		{88C1D67C-996C-41E6-8119-2B18E61A0596}.Debug|x64.Build.0 = Debug|x64
		{88C1D67C-996C-41E6-8119-2B18E61A0596}.Debug|x86.ActiveCfg = Debug|x64
		{88C1D67C-996C-41E6-8119-2B18E61A0596}.Release|x64.ActiveCfg = Release|x64
		{88C1D67C-996C-41E6-8119-2B18E61A0596}.Release|x64.Build.0 = Release|x64
		{88C1D67C-996C-41E6-8119-2B18E61A0596}.Release|x86.ActiveCfg = Release|x64
		{88C1D67C-996C-41E6-8119-2B18E61A0596}.Static-Debug|x64.ActiveCfg = Static-Debug|x64
		{88C1D67C-996C-41E6-8119-2B18E61A0596}.Static-Debug|x64.Build.0 = Static-Debug|x64
		{88C1D67C-996C-41E6-8119-2B18E61A0596}.Static-Debug|x86.ActiveCfg = Static-Debug|x64
		{254A69FE-81D1-4D6B-981F-E34BE0E4A3F2}.Debug|x64.ActiveCfg = Debug|x64
		{254A69FE-81D1-4D6B-981F-E34BE0E4A3F2}.Debug|x64.Build.0 = Debug|x64
		{254A69FE-81D1-4D6B-981F-E34BE0E4A3F2}.Debug|x86.ActiveCfg = Debug|x64
		{254A69FE-81D1-4D6B-981F-E34BE0E4A3F2}.Release|x64.ActiveCfg = Release|x64
		{254A69FE-81D1-4D6B-981F-E34BE0E4A3F2}.Release|x64.Build.0 = Release|x64
		{254A69FE-81D1-4D6B-981F-E34BE0E4A3F2}.Release|x86.ActiveCfg = Release|x64
		{254A69FE-81D1-4D6B-981F-E34BE0E4A3F2}.Static-Debug|x64.ActiveCfg = Static-Debug|x64
		{254A69FE-81D1-4D6B-981F-E34BE0E4A3F2}.Static-Debug|x64.Build.0 = Static-Debug|x64
		{254A69FE-81D1-4D6B-981F-E34BE0E4A3F2}.Static-Debug|x86.ActiveCfg = Static-Debug|x64
		{71D182E0-345A-4375-B0FA-3536821B0EE3}.Debug|x64.ActiveCfg = Debug|x64
		{71D182E0-345A-4375-B0FA-3536821B0EE3}.Debug|x64.Build.0 = Debug|x64
		{71D182E0-345A-4375-B0FA-3536821B0EE3}.Debug|x86.ActiveCfg = Debug|x64
		{71D182E0-345A-4375-B0FA-3536821B0EE3}.Release|x64.ActiveCfg = Release|x64
		{71D182E0-345A-4375-B0FA-3536821B0EE3}.Release|x64.Build.0 = Release|x64
		{71D182E0-345A-4375-B0FA-3536821B0EE3}.Release|x86.ActiveCfg = Release|x64
		{71D182E0-345A-4375-B0FA-3536821B0EE3}.Static-Debug|x64.ActiveCfg = Static-Debug|x64
		{71D182E0-345A-4375-B0FA-3536821B0EE3}.Static-Debug|x64.Build.0 = Static-Debug|x64
		{71D182E0-345A-4375-B0FA-3536821B0EE3}.Static-Debug|x86.ActiveCfg = Static-Debug|x64
		{85D4076B-896B-4EBB-8F3A-8B44C24CD452}.Debug|x64.ActiveCfg = Debug|x64
		{85D4076B-896B-4EBB-8F3A-8B44C24CD452}.Debug|x86.ActiveCfg = Debug|x64
		{85D4076B-896B-4EBB-8F3A-8B44C24CD452}.Release|x64.ActiveCfg = Release|x64
		{85D4076B-896B-4EBB-8F3A-8B44C24CD452}.Release|x86.ActiveCfg = Release|x64
		{85D4076B-896B-4EBB-8F3A-8B44C24CD452}.Static-Debug|x64.ActiveCfg = Static-Debug|x64
		{85D4076B-896B-4EBB-8F3A-8B44C24CD452}.Static-Debug|x64.Build.0 = Static-Debug|x64
		{85D4076B-896B-4EBB-8F3A-8B44C24CD452}.Static-Debug|x86.ActiveCfg = Static-Debug|x64
		{86EE22CC-6D3C-4F81-ADC8-394946F0DA81}.Debug|x64.ActiveCfg = Debug|x64
		{86EE22CC-6D3C-4F81-ADC8-394946F0DA81}.Debug|x64.Build.0 = Debug|x64
		{86EE22CC-6D3C-4F81-ADC8-394946F0DA81}.Debug|x86.ActiveCfg = Debug|x64
		{86EE22CC-6D3C-4F81-ADC8-394946F0DA81}.Release|x64.ActiveCfg = Release|x64
		{86EE22CC-6D3C-4F81-ADC8-394946F0DA81}.Release|x64.Build.0 = Release|x64
		{86EE22CC-6D3C-4F81-ADC8-394946F0DA81}.Release|x86.ActiveCfg = Release|x64
		{86EE22CC-6D3C-4F81-ADC8-394946F0DA81}.Static-Debug|x64.ActiveCfg = Static-Debug|x64
		{86EE22CC-6D3C-4F81-ADC8-394946F0DA81}.Static-Debug|x64.Build.0 = Static-Debug|x64
		{86EE22CC-6D3C-4F81-ADC8-394946F0DA81}.Static-Debug|x86.ActiveCfg = Static-Debug|x64
		{5D362DB7-D2BD-4907-AAD8-4B8627E72282}.Debug|x64.ActiveCfg = Debug|x64
		{5D362DB7-D2BD-4907-AAD8-4B8627E72282}.Debug|x64.Build.0 = Debug|x64
		{5D362DB7-D2BD-4907-AAD8-4B8627E72282}.Debug|x86.ActiveCfg = Debug|x64
		{5D362DB7-D2BD-4907-AAD8-4B8627E72282}.Release|x64.ActiveCfg = Release|x64
		{5D362DB7-D2BD-4907-AAD8-4B8627E72282}.Release|x64.Build.0 = Release|x64
		{5D362DB7-D2BD-4907-AAD8-4B8627E72282}.Release|x86.ActiveCfg = Release|x64
		{5D362DB7-D2BD-4907-AAD8-4B8627E72282}.Static-Debug|x64.ActiveCfg = Static-Debug|x64
		{5D362DB7-D2BD-4907-AAD8-4B8627E72282}.Static-Debug|x64.Build.0 = Static-Debug|x64
		{5D362DB7-D2BD-4907-AAD8-4B8627E72282}.Static-Debug|x86.ActiveCfg = Static-Debug|x64
		{70EE1D40-0C65-4985-8EFC-BD40EE3A89B2}.Debug|x64.ActiveCfg = Debug|x64
		{70EE1D40-0C65-4985-8EFC-BD40EE3A89B2}.Debug|x64.Build.0 = Debug|x64
		{70EE1D40-0C65-4985-8EFC-BD40EE3A89B2}.Debug|x86.ActiveCfg = Debug|x64
		{70EE1D40-0C65-4985-8EFC-BD40EE3A89B2}.Release|x64.ActiveCfg = Release|x64
		{70EE1D40-0C65-4985-8EFC-BD40EE3A89B2}.Release|x64.Build.0 = Release|x64
		{70EE1D40-0C65-4985-8EFC-BD40EE3A89B2}.Release|x86.ActiveCfg = Release|x64
		{70EE1D40-0C65-4985-8EFC-BD40EE3A89B2}.Static-Debug|x64.ActiveCfg = Static-Debug|x64
		{70EE1D40-0C65-4985-8EFC-BD40EE3A89B2}.Static-Debug|x64.Build.0 = Static-Debug|x64
		{70EE1D40-0C65-4985-8EFC-BD40EE3A89B2}.Static-Debug|x86.ActiveCfg = Static-Debug|x64
	EndGlobalSection
	GlobalSection(SolutionProperties) = preSolution
		HideSolutionNode = FALSE
	EndGlobalSection
	GlobalSection(NestedProjects) = preSolution
		{8A15AF29-0DDA-410A-B381-CEF9AE26CCF0} = {853D45D8-980C-4991-B62A-DAC6FD245402}
		{9E9E3D25-2139-4A5D-9200-18148DDEAD45} = {853D45D8-980C-4991-B62A-DAC6FD245402}
		{1BAA1617-93AE-4196-8A1A-BD492FB18AEF} = {853D45D8-980C-4991-B62A-DAC6FD245402}
		{88C1D67C-996C-41E6-8119-2B18E61A0596} = {853D45D8-980C-4991-B62A-DAC6FD245402}
		{77918E36-68AA-4F9B-ACD3-646E45C3AAB2} = {853D45D8-980C-4991-B62A-DAC6FD245402}
		{254A69FE-81D1-4D6B-981F-E34BE0E4A3F2} = {77918E36-68AA-4F9B-ACD3-646E45C3AAB2}
		{71D182E0-345A-4375-B0FA-3536821B0EE3} = {77918E36-68AA-4F9B-ACD3-646E45C3AAB2}
		{85D4076B-896B-4EBB-8F3A-8B44C24CD452} = {77918E36-68AA-4F9B-ACD3-646E45C3AAB2}
		{86EE22CC-6D3C-4F81-ADC8-394946F0DA81} = {77918E36-68AA-4F9B-ACD3-646E45C3AAB2}
		{5D362DB7-D2BD-4907-AAD8-4B8627E72282} = {77918E36-68AA-4F9B-ACD3-646E45C3AAB2}
		{70EE1D40-0C65-4985-8EFC-BD40EE3A89B2} = {77918E36-68AA-4F9B-ACD3-646E45C3AAB2}
	EndGlobalSection
EndGlobal
