Microsoft Visual Studio Solution File, Format Version 12.00
# Visual Studio 14
VisualStudioVersion = 14.0.24720.0
MinimumVisualStudioVersion = 10.0.40219.1
Project("{2150E333-8FDC-42A3-9474-1A3956D46DE8}") = "Solution Items", "Solution Items", "{853D45D8-980C-4991-B62A-DAC6FD245402}"
EndProject
Project("{8BC9CEB8-8B4A-11D0-8D11-00A0C91BC942}") = "libpmem", "libpmem\libpmem.vcxproj", "{9E9E3D25-2139-4A5D-9200-18148DDEAD45}"
	ProjectSection(ProjectDependencies) = postProject
		{B3FF772D-F2FF-4E6E-ABD8-763407BB6A5C} = {B3FF772D-F2FF-4E6E-ABD8-763407BB6A5C}
	EndProjectSection
EndProject
Project("{8BC9CEB8-8B4A-11D0-8D11-00A0C91BC942}") = "libpmemobj", "libpmemobj\libpmemobj.vcxproj", "{1BAA1617-93AE-4196-8A1A-BD492FB18AEF}"
	ProjectSection(ProjectDependencies) = postProject
		{9E9E3D25-2139-4A5D-9200-18148DDEAD45} = {9E9E3D25-2139-4A5D-9200-18148DDEAD45}
		{B3FF772D-F2FF-4E6E-ABD8-763407BB6A5C} = {B3FF772D-F2FF-4E6E-ABD8-763407BB6A5C}
	EndProjectSection
EndProject
Project("{8BC9CEB8-8B4A-11D0-8D11-00A0C91BC942}") = "libpmemblk", "libpmemblk\libpmemblk.vcxproj", "{F7C6C6B6-4142-4C82-8699-4A9D8183181B}"
	ProjectSection(ProjectDependencies) = postProject
		{9E9E3D25-2139-4A5D-9200-18148DDEAD45} = {9E9E3D25-2139-4A5D-9200-18148DDEAD45}
		{B3FF772D-F2FF-4E6E-ABD8-763407BB6A5C} = {B3FF772D-F2FF-4E6E-ABD8-763407BB6A5C}
	EndProjectSection
EndProject
Project("{8BC9CEB8-8B4A-11D0-8D11-00A0C91BC942}") = "libpmemlog", "libpmemlog\libpmemlog.vcxproj", "{0B1818EB-BDC8-4865-964F-DB8BF05CFD86}"
	ProjectSection(ProjectDependencies) = postProject
		{9E9E3D25-2139-4A5D-9200-18148DDEAD45} = {9E9E3D25-2139-4A5D-9200-18148DDEAD45}
		{B3FF772D-F2FF-4E6E-ABD8-763407BB6A5C} = {B3FF772D-F2FF-4E6E-ABD8-763407BB6A5C}
	EndProjectSection
EndProject
Project("{2150E333-8FDC-42A3-9474-1A3956D46DE8}") = "utils", "utils", "{F8CCA5AE-2D75-4C79-BEAB-2588CD5956C8}"
	ProjectSection(SolutionItems) = preProject
		..\appveyor.yml = ..\appveyor.yml
		..\utils\cstyle = ..\utils\cstyle
		..\utils\CSTYLE.ps1 = ..\utils\CSTYLE.ps1
	EndProjectSection
EndProject
Project("{8BC9CEB8-8B4A-11D0-8D11-00A0C91BC942}") = "blk_non_zero", "test\blk_non_zero\blk_non_zero.vcxproj", "{18E90E1A-F2E0-40DF-9900-A14E560C9EB4}"
	ProjectSection(ProjectDependencies) = postProject
		{9E9E3D25-2139-4A5D-9200-18148DDEAD45} = {9E9E3D25-2139-4A5D-9200-18148DDEAD45}
		{F7C6C6B6-4142-4C82-8699-4A9D8183181B} = {F7C6C6B6-4142-4C82-8699-4A9D8183181B}
		{CE3F2DFB-8470-4802-AD37-21CAF6CB2681} = {CE3F2DFB-8470-4802-AD37-21CAF6CB2681}
	EndProjectSection
EndProject
Project("{8BC9CEB8-8B4A-11D0-8D11-00A0C91BC942}") = "libut", "test\unittest\libut.vcxproj", "{CE3F2DFB-8470-4802-AD37-21CAF6CB2681}"
	ProjectSection(ProjectDependencies) = postProject
		{B3FF772D-F2FF-4E6E-ABD8-763407BB6A5C} = {B3FF772D-F2FF-4E6E-ABD8-763407BB6A5C}
	EndProjectSection
EndProject
Project("{8BC9CEB8-8B4A-11D0-8D11-00A0C91BC942}") = "liblinux", "common\liblinux.vcxproj", "{B3FF772D-F2FF-4E6E-ABD8-763407BB6A5C}"
EndProject
Project("{8BC9CEB8-8B4A-11D0-8D11-00A0C91BC942}") = "blk_nblock", "test\blk_nblock\blk_nblock.vcxproj", "{A38EFCDB-53D6-4474-97F3-0DDC6CE70D76}"
	ProjectSection(ProjectDependencies) = postProject
		{9E9E3D25-2139-4A5D-9200-18148DDEAD45} = {9E9E3D25-2139-4A5D-9200-18148DDEAD45}
		{F7C6C6B6-4142-4C82-8699-4A9D8183181B} = {F7C6C6B6-4142-4C82-8699-4A9D8183181B}
		{CE3F2DFB-8470-4802-AD37-21CAF6CB2681} = {CE3F2DFB-8470-4802-AD37-21CAF6CB2681}
	EndProjectSection
EndProject
Project("{2150E333-8FDC-42A3-9474-1A3956D46DE8}") = "Tests", "Tests", "{746BA101-5C93-42A5-AC7A-64DCEB186572}"
	ProjectSection(SolutionItems) = preProject
		test\RUNTESTS.ps1 = test\RUNTESTS.ps1
		test\testconfig.ps1 = test\testconfig.ps1
		test\testconfig.ps1.example = test\testconfig.ps1.example
	EndProjectSection
EndProject
Project("{8BC9CEB8-8B4A-11D0-8D11-00A0C91BC942}") = "blk_pool", "test\blk_pool\blk_pool.vcxproj", "{95B683BD-B9DC-400F-9BC0-8F1505F08BF5}"
	ProjectSection(ProjectDependencies) = postProject
		{9E9E3D25-2139-4A5D-9200-18148DDEAD45} = {9E9E3D25-2139-4A5D-9200-18148DDEAD45}
		{F7C6C6B6-4142-4C82-8699-4A9D8183181B} = {F7C6C6B6-4142-4C82-8699-4A9D8183181B}
		{CE3F2DFB-8470-4802-AD37-21CAF6CB2681} = {CE3F2DFB-8470-4802-AD37-21CAF6CB2681}
	EndProjectSection
EndProject
Project("{8BC9CEB8-8B4A-11D0-8D11-00A0C91BC942}") = "blk_rw", "test\blk_rw\blk_rw.vcxproj", "{6851356E-A5D9-46A6-8262-A7E208729F18}"
	ProjectSection(ProjectDependencies) = postProject
		{9E9E3D25-2139-4A5D-9200-18148DDEAD45} = {9E9E3D25-2139-4A5D-9200-18148DDEAD45}
		{F7C6C6B6-4142-4C82-8699-4A9D8183181B} = {F7C6C6B6-4142-4C82-8699-4A9D8183181B}
		{CE3F2DFB-8470-4802-AD37-21CAF6CB2681} = {CE3F2DFB-8470-4802-AD37-21CAF6CB2681}
	EndProjectSection
EndProject
Project("{8BC9CEB8-8B4A-11D0-8D11-00A0C91BC942}") = "log_basic", "test\log_basic\log_basic.vcxproj", "{FBB77433-639E-42DC-9355-EA94CAE294D2}"
	ProjectSection(ProjectDependencies) = postProject
		{9E9E3D25-2139-4A5D-9200-18148DDEAD45} = {9E9E3D25-2139-4A5D-9200-18148DDEAD45}
		{0B1818EB-BDC8-4865-964F-DB8BF05CFD86} = {0B1818EB-BDC8-4865-964F-DB8BF05CFD86}
		{CE3F2DFB-8470-4802-AD37-21CAF6CB2681} = {CE3F2DFB-8470-4802-AD37-21CAF6CB2681}
	EndProjectSection
EndProject
Project("{8BC9CEB8-8B4A-11D0-8D11-00A0C91BC942}") = "log_pool", "test\log_pool\log_pool.vcxproj", "{3CF270CD-0F56-48E3-AD84-82F369C568BF}"
	ProjectSection(ProjectDependencies) = postProject
		{9E9E3D25-2139-4A5D-9200-18148DDEAD45} = {9E9E3D25-2139-4A5D-9200-18148DDEAD45}
		{0B1818EB-BDC8-4865-964F-DB8BF05CFD86} = {0B1818EB-BDC8-4865-964F-DB8BF05CFD86}
		{CE3F2DFB-8470-4802-AD37-21CAF6CB2681} = {CE3F2DFB-8470-4802-AD37-21CAF6CB2681}
	EndProjectSection
EndProject
Project("{8BC9CEB8-8B4A-11D0-8D11-00A0C91BC942}") = "obj_check", "test\obj_check\obj_check.vcxproj", "{71D182E0-345A-4375-B0FA-3536821B0EE3}"
	ProjectSection(ProjectDependencies) = postProject
		{1BAA1617-93AE-4196-8A1A-BD492FB18AEF} = {1BAA1617-93AE-4196-8A1A-BD492FB18AEF}
		{9E9E3D25-2139-4A5D-9200-18148DDEAD45} = {9E9E3D25-2139-4A5D-9200-18148DDEAD45}
		{CE3F2DFB-8470-4802-AD37-21CAF6CB2681} = {CE3F2DFB-8470-4802-AD37-21CAF6CB2681}
	EndProjectSection
EndProject
Project("{8BC9CEB8-8B4A-11D0-8D11-00A0C91BC942}") = "obj_heap_state", "test\obj_heap_state\obj_heap_state.vcxproj", "{86EE22CC-6D3C-4F81-ADC8-394946F0DA81}"
	ProjectSection(ProjectDependencies) = postProject
		{1BAA1617-93AE-4196-8A1A-BD492FB18AEF} = {1BAA1617-93AE-4196-8A1A-BD492FB18AEF}
		{9E9E3D25-2139-4A5D-9200-18148DDEAD45} = {9E9E3D25-2139-4A5D-9200-18148DDEAD45}
		{CE3F2DFB-8470-4802-AD37-21CAF6CB2681} = {CE3F2DFB-8470-4802-AD37-21CAF6CB2681}
	EndProjectSection
EndProject
Project("{8BC9CEB8-8B4A-11D0-8D11-00A0C91BC942}") = "obj_many_size_allocs", "test\obj_many_size_allocs\obj_many_size_allocs.vcxproj", "{5D362DB7-D2BD-4907-AAD8-4B8627E72282}"
	ProjectSection(ProjectDependencies) = postProject
		{1BAA1617-93AE-4196-8A1A-BD492FB18AEF} = {1BAA1617-93AE-4196-8A1A-BD492FB18AEF}
		{9E9E3D25-2139-4A5D-9200-18148DDEAD45} = {9E9E3D25-2139-4A5D-9200-18148DDEAD45}
		{CE3F2DFB-8470-4802-AD37-21CAF6CB2681} = {CE3F2DFB-8470-4802-AD37-21CAF6CB2681}
	EndProjectSection
EndProject
Project("{8BC9CEB8-8B4A-11D0-8D11-00A0C91BC942}") = "obj_out_of_memory", "test\obj_out_of_memory\obj_out_of_memory.vcxproj", "{70EE1D40-0C65-4985-8EFC-BD40EE3A89B2}"
	ProjectSection(ProjectDependencies) = postProject
		{1BAA1617-93AE-4196-8A1A-BD492FB18AEF} = {1BAA1617-93AE-4196-8A1A-BD492FB18AEF}
		{9E9E3D25-2139-4A5D-9200-18148DDEAD45} = {9E9E3D25-2139-4A5D-9200-18148DDEAD45}
		{CE3F2DFB-8470-4802-AD37-21CAF6CB2681} = {CE3F2DFB-8470-4802-AD37-21CAF6CB2681}
	EndProjectSection
EndProject
Project("{8BC9CEB8-8B4A-11D0-8D11-00A0C91BC942}") = "sparsefile", "test\tools\sparsefile\sparsefile.vcxproj", "{3EC30D6A-BDA4-4971-879A-8814204EAE31}"
EndProject
Project("{8BC9CEB8-8B4A-11D0-8D11-00A0C91BC942}") = "win_lists", "test\win_lists\win_lists.vcxproj", "{1F2E1C51-2B14-4047-BE6D-52E00FC3C780}"
	ProjectSection(ProjectDependencies) = postProject
		{CE3F2DFB-8470-4802-AD37-21CAF6CB2681} = {CE3F2DFB-8470-4802-AD37-21CAF6CB2681}
	EndProjectSection
EndProject
Project("{8BC9CEB8-8B4A-11D0-8D11-00A0C91BC942}") = "util_is_absolute", "test\util_is_absolute\util_is_absolute.vcxproj", "{C973CD39-D63B-4F5C-BE1D-DED17388B5A4}"
	ProjectSection(ProjectDependencies) = postProject
		{CE3F2DFB-8470-4802-AD37-21CAF6CB2681} = {CE3F2DFB-8470-4802-AD37-21CAF6CB2681}
	EndProjectSection
EndProject
Global
	GlobalSection(SolutionConfigurationPlatforms) = preSolution
		Debug|x64 = Debug|x64
		Release|x64 = Release|x64
		Static-Debug|x64 = Static-Debug|x64
		Static-Release|x64 = Static-Release|x64
	EndGlobalSection
	GlobalSection(ProjectConfigurationPlatforms) = postSolution
		{9E9E3D25-2139-4A5D-9200-18148DDEAD45}.Debug|x64.ActiveCfg = Debug|x64
		{9E9E3D25-2139-4A5D-9200-18148DDEAD45}.Debug|x64.Build.0 = Debug|x64
		{9E9E3D25-2139-4A5D-9200-18148DDEAD45}.Release|x64.ActiveCfg = Release|x64
		{9E9E3D25-2139-4A5D-9200-18148DDEAD45}.Release|x64.Build.0 = Release|x64
		{9E9E3D25-2139-4A5D-9200-18148DDEAD45}.Static-Debug|x64.ActiveCfg = Static-Debug|x64
		{9E9E3D25-2139-4A5D-9200-18148DDEAD45}.Static-Debug|x64.Build.0 = Static-Debug|x64
		{9E9E3D25-2139-4A5D-9200-18148DDEAD45}.Static-Release|x64.ActiveCfg = Static-Debug|x64
		{9E9E3D25-2139-4A5D-9200-18148DDEAD45}.Static-Release|x64.Build.0 = Static-Debug|x64
		{1BAA1617-93AE-4196-8A1A-BD492FB18AEF}.Debug|x64.ActiveCfg = Debug|x64
		{1BAA1617-93AE-4196-8A1A-BD492FB18AEF}.Debug|x64.Build.0 = Debug|x64
		{1BAA1617-93AE-4196-8A1A-BD492FB18AEF}.Release|x64.ActiveCfg = Release|x64
		{1BAA1617-93AE-4196-8A1A-BD492FB18AEF}.Release|x64.Build.0 = Release|x64
		{1BAA1617-93AE-4196-8A1A-BD492FB18AEF}.Static-Debug|x64.ActiveCfg = Static-Debug|x64
		{1BAA1617-93AE-4196-8A1A-BD492FB18AEF}.Static-Debug|x64.Build.0 = Static-Debug|x64
		{1BAA1617-93AE-4196-8A1A-BD492FB18AEF}.Static-Release|x64.ActiveCfg = Static-Debug|x64
		{1BAA1617-93AE-4196-8A1A-BD492FB18AEF}.Static-Release|x64.Build.0 = Static-Debug|x64
		{F7C6C6B6-4142-4C82-8699-4A9D8183181B}.Debug|x64.ActiveCfg = Debug|x64
		{F7C6C6B6-4142-4C82-8699-4A9D8183181B}.Debug|x64.Build.0 = Debug|x64
		{F7C6C6B6-4142-4C82-8699-4A9D8183181B}.Release|x64.ActiveCfg = Release|x64
		{F7C6C6B6-4142-4C82-8699-4A9D8183181B}.Release|x64.Build.0 = Release|x64
		{F7C6C6B6-4142-4C82-8699-4A9D8183181B}.Static-Debug|x64.ActiveCfg = Static-Debug|x64
		{F7C6C6B6-4142-4C82-8699-4A9D8183181B}.Static-Debug|x64.Build.0 = Static-Debug|x64
		{F7C6C6B6-4142-4C82-8699-4A9D8183181B}.Static-Release|x64.ActiveCfg = Static-Debug|x64
		{F7C6C6B6-4142-4C82-8699-4A9D8183181B}.Static-Release|x64.Build.0 = Static-Debug|x64
		{0B1818EB-BDC8-4865-964F-DB8BF05CFD86}.Debug|x64.ActiveCfg = Debug|x64
		{0B1818EB-BDC8-4865-964F-DB8BF05CFD86}.Debug|x64.Build.0 = Debug|x64
		{0B1818EB-BDC8-4865-964F-DB8BF05CFD86}.Release|x64.ActiveCfg = Release|x64
		{0B1818EB-BDC8-4865-964F-DB8BF05CFD86}.Release|x64.Build.0 = Release|x64
		{0B1818EB-BDC8-4865-964F-DB8BF05CFD86}.Static-Debug|x64.ActiveCfg = Static-Debug|x64
		{0B1818EB-BDC8-4865-964F-DB8BF05CFD86}.Static-Debug|x64.Build.0 = Static-Debug|x64
		{0B1818EB-BDC8-4865-964F-DB8BF05CFD86}.Static-Release|x64.ActiveCfg = Static-Debug|x64
		{0B1818EB-BDC8-4865-964F-DB8BF05CFD86}.Static-Release|x64.Build.0 = Static-Debug|x64
		{18E90E1A-F2E0-40DF-9900-A14E560C9EB4}.Debug|x64.ActiveCfg = Debug|x64
		{18E90E1A-F2E0-40DF-9900-A14E560C9EB4}.Debug|x64.Build.0 = Debug|x64
		{18E90E1A-F2E0-40DF-9900-A14E560C9EB4}.Release|x64.ActiveCfg = Release|x64
		{18E90E1A-F2E0-40DF-9900-A14E560C9EB4}.Release|x64.Build.0 = Release|x64
		{18E90E1A-F2E0-40DF-9900-A14E560C9EB4}.Static-Debug|x64.ActiveCfg = Static-Debug|x64
		{18E90E1A-F2E0-40DF-9900-A14E560C9EB4}.Static-Debug|x64.Build.0 = Static-Debug|x64
		{18E90E1A-F2E0-40DF-9900-A14E560C9EB4}.Static-Release|x64.ActiveCfg = Static-Debug|x64
		{18E90E1A-F2E0-40DF-9900-A14E560C9EB4}.Static-Release|x64.Build.0 = Static-Debug|x64
		{CE3F2DFB-8470-4802-AD37-21CAF6CB2681}.Debug|x64.ActiveCfg = Static-Debug|x64
		{CE3F2DFB-8470-4802-AD37-21CAF6CB2681}.Debug|x64.Build.0 = Static-Debug|x64
		{CE3F2DFB-8470-4802-AD37-21CAF6CB2681}.Release|x64.ActiveCfg = Static-Release|x64
		{CE3F2DFB-8470-4802-AD37-21CAF6CB2681}.Release|x64.Build.0 = Static-Release|x64
		{CE3F2DFB-8470-4802-AD37-21CAF6CB2681}.Static-Debug|x64.ActiveCfg = Static-Debug|x64
		{CE3F2DFB-8470-4802-AD37-21CAF6CB2681}.Static-Debug|x64.Build.0 = Static-Debug|x64
		{CE3F2DFB-8470-4802-AD37-21CAF6CB2681}.Static-Release|x64.ActiveCfg = Static-Release|x64
		{CE3F2DFB-8470-4802-AD37-21CAF6CB2681}.Static-Release|x64.Build.0 = Static-Release|x64
		{B3FF772D-F2FF-4E6E-ABD8-763407BB6A5C}.Debug|x64.ActiveCfg = Static-Debug|x64
		{B3FF772D-F2FF-4E6E-ABD8-763407BB6A5C}.Debug|x64.Build.0 = Static-Debug|x64
		{B3FF772D-F2FF-4E6E-ABD8-763407BB6A5C}.Release|x64.ActiveCfg = Static-Release|x64
		{B3FF772D-F2FF-4E6E-ABD8-763407BB6A5C}.Release|x64.Build.0 = Static-Release|x64
		{B3FF772D-F2FF-4E6E-ABD8-763407BB6A5C}.Static-Debug|x64.ActiveCfg = Static-Debug|x64
		{B3FF772D-F2FF-4E6E-ABD8-763407BB6A5C}.Static-Debug|x64.Build.0 = Static-Debug|x64
		{B3FF772D-F2FF-4E6E-ABD8-763407BB6A5C}.Static-Release|x64.ActiveCfg = Static-Release|x64
		{A38EFCDB-53D6-4474-97F3-0DDC6CE70D76}.Debug|x64.ActiveCfg = Debug|x64
		{A38EFCDB-53D6-4474-97F3-0DDC6CE70D76}.Debug|x64.Build.0 = Debug|x64
		{A38EFCDB-53D6-4474-97F3-0DDC6CE70D76}.Release|x64.ActiveCfg = Release|x64
		{A38EFCDB-53D6-4474-97F3-0DDC6CE70D76}.Release|x64.Build.0 = Release|x64
		{A38EFCDB-53D6-4474-97F3-0DDC6CE70D76}.Static-Debug|x64.ActiveCfg = Static-Debug|x64
		{A38EFCDB-53D6-4474-97F3-0DDC6CE70D76}.Static-Debug|x64.Build.0 = Static-Debug|x64
		{A38EFCDB-53D6-4474-97F3-0DDC6CE70D76}.Static-Release|x64.ActiveCfg = Release|x64
		{A38EFCDB-53D6-4474-97F3-0DDC6CE70D76}.Static-Release|x64.Build.0 = Release|x64
		{95B683BD-B9DC-400F-9BC0-8F1505F08BF5}.Debug|x64.ActiveCfg = Debug|x64
		{95B683BD-B9DC-400F-9BC0-8F1505F08BF5}.Debug|x64.Build.0 = Debug|x64
		{95B683BD-B9DC-400F-9BC0-8F1505F08BF5}.Release|x64.ActiveCfg = Release|x64
		{95B683BD-B9DC-400F-9BC0-8F1505F08BF5}.Release|x64.Build.0 = Release|x64
		{95B683BD-B9DC-400F-9BC0-8F1505F08BF5}.Static-Debug|x64.ActiveCfg = Static-Debug|x64
		{95B683BD-B9DC-400F-9BC0-8F1505F08BF5}.Static-Debug|x64.Build.0 = Static-Debug|x64
		{95B683BD-B9DC-400F-9BC0-8F1505F08BF5}.Static-Release|x64.ActiveCfg = Release|x64
		{95B683BD-B9DC-400F-9BC0-8F1505F08BF5}.Static-Release|x64.Build.0 = Release|x64
		{6851356E-A5D9-46A6-8262-A7E208729F18}.Debug|x64.ActiveCfg = Debug|x64
		{6851356E-A5D9-46A6-8262-A7E208729F18}.Debug|x64.Build.0 = Debug|x64
		{6851356E-A5D9-46A6-8262-A7E208729F18}.Release|x64.ActiveCfg = Release|x64
		{6851356E-A5D9-46A6-8262-A7E208729F18}.Release|x64.Build.0 = Release|x64
		{6851356E-A5D9-46A6-8262-A7E208729F18}.Static-Debug|x64.ActiveCfg = Static-Debug|x64
		{6851356E-A5D9-46A6-8262-A7E208729F18}.Static-Debug|x64.Build.0 = Static-Debug|x64
		{6851356E-A5D9-46A6-8262-A7E208729F18}.Static-Release|x64.ActiveCfg = Release|x64
		{6851356E-A5D9-46A6-8262-A7E208729F18}.Static-Release|x64.Build.0 = Release|x64
		{FBB77433-639E-42DC-9355-EA94CAE294D2}.Debug|x64.ActiveCfg = Debug|x64
		{FBB77433-639E-42DC-9355-EA94CAE294D2}.Debug|x64.Build.0 = Debug|x64
		{FBB77433-639E-42DC-9355-EA94CAE294D2}.Release|x64.ActiveCfg = Release|x64
		{FBB77433-639E-42DC-9355-EA94CAE294D2}.Release|x64.Build.0 = Release|x64
		{FBB77433-639E-42DC-9355-EA94CAE294D2}.Static-Debug|x64.ActiveCfg = Static-Debug|x64
		{FBB77433-639E-42DC-9355-EA94CAE294D2}.Static-Debug|x64.Build.0 = Static-Debug|x64
		{FBB77433-639E-42DC-9355-EA94CAE294D2}.Static-Release|x64.ActiveCfg = Release|x64
		{FBB77433-639E-42DC-9355-EA94CAE294D2}.Static-Release|x64.Build.0 = Release|x64
		{3CF270CD-0F56-48E3-AD84-82F369C568BF}.Debug|x64.ActiveCfg = Debug|x64
		{3CF270CD-0F56-48E3-AD84-82F369C568BF}.Debug|x64.Build.0 = Debug|x64
		{3CF270CD-0F56-48E3-AD84-82F369C568BF}.Release|x64.ActiveCfg = Release|x64
		{3CF270CD-0F56-48E3-AD84-82F369C568BF}.Release|x64.Build.0 = Release|x64
		{3CF270CD-0F56-48E3-AD84-82F369C568BF}.Static-Debug|x64.ActiveCfg = Static-Debug|x64
		{3CF270CD-0F56-48E3-AD84-82F369C568BF}.Static-Debug|x64.Build.0 = Static-Debug|x64
		{3CF270CD-0F56-48E3-AD84-82F369C568BF}.Static-Release|x64.ActiveCfg = Release|x64
		{3CF270CD-0F56-48E3-AD84-82F369C568BF}.Static-Release|x64.Build.0 = Release|x64
		{71D182E0-345A-4375-B0FA-3536821B0EE3}.Debug|x64.ActiveCfg = Debug|x64
		{71D182E0-345A-4375-B0FA-3536821B0EE3}.Debug|x64.Build.0 = Debug|x64
		{71D182E0-345A-4375-B0FA-3536821B0EE3}.Release|x64.ActiveCfg = Release|x64
		{71D182E0-345A-4375-B0FA-3536821B0EE3}.Release|x64.Build.0 = Release|x64
		{71D182E0-345A-4375-B0FA-3536821B0EE3}.Static-Debug|x64.ActiveCfg = Static-Debug|x64
		{71D182E0-345A-4375-B0FA-3536821B0EE3}.Static-Debug|x64.Build.0 = Static-Debug|x64
		{71D182E0-345A-4375-B0FA-3536821B0EE3}.Static-Release|x64.ActiveCfg = Release|x64
		{71D182E0-345A-4375-B0FA-3536821B0EE3}.Static-Release|x64.Build.0 = Release|x64
		{86EE22CC-6D3C-4F81-ADC8-394946F0DA81}.Debug|x64.ActiveCfg = Debug|x64
		{86EE22CC-6D3C-4F81-ADC8-394946F0DA81}.Debug|x64.Build.0 = Debug|x64
		{86EE22CC-6D3C-4F81-ADC8-394946F0DA81}.Release|x64.ActiveCfg = Release|x64
		{86EE22CC-6D3C-4F81-ADC8-394946F0DA81}.Release|x64.Build.0 = Release|x64
		{86EE22CC-6D3C-4F81-ADC8-394946F0DA81}.Static-Debug|x64.ActiveCfg = Static-Debug|x64
		{86EE22CC-6D3C-4F81-ADC8-394946F0DA81}.Static-Debug|x64.Build.0 = Static-Debug|x64
		{86EE22CC-6D3C-4F81-ADC8-394946F0DA81}.Static-Release|x64.ActiveCfg = Release|x64
		{86EE22CC-6D3C-4F81-ADC8-394946F0DA81}.Static-Release|x64.Build.0 = Release|x64
		{5D362DB7-D2BD-4907-AAD8-4B8627E72282}.Debug|x64.ActiveCfg = Debug|x64
		{5D362DB7-D2BD-4907-AAD8-4B8627E72282}.Debug|x64.Build.0 = Debug|x64
		{5D362DB7-D2BD-4907-AAD8-4B8627E72282}.Release|x64.ActiveCfg = Release|x64
		{5D362DB7-D2BD-4907-AAD8-4B8627E72282}.Release|x64.Build.0 = Release|x64
		{5D362DB7-D2BD-4907-AAD8-4B8627E72282}.Static-Debug|x64.ActiveCfg = Static-Debug|x64
		{5D362DB7-D2BD-4907-AAD8-4B8627E72282}.Static-Debug|x64.Build.0 = Static-Debug|x64
		{5D362DB7-D2BD-4907-AAD8-4B8627E72282}.Static-Release|x64.ActiveCfg = Release|x64
		{5D362DB7-D2BD-4907-AAD8-4B8627E72282}.Static-Release|x64.Build.0 = Release|x64
		{70EE1D40-0C65-4985-8EFC-BD40EE3A89B2}.Debug|x64.ActiveCfg = Debug|x64
		{70EE1D40-0C65-4985-8EFC-BD40EE3A89B2}.Debug|x64.Build.0 = Debug|x64
		{70EE1D40-0C65-4985-8EFC-BD40EE3A89B2}.Release|x64.ActiveCfg = Release|x64
		{70EE1D40-0C65-4985-8EFC-BD40EE3A89B2}.Release|x64.Build.0 = Release|x64
		{70EE1D40-0C65-4985-8EFC-BD40EE3A89B2}.Static-Debug|x64.ActiveCfg = Static-Debug|x64
		{70EE1D40-0C65-4985-8EFC-BD40EE3A89B2}.Static-Debug|x64.Build.0 = Static-Debug|x64
		{70EE1D40-0C65-4985-8EFC-BD40EE3A89B2}.Static-Release|x64.ActiveCfg = Release|x64
		{70EE1D40-0C65-4985-8EFC-BD40EE3A89B2}.Static-Release|x64.Build.0 = Release|x64
		{3EC30D6A-BDA4-4971-879A-8814204EAE31}.Debug|x64.ActiveCfg = Debug|x64
		{3EC30D6A-BDA4-4971-879A-8814204EAE31}.Debug|x64.Build.0 = Debug|x64
		{3EC30D6A-BDA4-4971-879A-8814204EAE31}.Release|x64.ActiveCfg = Release|x64
		{3EC30D6A-BDA4-4971-879A-8814204EAE31}.Release|x64.Build.0 = Release|x64
		{3EC30D6A-BDA4-4971-879A-8814204EAE31}.Static-Debug|x64.ActiveCfg = Debug|x64
		{3EC30D6A-BDA4-4971-879A-8814204EAE31}.Static-Debug|x64.Build.0 = Debug|x64
		{3EC30D6A-BDA4-4971-879A-8814204EAE31}.Static-Release|x64.ActiveCfg = Release|x64
		{3EC30D6A-BDA4-4971-879A-8814204EAE31}.Static-Release|x64.Build.0 = Release|x64
		{1F2E1C51-2B14-4047-BE6D-52E00FC3C780}.Debug|x64.ActiveCfg = Debug|x64
		{1F2E1C51-2B14-4047-BE6D-52E00FC3C780}.Debug|x64.Build.0 = Debug|x64
		{1F2E1C51-2B14-4047-BE6D-52E00FC3C780}.Release|x64.ActiveCfg = Release|x64
		{1F2E1C51-2B14-4047-BE6D-52E00FC3C780}.Release|x64.Build.0 = Release|x64
		{1F2E1C51-2B14-4047-BE6D-52E00FC3C780}.Static-Debug|x64.ActiveCfg = Static-Debug|x64
		{1F2E1C51-2B14-4047-BE6D-52E00FC3C780}.Static-Debug|x64.Build.0 = Static-Debug|x64
		{1F2E1C51-2B14-4047-BE6D-52E00FC3C780}.Static-Release|x64.ActiveCfg = Release|x64
		{1F2E1C51-2B14-4047-BE6D-52E00FC3C780}.Static-Release|x64.Build.0 = Release|x64
		{C973CD39-D63B-4F5C-BE1D-DED17388B5A4}.Debug|x64.ActiveCfg = Debug|x64
		{C973CD39-D63B-4F5C-BE1D-DED17388B5A4}.Debug|x64.Build.0 = Debug|x64
		{C973CD39-D63B-4F5C-BE1D-DED17388B5A4}.Release|x64.ActiveCfg = Release|x64
		{C973CD39-D63B-4F5C-BE1D-DED17388B5A4}.Release|x64.Build.0 = Release|x64
		{C973CD39-D63B-4F5C-BE1D-DED17388B5A4}.Static-Debug|x64.ActiveCfg = Static-Debug|x64
		{C973CD39-D63B-4F5C-BE1D-DED17388B5A4}.Static-Debug|x64.Build.0 = Static-Debug|x64
		{C973CD39-D63B-4F5C-BE1D-DED17388B5A4}.Static-Release|x64.ActiveCfg = Release|x64
		{C973CD39-D63B-4F5C-BE1D-DED17388B5A4}.Static-Release|x64.Build.0 = Release|x64
	EndGlobalSection
	GlobalSection(SolutionProperties) = preSolution
		HideSolutionNode = FALSE
	EndGlobalSection
	GlobalSection(NestedProjects) = preSolution
		{9E9E3D25-2139-4A5D-9200-18148DDEAD45} = {853D45D8-980C-4991-B62A-DAC6FD245402}
		{1BAA1617-93AE-4196-8A1A-BD492FB18AEF} = {853D45D8-980C-4991-B62A-DAC6FD245402}
		{F7C6C6B6-4142-4C82-8699-4A9D8183181B} = {853D45D8-980C-4991-B62A-DAC6FD245402}
		{0B1818EB-BDC8-4865-964F-DB8BF05CFD86} = {853D45D8-980C-4991-B62A-DAC6FD245402}
		{F8CCA5AE-2D75-4C79-BEAB-2588CD5956C8} = {853D45D8-980C-4991-B62A-DAC6FD245402}
		{18E90E1A-F2E0-40DF-9900-A14E560C9EB4} = {746BA101-5C93-42A5-AC7A-64DCEB186572}
		{CE3F2DFB-8470-4802-AD37-21CAF6CB2681} = {746BA101-5C93-42A5-AC7A-64DCEB186572}
		{B3FF772D-F2FF-4E6E-ABD8-763407BB6A5C} = {746BA101-5C93-42A5-AC7A-64DCEB186572}
		{A38EFCDB-53D6-4474-97F3-0DDC6CE70D76} = {746BA101-5C93-42A5-AC7A-64DCEB186572}
		{746BA101-5C93-42A5-AC7A-64DCEB186572} = {853D45D8-980C-4991-B62A-DAC6FD245402}
		{95B683BD-B9DC-400F-9BC0-8F1505F08BF5} = {746BA101-5C93-42A5-AC7A-64DCEB186572}
		{6851356E-A5D9-46A6-8262-A7E208729F18} = {746BA101-5C93-42A5-AC7A-64DCEB186572}
		{FBB77433-639E-42DC-9355-EA94CAE294D2} = {746BA101-5C93-42A5-AC7A-64DCEB186572}
		{3CF270CD-0F56-48E3-AD84-82F369C568BF} = {746BA101-5C93-42A5-AC7A-64DCEB186572}
		{71D182E0-345A-4375-B0FA-3536821B0EE3} = {746BA101-5C93-42A5-AC7A-64DCEB186572}
		{86EE22CC-6D3C-4F81-ADC8-394946F0DA81} = {746BA101-5C93-42A5-AC7A-64DCEB186572}
		{5D362DB7-D2BD-4907-AAD8-4B8627E72282} = {746BA101-5C93-42A5-AC7A-64DCEB186572}
		{70EE1D40-0C65-4985-8EFC-BD40EE3A89B2} = {746BA101-5C93-42A5-AC7A-64DCEB186572}
		{3EC30D6A-BDA4-4971-879A-8814204EAE31} = {746BA101-5C93-42A5-AC7A-64DCEB186572}
		{1F2E1C51-2B14-4047-BE6D-52E00FC3C780} = {746BA101-5C93-42A5-AC7A-64DCEB186572}
		{C973CD39-D63B-4F5C-BE1D-DED17388B5A4} = {746BA101-5C93-42A5-AC7A-64DCEB186572}
	EndGlobalSection
EndGlobal
