<?xml version="1.0" encoding="utf-8"?>
<Project ToolsVersion="4.0" xmlns="http://schemas.microsoft.com/developer/msbuild/2003">
  <ItemGroup>
    <Filter Include="Source Files">
      <UniqueIdentifier>{4FC737F1-C7A5-4376-A066-2A32D752A2FF}</UniqueIdentifier>
      <Extensions>cpp;c;cc;cxx;def;odl;idl;hpj;bat;asm;asmx</Extensions>
    </Filter>
    <Filter Include="Test scripts">
      <UniqueIdentifier>{de41a380-e1fd-45b9-bca5-1c60b0a288f6}</UniqueIdentifier>
    </Filter>
    <Filter Include="Match Files">
      <UniqueIdentifier>{dd367362-9e19-4a5d-bd31-01247ae35f9a}</UniqueIdentifier>
    </Filter>
  </ItemGroup>
  <ItemGroup>
    <ClCompile Include="out_err.c">
      <Filter>Source Files</Filter>
    </ClCompile>
  </ItemGroup>
  <ItemGroup>
    <None Include="TEST0.PS1">
      <Filter>Test scripts</Filter>
    </None>
    <None Include="out0.log.match">
      <Filter>Match Files</Filter>
    </None>
    <None Include="traces0.log.match">
      <Filter>Match Files</Filter>
    </None>
  </ItemGroup>
</Project>