<?xml version="1.0" encoding="utf-8"?>
<Project ToolsVersion="4.0" xmlns="http://schemas.microsoft.com/developer/msbuild/2003">
  <ItemGroup>
    <Filter Include="Source Files">
      <UniqueIdentifier>{4FC737F1-C7A5-4376-A066-2A32D752A2FF}</UniqueIdentifier>
      <Extensions>cpp;c;cc;cxx;def;odl;idl;hpj;bat;asm;asmx</Extensions>
    </Filter>
    <Filter Include="Header Files">
      <UniqueIdentifier>{93995380-89BD-4b04-88EB-625FBE52EBFB}</UniqueIdentifier>
      <Extensions>h;hh;hpp;hxx;hm;inl;inc;xsd</Extensions>
    </Filter>
    <Filter Include="libs">
      <UniqueIdentifier>{db6255f8-bf7e-423e-b5c5-8e376d4c538f}</UniqueIdentifier>
    </Filter>
  </ItemGroup>
  <ItemGroup>
    <ClCompile Include="pmempool.c">
      <Filter>Source Files</Filter>
    </ClCompile>
    <ClCompile Include="output.c">
      <Filter>Source Files</Filter>
    </ClCompile>
    <ClCompile Include="info_obj.c">
      <Filter>Source Files</Filter>
    </ClCompile>
    <ClCompile Include="info_log.c">
      <Filter>Source Files</Filter>
    </ClCompile>
    <ClCompile Include="info_blk.c">
      <Filter>Source Files</Filter>
    </ClCompile>
    <ClCompile Include="info.c">
      <Filter>Source Files</Filter>
    </ClCompile>
    <ClCompile Include="dump.c">
      <Filter>Source Files</Filter>
    </ClCompile>
    <ClCompile Include="create.c">
      <Filter>Source Files</Filter>
    </ClCompile>
    <ClCompile Include="convert_obj_v1_v2.c">
      <Filter>Source Files</Filter>
    </ClCompile>
    <ClCompile Include="convert_obj_v3_v4.c">
      <Filter>Source Files</Filter>
    </ClCompile>
    <ClCompile Include="convert.c">
      <Filter>Source Files</Filter>
    </ClCompile>
    <ClCompile Include="common.c">
      <Filter>Source Files</Filter>
    </ClCompile>
    <ClCompile Include="check.c">
      <Filter>Source Files</Filter>
    </ClCompile>
    <ClCompile Include="rm.c">
      <Filter>Source Files</Filter>
    </ClCompile>
    <ClCompile Include="synchronize.c">
      <Filter>Source Files</Filter>
    </ClCompile>
    <ClCompile Include="transform.c">
      <Filter>Source Files</Filter>
    </ClCompile>
    <ClCompile Include="..\..\libpmemobj\alloc_class.c">
      <Filter>libs</Filter>
    </ClCompile>
    <ClCompile Include="..\..\libpmemobj\bucket.c">
      <Filter>libs</Filter>
    </ClCompile>
    <ClCompile Include="..\..\libpmemobj\container_ctree.c">
      <Filter>libs</Filter>
    </ClCompile>
    <ClCompile Include="..\..\libpmemobj\container_seglists.c">
      <Filter>libs</Filter>
    </ClCompile>
    <ClCompile Include="..\..\libpmemobj\ctree.c">
      <Filter>libs</Filter>
    </ClCompile>
    <ClCompile Include="..\..\libpmemobj\cuckoo.c">
      <Filter>libs</Filter>
    </ClCompile>
    <ClCompile Include="..\..\libpmemobj\heap.c">
      <Filter>libs</Filter>
    </ClCompile>
    <ClCompile Include="..\..\libpmemobj\lane.c">
      <Filter>libs</Filter>
    </ClCompile>
    <ClCompile Include="..\..\libpmemobj\libpmemobj.c">
      <Filter>libs</Filter>
    </ClCompile>
    <ClCompile Include="..\..\libpmemobj\libpmemobj_main.c">
      <Filter>libs</Filter>
    </ClCompile>
    <ClCompile Include="..\..\libpmemobj\list.c">
      <Filter>libs</Filter>
    </ClCompile>
    <ClCompile Include="..\..\libpmemobj\memblock.c">
      <Filter>libs</Filter>
    </ClCompile>
    <ClCompile Include="..\..\libpmemobj\memops.c">
      <Filter>libs</Filter>
    </ClCompile>
    <ClCompile Include="..\..\libpmemobj\obj.c">
      <Filter>libs</Filter>
    </ClCompile>
    <ClCompile Include="..\..\libpmemobj\palloc.c">
      <Filter>libs</Filter>
    </ClCompile>
    <ClCompile Include="..\..\libpmemobj\pmalloc.c">
      <Filter>libs</Filter>
    </ClCompile>
    <ClCompile Include="..\..\libpmemobj\pvector.c">
      <Filter>libs</Filter>
    </ClCompile>
    <ClCompile Include="..\..\libpmemobj\recycler.c">
      <Filter>libs</Filter>
    </ClCompile>
    <ClCompile Include="..\..\libpmemobj\redo.c">
      <Filter>libs</Filter>
    </ClCompile>
    <ClCompile Include="..\..\libpmemobj\sync.c">
      <Filter>libs</Filter>
    </ClCompile>
    <ClCompile Include="..\..\libpmemobj\tx.c">
      <Filter>libs</Filter>
    </ClCompile>
    <ClCompile Include="..\..\libpmemblk\btt.c">
      <Filter>libs</Filter>
    </ClCompile>
    <ClCompile Include="..\..\libpmemlog\libpmemlog.c">
      <Filter>libs</Filter>
    </ClCompile>
    <ClCompile Include="..\..\libpmemlog\log.c">
      <Filter>libs</Filter>
    </ClCompile>
    <ClCompile Include="..\..\libpmemobj\ctl.c">
      <Filter>Source Files</Filter>
    </ClCompile>
    <ClCompile Include="..\..\libpmemobj\ctl_global.c">
      <Filter>Source Files</Filter>
    </ClCompile>
    <ClCompile Include="..\..\libpmemobj\ringbuf.c">
      <Filter>libs</Filter>
    </ClCompile>
  </ItemGroup>
  <ItemGroup>
    <ClInclude Include="rm.h">
      <Filter>Header Files</Filter>
    </ClInclude>
    <ClInclude Include="output.h">
      <Filter>Header Files</Filter>
    </ClInclude>
    <ClInclude Include="info.h">
      <Filter>Header Files</Filter>
    </ClInclude>
    <ClInclude Include="dump.h">
      <Filter>Header Files</Filter>
    </ClInclude>
    <ClInclude Include="create.h">
      <Filter>Header Files</Filter>
    </ClInclude>
    <ClInclude Include="convert.h">
      <Filter>Header Files</Filter>
    </ClInclude>
    <ClInclude Include="common.h">
      <Filter>Header Files</Filter>
    </ClInclude>
    <ClInclude Include="check.h">
      <Filter>Header Files</Filter>
    </ClInclude>
    <ClInclude Include="synchronize.h">
      <Filter>Header Files</Filter>
    </ClInclude>
    <ClInclude Include="transform.h">
      <Filter>Header Files</Filter>
    </ClInclude>
  </ItemGroup>
  <ItemGroup>
    <ResourceCompile Include="pmempool.rc">
      <Filter>Source Files</Filter>
    </ResourceCompile>
  </ItemGroup>
</Project>
