<?xml version="1.0" encoding="utf-8"?>
<Project ToolsVersion="4.0" xmlns="http://schemas.microsoft.com/developer/msbuild/2003">
  <ItemGroup>
    <Filter Include="Source Files">
      <UniqueIdentifier>{4FC737F1-C7A5-4376-A066-2A32D752A2FF}</UniqueIdentifier>
      <Extensions>cpp;c;cc;cxx;def;odl;idl;hpj;bat;asm;asmx</Extensions>
    </Filter>
    <Filter Include="Test Scripts">
      <UniqueIdentifier>{a943055e-a2b9-4b48-affd-ed0c3c85d224}</UniqueIdentifier>
      <Extensions>ps1</Extensions>
    </Filter>
    <Filter Include="Match Files">
      <UniqueIdentifier>{724fe544-99ad-4d30-b241-90219114a03b}</UniqueIdentifier>
      <Extensions>match</Extensions>
    </Filter>
  </ItemGroup>
  <ItemGroup>
    <ClCompile Include="log_walker.c">
      <Filter>Source Files</Filter>
    </ClCompile>
  </ItemGroup>
  <ItemGroup>
    <None Include="out0.log.match">
      <Filter>Match Files</Filter>
    </None>
    <None Include="TEST0.PS1">
      <Filter>Test Scripts</Filter>
    </None>
  </ItemGroup>
</Project>