<?xml version="1.0" encoding="utf-8"?>
<Project ToolsVersion="4.0" xmlns="http://schemas.microsoft.com/developer/msbuild/2003">
  <ItemGroup>
    <Filter Include="Test Scripts">
      <UniqueIdentifier>{710964b0-ff4d-4979-bb64-ca7ece05c7d6}</UniqueIdentifier>
    </Filter>
    <Filter Include="Match Files">
      <UniqueIdentifier>{9eb71f49-772e-405d-9409-87398e9ea0d7}</UniqueIdentifier>
    </Filter>
  </ItemGroup>
  <ItemGroup>
    <None Include="README" />
    <None Include="out0.log.match">
      <Filter>Match Files</Filter>
    </None>
    <None Include="out1.log.match">
      <Filter>Match Files</Filter>
    </None>
    <None Include="out2.log.match">
      <Filter>Match Files</Filter>
    </None>
    <None Include="out3.log.match">
      <Filter>Match Files</Filter>
    </None>
    <None Include="out4.log.match">
      <Filter>Match Files</Filter>
    </None>
    <None Include="out5.log.match">
      <Filter>Match Files</Filter>
    </None>
    <None Include="out6.log.match">
      <Filter>Match Files</Filter>
    </None>
    <None Include="out7.log.match">
      <Filter>Match Files</Filter>
    </None>
    <None Include="out8.log.match">
      <Filter>Match Files</Filter>
    </None>
    <None Include="out9.log.match">
      <Filter>Match Files</Filter>
    </None>
    <None Include="out10.log.match">
      <Filter>Match Files</Filter>
    </None>
    <None Include="out11.log.match">
      <Filter>Match Files</Filter>
    </None>
    <None Include="TEST0.PS1">
      <Filter>Test Scripts</Filter>
    </None>
    <None Include="TEST1.PS1">
      <Filter>Test Scripts</Filter>
    </None>
    <None Include="TEST2.PS1">
      <Filter>Test Scripts</Filter>
    </None>
    <None Include="TEST3.PS1">
      <Filter>Test Scripts</Filter>
    </None>
    <None Include="TEST4.PS1">
      <Filter>Test Scripts</Filter>
    </None>
    <None Include="TEST5.PS1">
      <Filter>Test Scripts</Filter>
    </None>
    <None Include="TEST6.PS1">
      <Filter>Test Scripts</Filter>
    </None>
    <None Include="TEST7.PS1">
      <Filter>Test Scripts</Filter>
    </None>
    <None Include="TEST8.PS1">
      <Filter>Test Scripts</Filter>
    </None>
    <None Include="TEST9.PS1">
      <Filter>Test Scripts</Filter>
    </None>
    <None Include="TEST10.PS1">
      <Filter>Test Scripts</Filter>
    </None>
    <None Include="TEST11.PS1">
      <Filter>Test Scripts</Filter>
    </None>
  </ItemGroup>
</Project>