<?xml version="1.0" encoding="utf-8"?>
<Project ToolsVersion="4.0" xmlns="http://schemas.microsoft.com/developer/msbuild/2003">
  <ItemGroup>
    <Filter Include="Match Files">
      <UniqueIdentifier>{538eee31-722a-4eca-b6f8-47e56e83c87a}</UniqueIdentifier>
    </Filter>
    <Filter Include="Test Scripts">
      <UniqueIdentifier>{b8860ac1-9d75-46f5-aa3b-1e91e9a8108f}</UniqueIdentifier>
    </Filter>
    <Filter Include="Source Files">
      <UniqueIdentifier>{8aef5979-189e-4b9c-a7b2-48ed7e377377}</UniqueIdentifier>
    </Filter>
  </ItemGroup>
  <ItemGroup>
    <None Include="out0.log.match">
      <Filter>Match Files</Filter>
    </None>
    <None Include="out1.log.match">
      <Filter>Match Files</Filter>
    </None>
    <None Include="out2.log.match">
      <Filter>Match Files</Filter>
    </None>
    <None Include="out3.log.match">
      <Filter>Match Files</Filter>
    </None>
    <None Include="out4.log.match">
      <Filter>Match Files</Filter>
    </None>
    <None Include="out5.log.match">
      <Filter>Match Files</Filter>
    </None>
    <None Include="out6.log.match">
      <Filter>Match Files</Filter>
    </None>
    <None Include="out7.log.match">
      <Filter>Match Files</Filter>
    </None>
    <None Include="TEST0.PS1">
      <Filter>Test Scripts</Filter>
    </None>
    <None Include="TEST1.PS1">
      <Filter>Test Scripts</Filter>
    </None>
    <None Include="TEST2.PS1">
      <Filter>Test Scripts</Filter>
    </None>
    <None Include="TEST3.PS1">
      <Filter>Test Scripts</Filter>
    </None>
    <None Include="TEST4.PS1">
      <Filter>Test Scripts</Filter>
    </None>
    <None Include="TEST5.PS1">
      <Filter>Test Scripts</Filter>
    </None>
    <None Include="TEST6.PS1">
      <Filter>Test Scripts</Filter>
    </None>
    <None Include="TEST7.PS1">
      <Filter>Test Scripts</Filter>
    </None>
  </ItemGroup>
  <ItemGroup>
    <ClCompile Include="obj_list_macro.c">
      <Filter>Source Files</Filter>
    </ClCompile>
  </ItemGroup>
</Project>